
Microsoft Visual Studio Solution File, Format Version 11.00
# Visual Studio 2010
Project("{FAE04EC0-301F-11D3-BF4B-00C04F79EFBC}") = "ApexVsix", "ApexVsix\ApexVsix.csproj", "{33CCC542-0C41-4230-BEEC-9A09B4B2267A}"
EndProject
Project("{FAE04EC0-301F-11D3-BF4B-00C04F79EFBC}") = "ApexWizards", "ApexWizards\ApexWizards.csproj", "{07F81CED-6B5E-48B2-A935-81C289E995C8}"
EndProject
Project("{FAE04EC0-301F-11D3-BF4B-00C04F79EFBC}") = "Snippets", "Snippets\Snippets.csproj", "{F8C6FFCD-C814-46D3-AC79-7D36C4D614DE}"
EndProject
Project("{FAE04EC0-301F-11D3-BF4B-00C04F79EFBC}") = "Apex", "..\Core\Apex\Apex.csproj", "{67D54A68-A287-4797-9667-ACCBF9683119}"
EndProject
Project("{2150E333-8FDC-42A3-9474-1A3956D46DE8}") = "Core", "Core", "{97573448-CB44-4E84-B1F0-C582B555B8BD}"
EndProject
Project("{FAE04EC0-301F-11D3-BF4B-00C04F79EFBC}") = "Apex.Silverlight", "..\Core\Apex.Silverlight\Apex.Silverlight.csproj", "{A9132C33-99DE-4780-BD39-99D7CF1E2345}"
EndProject
Project("{2150E333-8FDC-42A3-9474-1A3956D46DE8}") = "ItemTemplates", "ItemTemplates", "{F008C6E7-C96C-40AF-8FE0-1B878DFCF25C}"
EndProject
Project("{2150E333-8FDC-42A3-9474-1A3956D46DE8}") = "WPF", "WPF", "{A456F37C-5E9A-48AC-ADB4-7E2BAD83CFD6}"
EndProject
Project("{FAE04EC0-301F-11D3-BF4B-00C04F79EFBC}") = "ApexModelItemTemplate", "ItemTemplates\WPF\ApexModelItemTemplate\ApexModelItemTemplate.csproj", "{65E06D7C-F88B-45BE-8886-F9CFA514EC27}"
EndProject
Project("{FAE04EC0-301F-11D3-BF4B-00C04F79EFBC}") = "ApexViewAndViewModelItemTemplate", "ItemTemplates\WPF\ApexViewAndViewModelItemTemplate\ApexViewAndViewModelItemTemplate.csproj", "{781CF2CC-231E-4948-AF40-1B87A46ED559}"
EndProject
Project("{FAE04EC0-301F-11D3-BF4B-00C04F79EFBC}") = "ApexViewItemTemplate", "ItemTemplates\WPF\ApexViewItemTemplate\ApexViewItemTemplate.csproj", "{BDE45320-0EDB-4AF6-8782-C3983DD285C7}"
EndProject
Project("{FAE04EC0-301F-11D3-BF4B-00C04F79EFBC}") = "ApexViewModelItemTemplate", "ItemTemplates\WPF\ApexViewModelItemTemplate\ApexViewModelItemTemplate.csproj", "{A2D2AA8F-A963-442D-AE52-F6543A375696}"
EndProject
Project("{FAE04EC0-301F-11D3-BF4B-00C04F79EFBC}") = "SingletonItemTemplate", "ItemTemplates\WPF\SingletonItemTemplate\SingletonItemTemplate.csproj", "{CC481432-5733-4103-A7C7-CCDC4C7049BB}"
EndProject
Project("{2150E333-8FDC-42A3-9474-1A3956D46DE8}") = "ProjectTemplates", "ProjectTemplates", "{BBAAABBF-86D1-430C-8B6A-E35124DD94C4}"
EndProject
Project("{2150E333-8FDC-42A3-9474-1A3956D46DE8}") = "WPF", "WPF", "{9CBD1637-1576-4900-833E-2B8C68A97DB6}"
EndProject
Project("{FAE04EC0-301F-11D3-BF4B-00C04F79EFBC}") = "WpfDialogApplication", "ProjectTemplates\WPF\WpfDialogApplication\WpfDialogApplication.csproj", "{44644E74-1118-444E-B337-BEB5FA3F67DB}"
EndProject
Project("{FAE04EC0-301F-11D3-BF4B-00C04F79EFBC}") = "ZuneStyleApplication", "ProjectTemplates\WPF\ZuneStyleApplication\ZuneStyleApplication.csproj", "{F9D779D2-A509-4FA7-B399-45215FFBDAD7}"
EndProject
Project("{2150E333-8FDC-42A3-9474-1A3956D46DE8}") = "Silverlight", "Silverlight", "{A25742F4-32D7-48A1-8778-8109A8C16DC7}"
EndProject
Project("{FAE04EC0-301F-11D3-BF4B-00C04F79EFBC}") = "ZuneStyleApplication", "ProjectTemplates\Silverlight\ZuneStyleApplication\ZuneStyleApplication.csproj", "{50819296-DB19-4B13-8EA7-8E4B45CB45BF}"
EndProject
Project("{FAE04EC0-301F-11D3-BF4B-00C04F79EFBC}") = "WpfZuneStyleApplicationTemplate", "ProjectTemplates\WPF\ZuneStyleApplicationTemplate\WpfZuneStyleApplicationTemplate.csproj", "{9595B8A7-722F-4D54-8142-7F64E0AAA5A8}"
EndProject
Project("{FAE04EC0-301F-11D3-BF4B-00C04F79EFBC}") = "SilverlightZuneStyleApplicationTemplate", "ProjectTemplates\Silverlight\ZuneStyleApplicationTemplate\SilverlightZuneStyleApplicationTemplate.csproj", "{7866F157-5838-4392-A2F5-1C5494B84086}"
EndProject
Global
	GlobalSection(TeamFoundationVersionControl) = preSolution
		SccNumberOfProjects = 16
		SccEnterpriseProvider = {4CA58AB2-18FA-4F8D-95D4-32DDF27D184C}
		SccTeamFoundationServer = https://tfs.codeplex.com/tfs/tfs33
		SccLocalPath0 = .
		SccProjectUniqueName1 = ApexVsix\\ApexVsix.csproj
		SccProjectName1 = ApexVsix
		SccLocalPath1 = ApexVsix
		SccProjectUniqueName2 = ApexWizards\\ApexWizards.csproj
		SccProjectName2 = ApexWizards
		SccLocalPath2 = ApexWizards
		SccProjectUniqueName3 = Snippets\\Snippets.csproj
		SccProjectName3 = Snippets
		SccLocalPath3 = Snippets
		SccProjectUniqueName4 = ..\\Core\\Apex\\Apex.csproj
		SccProjectTopLevelParentUniqueName4 = Extensions.sln
		SccProjectName4 = ../Core/Apex
		SccLocalPath4 = ..\\Core\\Apex
		SccProjectUniqueName5 = ..\\Core\\Apex.Silverlight\\Apex.Silverlight.csproj
		SccProjectTopLevelParentUniqueName5 = Extensions.sln
		SccProjectName5 = ../Core/Apex.Silverlight
		SccLocalPath5 = ..\\Core\\Apex.Silverlight
		SccProjectUniqueName6 = ItemTemplates\\WPF\\ApexModelItemTemplate\\ApexModelItemTemplate.csproj
		SccProjectTopLevelParentUniqueName6 = Extensions.sln
		SccProjectName6 = ItemTemplates/WPF/ApexModelItemTemplate
		SccLocalPath6 = ItemTemplates\\WPF\\ApexModelItemTemplate
		SccProjectUniqueName7 = ItemTemplates\\WPF\\ApexViewAndViewModelItemTemplate\\ApexViewAndViewModelItemTemplate.csproj
		SccProjectTopLevelParentUniqueName7 = Extensions.sln
		SccProjectName7 = ItemTemplates/WPF/ApexViewAndViewModelItemTemplate
		SccLocalPath7 = ItemTemplates\\WPF\\ApexViewAndViewModelItemTemplate
		SccProjectUniqueName8 = ItemTemplates\\WPF\\ApexViewItemTemplate\\ApexViewItemTemplate.csproj
		SccProjectTopLevelParentUniqueName8 = Extensions.sln
		SccProjectName8 = ItemTemplates/WPF/ApexViewItemTemplate
		SccLocalPath8 = ItemTemplates\\WPF\\ApexViewItemTemplate
		SccProjectUniqueName9 = ItemTemplates\\WPF\\ApexViewModelItemTemplate\\ApexViewModelItemTemplate.csproj
		SccProjectTopLevelParentUniqueName9 = Extensions.sln
		SccProjectName9 = ItemTemplates/WPF/ApexViewModelItemTemplate
		SccLocalPath9 = ItemTemplates\\WPF\\ApexViewModelItemTemplate
		SccProjectUniqueName10 = ItemTemplates\\WPF\\SingletonItemTemplate\\SingletonItemTemplate.csproj
		SccProjectTopLevelParentUniqueName10 = Extensions.sln
		SccProjectName10 = ItemTemplates/WPF/SingletonItemTemplate
		SccLocalPath10 = ItemTemplates\\WPF\\SingletonItemTemplate
		SccProjectUniqueName11 = ProjectTemplates\\WPF\\WpfDialogApplication\\WpfDialogApplication.csproj
		SccProjectTopLevelParentUniqueName11 = Extensions.sln
		SccProjectName11 = ProjectTemplates/WPF/WpfDialogApplication
		SccLocalPath11 = ProjectTemplates\\WPF\\WpfDialogApplication
		SccProjectUniqueName12 = ProjectTemplates\\WPF\\ZuneStyleApplication\\ZuneStyleApplication.csproj
		SccProjectTopLevelParentUniqueName12 = Extensions.sln
		SccProjectName12 = ProjectTemplates/WPF/ZuneStyleApplication
		SccLocalPath12 = ProjectTemplates\\WPF\\ZuneStyleApplication
		SccProjectUniqueName13 = ProjectTemplates\\Silverlight\\ZuneStyleApplication\\ZuneStyleApplication.csproj
		SccProjectTopLevelParentUniqueName13 = Extensions.sln
		SccProjectName13 = ProjectTemplates/Silverlight/ZuneStyleApplication
		SccLocalPath13 = ProjectTemplates\\Silverlight\\ZuneStyleApplication
		SccProjectUniqueName14 = ProjectTemplates\\WPF\\ZuneStyleApplicationTemplate\\WpfZuneStyleApplicationTemplate.csproj
		SccProjectTopLevelParentUniqueName14 = Extensions.sln
		SccProjectName14 = ProjectTemplates/WPF/ZuneStyleApplicationTemplate
		SccLocalPath14 = ProjectTemplates\\WPF\\ZuneStyleApplicationTemplate
		SccProjectUniqueName15 = ProjectTemplates\\Silverlight\\ZuneStyleApplicationTemplate\\SilverlightZuneStyleApplicationTemplate.csproj
		SccProjectTopLevelParentUniqueName15 = Extensions.sln
		SccProjectName15 = ProjectTemplates/Silverlight/ZuneStyleApplicationTemplate
		SccLocalPath15 = ProjectTemplates\\Silverlight\\ZuneStyleApplicationTemplate
	EndGlobalSection
	GlobalSection(SolutionConfigurationPlatforms) = preSolution
		Debug|Any CPU = Debug|Any CPU
		Debug|Mixed Platforms = Debug|Mixed Platforms
		Debug|x86 = Debug|x86
		Release|Any CPU = Release|Any CPU
		Release|Mixed Platforms = Release|Mixed Platforms
		Release|x86 = Release|x86
	EndGlobalSection
	GlobalSection(ProjectConfigurationPlatforms) = postSolution
		{33CCC542-0C41-4230-BEEC-9A09B4B2267A}.Debug|Any CPU.ActiveCfg = Debug|Any CPU
		{33CCC542-0C41-4230-BEEC-9A09B4B2267A}.Debug|Any CPU.Build.0 = Debug|Any CPU
		{33CCC542-0C41-4230-BEEC-9A09B4B2267A}.Debug|Mixed Platforms.ActiveCfg = Debug|Any CPU
		{33CCC542-0C41-4230-BEEC-9A09B4B2267A}.Debug|Mixed Platforms.Build.0 = Debug|Any CPU
		{33CCC542-0C41-4230-BEEC-9A09B4B2267A}.Debug|x86.ActiveCfg = Debug|Any CPU
		{33CCC542-0C41-4230-BEEC-9A09B4B2267A}.Release|Any CPU.ActiveCfg = Release|Any CPU
		{33CCC542-0C41-4230-BEEC-9A09B4B2267A}.Release|Any CPU.Build.0 = Release|Any CPU
		{33CCC542-0C41-4230-BEEC-9A09B4B2267A}.Release|Mixed Platforms.ActiveCfg = Release|Any CPU
		{33CCC542-0C41-4230-BEEC-9A09B4B2267A}.Release|Mixed Platforms.Build.0 = Release|Any CPU
		{33CCC542-0C41-4230-BEEC-9A09B4B2267A}.Release|x86.ActiveCfg = Release|Any CPU
		{07F81CED-6B5E-48B2-A935-81C289E995C8}.Debug|Any CPU.ActiveCfg = Debug|x86
		{07F81CED-6B5E-48B2-A935-81C289E995C8}.Debug|Mixed Platforms.ActiveCfg = Debug|x86
		{07F81CED-6B5E-48B2-A935-81C289E995C8}.Debug|Mixed Platforms.Build.0 = Debug|x86
		{07F81CED-6B5E-48B2-A935-81C289E995C8}.Debug|x86.ActiveCfg = Debug|x86
		{07F81CED-6B5E-48B2-A935-81C289E995C8}.Debug|x86.Build.0 = Debug|x86
		{07F81CED-6B5E-48B2-A935-81C289E995C8}.Release|Any CPU.ActiveCfg = Release|x86
		{07F81CED-6B5E-48B2-A935-81C289E995C8}.Release|Mixed Platforms.ActiveCfg = Release|x86
		{07F81CED-6B5E-48B2-A935-81C289E995C8}.Release|Mixed Platforms.Build.0 = Release|x86
		{07F81CED-6B5E-48B2-A935-81C289E995C8}.Release|x86.ActiveCfg = Release|x86
		{07F81CED-6B5E-48B2-A935-81C289E995C8}.Release|x86.Build.0 = Release|x86
		{F8C6FFCD-C814-46D3-AC79-7D36C4D614DE}.Debug|Any CPU.ActiveCfg = Debug|x86
		{F8C6FFCD-C814-46D3-AC79-7D36C4D614DE}.Debug|Mixed Platforms.ActiveCfg = Debug|x86
		{F8C6FFCD-C814-46D3-AC79-7D36C4D614DE}.Debug|Mixed Platforms.Build.0 = Debug|x86
		{F8C6FFCD-C814-46D3-AC79-7D36C4D614DE}.Debug|x86.ActiveCfg = Debug|x86
		{F8C6FFCD-C814-46D3-AC79-7D36C4D614DE}.Debug|x86.Build.0 = Debug|x86
		{F8C6FFCD-C814-46D3-AC79-7D36C4D614DE}.Release|Any CPU.ActiveCfg = Release|x86
		{F8C6FFCD-C814-46D3-AC79-7D36C4D614DE}.Release|Mixed Platforms.ActiveCfg = Release|x86
		{F8C6FFCD-C814-46D3-AC79-7D36C4D614DE}.Release|Mixed Platforms.Build.0 = Release|x86
		{F8C6FFCD-C814-46D3-AC79-7D36C4D614DE}.Release|x86.ActiveCfg = Release|x86
		{F8C6FFCD-C814-46D3-AC79-7D36C4D614DE}.Release|x86.Build.0 = Release|x86
		{67D54A68-A287-4797-9667-ACCBF9683119}.Debug|Any CPU.ActiveCfg = Debug|Any CPU
		{67D54A68-A287-4797-9667-ACCBF9683119}.Debug|Any CPU.Build.0 = Debug|Any CPU
		{67D54A68-A287-4797-9667-ACCBF9683119}.Debug|Mixed Platforms.ActiveCfg = Debug|Any CPU
		{67D54A68-A287-4797-9667-ACCBF9683119}.Debug|Mixed Platforms.Build.0 = Debug|Any CPU
		{67D54A68-A287-4797-9667-ACCBF9683119}.Debug|x86.ActiveCfg = Debug|Any CPU
		{67D54A68-A287-4797-9667-ACCBF9683119}.Release|Any CPU.ActiveCfg = Release|Any CPU
		{67D54A68-A287-4797-9667-ACCBF9683119}.Release|Any CPU.Build.0 = Release|Any CPU
		{67D54A68-A287-4797-9667-ACCBF9683119}.Release|Mixed Platforms.ActiveCfg = Release|Any CPU
		{67D54A68-A287-4797-9667-ACCBF9683119}.Release|Mixed Platforms.Build.0 = Release|Any CPU
		{67D54A68-A287-4797-9667-ACCBF9683119}.Release|x86.ActiveCfg = Release|Any CPU
		{A9132C33-99DE-4780-BD39-99D7CF1E2345}.Debug|Any CPU.ActiveCfg = Debug|Any CPU
		{A9132C33-99DE-4780-BD39-99D7CF1E2345}.Debug|Any CPU.Build.0 = Debug|Any CPU
		{A9132C33-99DE-4780-BD39-99D7CF1E2345}.Debug|Mixed Platforms.ActiveCfg = Debug|Any CPU
		{A9132C33-99DE-4780-BD39-99D7CF1E2345}.Debug|Mixed Platforms.Build.0 = Debug|Any CPU
		{A9132C33-99DE-4780-BD39-99D7CF1E2345}.Debug|x86.ActiveCfg = Debug|Any CPU
		{A9132C33-99DE-4780-BD39-99D7CF1E2345}.Release|Any CPU.ActiveCfg = Release|Any CPU
		{A9132C33-99DE-4780-BD39-99D7CF1E2345}.Release|Any CPU.Build.0 = Release|Any CPU
		{A9132C33-99DE-4780-BD39-99D7CF1E2345}.Release|Mixed Platforms.ActiveCfg = Release|Any CPU
		{A9132C33-99DE-4780-BD39-99D7CF1E2345}.Release|Mixed Platforms.Build.0 = Release|Any CPU
		{A9132C33-99DE-4780-BD39-99D7CF1E2345}.Release|x86.ActiveCfg = Release|Any CPU
		{65E06D7C-F88B-45BE-8886-F9CFA514EC27}.Debug|Any CPU.ActiveCfg = Debug|Any CPU
		{65E06D7C-F88B-45BE-8886-F9CFA514EC27}.Debug|Any CPU.Build.0 = Debug|Any CPU
		{65E06D7C-F88B-45BE-8886-F9CFA514EC27}.Debug|Mixed Platforms.ActiveCfg = Debug|Any CPU
		{65E06D7C-F88B-45BE-8886-F9CFA514EC27}.Debug|Mixed Platforms.Build.0 = Debug|Any CPU
		{65E06D7C-F88B-45BE-8886-F9CFA514EC27}.Debug|x86.ActiveCfg = Debug|Any CPU
		{65E06D7C-F88B-45BE-8886-F9CFA514EC27}.Release|Any CPU.ActiveCfg = Release|Any CPU
		{65E06D7C-F88B-45BE-8886-F9CFA514EC27}.Release|Any CPU.Build.0 = Release|Any CPU
		{65E06D7C-F88B-45BE-8886-F9CFA514EC27}.Release|Mixed Platforms.ActiveCfg = Release|Any CPU
		{65E06D7C-F88B-45BE-8886-F9CFA514EC27}.Release|Mixed Platforms.Build.0 = Release|Any CPU
		{65E06D7C-F88B-45BE-8886-F9CFA514EC27}.Release|x86.ActiveCfg = Release|Any CPU
		{781CF2CC-231E-4948-AF40-1B87A46ED559}.Debug|Any CPU.ActiveCfg = Debug|Any CPU
		{781CF2CC-231E-4948-AF40-1B87A46ED559}.Debug|Any CPU.Build.0 = Debug|Any CPU
		{781CF2CC-231E-4948-AF40-1B87A46ED559}.Debug|Mixed Platforms.ActiveCfg = Debug|Any CPU
		{781CF2CC-231E-4948-AF40-1B87A46ED559}.Debug|Mixed Platforms.Build.0 = Debug|Any CPU
		{781CF2CC-231E-4948-AF40-1B87A46ED559}.Debug|x86.ActiveCfg = Debug|Any CPU
		{781CF2CC-231E-4948-AF40-1B87A46ED559}.Release|Any CPU.ActiveCfg = Release|Any CPU
		{781CF2CC-231E-4948-AF40-1B87A46ED559}.Release|Any CPU.Build.0 = Release|Any CPU
		{781CF2CC-231E-4948-AF40-1B87A46ED559}.Release|Mixed Platforms.ActiveCfg = Release|Any CPU
		{781CF2CC-231E-4948-AF40-1B87A46ED559}.Release|Mixed Platforms.Build.0 = Release|Any CPU
		{781CF2CC-231E-4948-AF40-1B87A46ED559}.Release|x86.ActiveCfg = Release|Any CPU
		{BDE45320-0EDB-4AF6-8782-C3983DD285C7}.Debug|Any CPU.ActiveCfg = Debug|Any CPU
		{BDE45320-0EDB-4AF6-8782-C3983DD285C7}.Debug|Any CPU.Build.0 = Debug|Any CPU
		{BDE45320-0EDB-4AF6-8782-C3983DD285C7}.Debug|Mixed Platforms.ActiveCfg = Debug|Any CPU
		{BDE45320-0EDB-4AF6-8782-C3983DD285C7}.Debug|Mixed Platforms.Build.0 = Debug|Any CPU
		{BDE45320-0EDB-4AF6-8782-C3983DD285C7}.Debug|x86.ActiveCfg = Debug|Any CPU
		{BDE45320-0EDB-4AF6-8782-C3983DD285C7}.Release|Any CPU.ActiveCfg = Release|Any CPU
		{BDE45320-0EDB-4AF6-8782-C3983DD285C7}.Release|Any CPU.Build.0 = Release|Any CPU
		{BDE45320-0EDB-4AF6-8782-C3983DD285C7}.Release|Mixed Platforms.ActiveCfg = Release|Any CPU
		{BDE45320-0EDB-4AF6-8782-C3983DD285C7}.Release|Mixed Platforms.Build.0 = Release|Any CPU
		{BDE45320-0EDB-4AF6-8782-C3983DD285C7}.Release|x86.ActiveCfg = Release|Any CPU
		{A2D2AA8F-A963-442D-AE52-F6543A375696}.Debug|Any CPU.ActiveCfg = Debug|Any CPU
		{A2D2AA8F-A963-442D-AE52-F6543A375696}.Debug|Any CPU.Build.0 = Debug|Any CPU
		{A2D2AA8F-A963-442D-AE52-F6543A375696}.Debug|Mixed Platforms.ActiveCfg = Debug|Any CPU
		{A2D2AA8F-A963-442D-AE52-F6543A375696}.Debug|Mixed Platforms.Build.0 = Debug|Any CPU
		{A2D2AA8F-A963-442D-AE52-F6543A375696}.Debug|x86.ActiveCfg = Debug|Any CPU
		{A2D2AA8F-A963-442D-AE52-F6543A375696}.Release|Any CPU.ActiveCfg = Release|Any CPU
		{A2D2AA8F-A963-442D-AE52-F6543A375696}.Release|Any CPU.Build.0 = Release|Any CPU
		{A2D2AA8F-A963-442D-AE52-F6543A375696}.Release|Mixed Platforms.ActiveCfg = Release|Any CPU
		{A2D2AA8F-A963-442D-AE52-F6543A375696}.Release|Mixed Platforms.Build.0 = Release|Any CPU
		{A2D2AA8F-A963-442D-AE52-F6543A375696}.Release|x86.ActiveCfg = Release|Any CPU
		{CC481432-5733-4103-A7C7-CCDC4C7049BB}.Debug|Any CPU.ActiveCfg = Debug|Any CPU
		{CC481432-5733-4103-A7C7-CCDC4C7049BB}.Debug|Any CPU.Build.0 = Debug|Any CPU
		{CC481432-5733-4103-A7C7-CCDC4C7049BB}.Debug|Mixed Platforms.ActiveCfg = Debug|Any CPU
		{CC481432-5733-4103-A7C7-CCDC4C7049BB}.Debug|Mixed Platforms.Build.0 = Debug|Any CPU
		{CC481432-5733-4103-A7C7-CCDC4C7049BB}.Debug|x86.ActiveCfg = Debug|Any CPU
		{CC481432-5733-4103-A7C7-CCDC4C7049BB}.Release|Any CPU.ActiveCfg = Release|Any CPU
		{CC481432-5733-4103-A7C7-CCDC4C7049BB}.Release|Any CPU.Build.0 = Release|Any CPU
		{CC481432-5733-4103-A7C7-CCDC4C7049BB}.Release|Mixed Platforms.ActiveCfg = Release|Any CPU
		{CC481432-5733-4103-A7C7-CCDC4C7049BB}.Release|Mixed Platforms.Build.0 = Release|Any CPU
		{CC481432-5733-4103-A7C7-CCDC4C7049BB}.Release|x86.ActiveCfg = Release|Any CPU
		{44644E74-1118-444E-B337-BEB5FA3F67DB}.Debug|Any CPU.ActiveCfg = Debug|x86
		{44644E74-1118-444E-B337-BEB5FA3F67DB}.Debug|Mixed Platforms.ActiveCfg = Debug|x86
		{44644E74-1118-444E-B337-BEB5FA3F67DB}.Debug|Mixed Platforms.Build.0 = Debug|x86
		{44644E74-1118-444E-B337-BEB5FA3F67DB}.Debug|x86.ActiveCfg = Debug|x86
		{44644E74-1118-444E-B337-BEB5FA3F67DB}.Debug|x86.Build.0 = Debug|x86
		{44644E74-1118-444E-B337-BEB5FA3F67DB}.Release|Any CPU.ActiveCfg = Release|x86
		{44644E74-1118-444E-B337-BEB5FA3F67DB}.Release|Mixed Platforms.ActiveCfg = Release|x86
		{44644E74-1118-444E-B337-BEB5FA3F67DB}.Release|Mixed Platforms.Build.0 = Release|x86
		{44644E74-1118-444E-B337-BEB5FA3F67DB}.Release|x86.ActiveCfg = Release|x86
		{44644E74-1118-444E-B337-BEB5FA3F67DB}.Release|x86.Build.0 = Release|x86
		{F9D779D2-A509-4FA7-B399-45215FFBDAD7}.Debug|Any CPU.ActiveCfg = Debug|x86
		{F9D779D2-A509-4FA7-B399-45215FFBDAD7}.Debug|Mixed Platforms.ActiveCfg = Debug|x86
		{F9D779D2-A509-4FA7-B399-45215FFBDAD7}.Debug|Mixed Platforms.Build.0 = Debug|x86
		{F9D779D2-A509-4FA7-B399-45215FFBDAD7}.Debug|x86.ActiveCfg = Debug|x86
		{F9D779D2-A509-4FA7-B399-45215FFBDAD7}.Debug|x86.Build.0 = Debug|x86
		{F9D779D2-A509-4FA7-B399-45215FFBDAD7}.Release|Any CPU.ActiveCfg = Release|x86
		{F9D779D2-A509-4FA7-B399-45215FFBDAD7}.Release|Mixed Platforms.ActiveCfg = Release|x86
		{F9D779D2-A509-4FA7-B399-45215FFBDAD7}.Release|Mixed Platforms.Build.0 = Release|x86
		{F9D779D2-A509-4FA7-B399-45215FFBDAD7}.Release|x86.ActiveCfg = Release|x86
		{F9D779D2-A509-4FA7-B399-45215FFBDAD7}.Release|x86.Build.0 = Release|x86
		{50819296-DB19-4B13-8EA7-8E4B45CB45BF}.Debug|Any CPU.ActiveCfg = Debug|Any CPU
		{50819296-DB19-4B13-8EA7-8E4B45CB45BF}.Debug|Any CPU.Build.0 = Debug|Any CPU
		{50819296-DB19-4B13-8EA7-8E4B45CB45BF}.Debug|Mixed Platforms.ActiveCfg = Debug|Any CPU
		{50819296-DB19-4B13-8EA7-8E4B45CB45BF}.Debug|Mixed Platforms.Build.0 = Debug|Any CPU
		{50819296-DB19-4B13-8EA7-8E4B45CB45BF}.Debug|x86.ActiveCfg = Debug|Any CPU
		{50819296-DB19-4B13-8EA7-8E4B45CB45BF}.Release|Any CPU.ActiveCfg = Release|Any CPU
		{50819296-DB19-4B13-8EA7-8E4B45CB45BF}.Release|Any CPU.Build.0 = Release|Any CPU
		{50819296-DB19-4B13-8EA7-8E4B45CB45BF}.Release|Mixed Platforms.ActiveCfg = Release|Any CPU
		{50819296-DB19-4B13-8EA7-8E4B45CB45BF}.Release|Mixed Platforms.Build.0 = Release|Any CPU
		{50819296-DB19-4B13-8EA7-8E4B45CB45BF}.Release|x86.ActiveCfg = Release|Any CPU
		{9595B8A7-722F-4D54-8142-7F64E0AAA5A8}.Debug|Any CPU.ActiveCfg = Debug|Any CPU
		{9595B8A7-722F-4D54-8142-7F64E0AAA5A8}.Debug|Any CPU.Build.0 = Debug|Any CPU
		{9595B8A7-722F-4D54-8142-7F64E0AAA5A8}.Debug|Mixed Platforms.ActiveCfg = Debug|Any CPU
		{9595B8A7-722F-4D54-8142-7F64E0AAA5A8}.Debug|Mixed Platforms.Build.0 = Debug|Any CPU
		{9595B8A7-722F-4D54-8142-7F64E0AAA5A8}.Debug|x86.ActiveCfg = Debug|Any CPU
		{9595B8A7-722F-4D54-8142-7F64E0AAA5A8}.Release|Any CPU.ActiveCfg = Release|Any CPU
		{9595B8A7-722F-4D54-8142-7F64E0AAA5A8}.Release|Any CPU.Build.0 = Release|Any CPU
		{9595B8A7-722F-4D54-8142-7F64E0AAA5A8}.Release|Mixed Platforms.ActiveCfg = Release|Any CPU
		{9595B8A7-722F-4D54-8142-7F64E0AAA5A8}.Release|Mixed Platforms.Build.0 = Release|Any CPU
		{9595B8A7-722F-4D54-8142-7F64E0AAA5A8}.Release|x86.ActiveCfg = Release|Any CPU
		{7866F157-5838-4392-A2F5-1C5494B84086}.Debug|Any CPU.ActiveCfg = Debug|Any CPU
		{7866F157-5838-4392-A2F5-1C5494B84086}.Debug|Any CPU.Build.0 = Debug|Any CPU
		{7866F157-5838-4392-A2F5-1C5494B84086}.Debug|Mixed Platforms.ActiveCfg = Debug|Any CPU
		{7866F157-5838-4392-A2F5-1C5494B84086}.Debug|Mixed Platforms.Build.0 = Debug|Any CPU
		{7866F157-5838-4392-A2F5-1C5494B84086}.Debug|x86.ActiveCfg = Debug|Any CPU
		{7866F157-5838-4392-A2F5-1C5494B84086}.Release|Any CPU.ActiveCfg = Release|Any CPU
		{7866F157-5838-4392-A2F5-1C5494B84086}.Release|Any CPU.Build.0 = Release|Any CPU
		{7866F157-5838-4392-A2F5-1C5494B84086}.Release|Mixed Platforms.ActiveCfg = Release|Any CPU
		{7866F157-5838-4392-A2F5-1C5494B84086}.Release|Mixed Platforms.Build.0 = Release|Any CPU
		{7866F157-5838-4392-A2F5-1C5494B84086}.Release|x86.ActiveCfg = Release|Any CPU
	EndGlobalSection
	GlobalSection(SolutionProperties) = preSolution
		HideSolutionNode = FALSE
	EndGlobalSection
	GlobalSection(NestedProjects) = preSolution
		{67D54A68-A287-4797-9667-ACCBF9683119} = {97573448-CB44-4E84-B1F0-C582B555B8BD}
		{A9132C33-99DE-4780-BD39-99D7CF1E2345} = {97573448-CB44-4E84-B1F0-C582B555B8BD}
		{A456F37C-5E9A-48AC-ADB4-7E2BAD83CFD6} = {F008C6E7-C96C-40AF-8FE0-1B878DFCF25C}
		{65E06D7C-F88B-45BE-8886-F9CFA514EC27} = {A456F37C-5E9A-48AC-ADB4-7E2BAD83CFD6}
		{781CF2CC-231E-4948-AF40-1B87A46ED559} = {A456F37C-5E9A-48AC-ADB4-7E2BAD83CFD6}
		{BDE45320-0EDB-4AF6-8782-C3983DD285C7} = {A456F37C-5E9A-48AC-ADB4-7E2BAD83CFD6}
		{A2D2AA8F-A963-442D-AE52-F6543A375696} = {A456F37C-5E9A-48AC-ADB4-7E2BAD83CFD6}
		{CC481432-5733-4103-A7C7-CCDC4C7049BB} = {A456F37C-5E9A-48AC-ADB4-7E2BAD83CFD6}
		{9CBD1637-1576-4900-833E-2B8C68A97DB6} = {BBAAABBF-86D1-430C-8B6A-E35124DD94C4}
		{A25742F4-32D7-48A1-8778-8109A8C16DC7} = {BBAAABBF-86D1-430C-8B6A-E35124DD94C4}
		{44644E74-1118-444E-B337-BEB5FA3F67DB} = {9CBD1637-1576-4900-833E-2B8C68A97DB6}
		{F9D779D2-A509-4FA7-B399-45215FFBDAD7} = {9CBD1637-1576-4900-833E-2B8C68A97DB6}
		{9595B8A7-722F-4D54-8142-7F64E0AAA5A8} = {9CBD1637-1576-4900-833E-2B8C68A97DB6}
		{50819296-DB19-4B13-8EA7-8E4B45CB45BF} = {A25742F4-32D7-48A1-8778-8109A8C16DC7}
		{7866F157-5838-4392-A2F5-1C5494B84086} = {A25742F4-32D7-48A1-8778-8109A8C16DC7}
	EndGlobalSection
EndGlobal
