
Microsoft Visual Studio Solution File, Format Version 11.00
# Visual Studio 2010
Project("{2150E333-8FDC-42A3-9474-1A3956D46DE8}") = "1. Core", "1. Core", "{6685A8B7-9331-4950-A189-8D4CAD5B00FB}"
EndProject
Project("{FAE04EC0-301F-11D3-BF4B-00C04F79EFBC}") = "Apex", "Core\Apex\Apex.csproj", "{67D54A68-A287-4797-9667-ACCBF9683119}"
EndProject
Project("{FAE04EC0-301F-11D3-BF4B-00C04F79EFBC}") = "Apex.WinForms", "Core\Apex.WinForms\Apex.WinForms.csproj", "{A479105C-717B-4500-8FFC-B3D12BEEF13E}"
EndProject
Project("{2150E333-8FDC-42A3-9474-1A3956D46DE8}") = "2. Legacy", "2. Legacy", "{C0329934-0922-4B83-8C9F-B573CA14B8A1}"
EndProject
Project("{FAE04EC0-301F-11D3-BF4B-00C04F79EFBC}") = "Apex WPF .NET 3.5", "Legacy\Apex\Apex WPF .NET 3.5.csproj", "{ECCD3814-F5C6-411F-8F3E-FCC2FC346E29}"
EndProject
Project("{FAE04EC0-301F-11D3-BF4B-00C04F79EFBC}") = "Apex.WinForms .NET 3.5", "Legacy\Apex.WinForms\Apex.WinForms .NET 3.5.csproj", "{045F9F82-B22A-4083-A978-51552906E813}"
EndProject
Project("{FAE04EC0-301F-11D3-BF4B-00C04F79EFBC}") = "Apex.WP7", "Core\Apex.WP7\Apex.WP7.csproj", "{9BC524A0-83F9-4864-A1E5-F93EB7DDAF8A}"
EndProject
Project("{FAE04EC0-301F-11D3-BF4B-00C04F79EFBC}") = "Apex.WP7 Windows Phone 7.0", "Legacy\Apex.WP7\Apex.WP7 Windows Phone 7.0.csproj", "{5CA8754C-8D71-420A-BA16-A795F11D317D}"
EndProject
Project("{2150E333-8FDC-42A3-9474-1A3956D46DE8}") = "0. Solution Items", "0. Solution Items", "{145D0D4D-D218-432D-B7DB-9E6094117FF5}"
	ProjectSection(SolutionItems) = preProject
		SharedAssemblyInfo.cs = SharedAssemblyInfo.cs
	EndProjectSection
EndProject
Project("{FAE04EC0-301F-11D3-BF4B-00C04F79EFBC}") = "Apex.Silverlight", "Core\Apex.Silverlight\Apex.Silverlight.csproj", "{A9132C33-99DE-4780-BD39-99D7CF1E2345}"
EndProject
Project("{FAE04EC0-301F-11D3-BF4B-00C04F79EFBC}") = "Apex.Silverlight4", "Legacy\Apex.Silverlight4\Apex.Silverlight4.csproj", "{B751E60A-2285-4337-87DB-B68220C1F798}"
EndProject
Global
	GlobalSection(TeamFoundationVersionControl) = preSolution
		SccNumberOfProjects = 9
		SccEnterpriseProvider = {4CA58AB2-18FA-4F8D-95D4-32DDF27D184C}
		SccTeamFoundationServer = https://tfs.codeplex.com/tfs/tfs33
		SccLocalPath0 = .
		SccProjectUniqueName1 = Core\\Apex.WinForms\\Apex.WinForms.csproj
		SccProjectTopLevelParentUniqueName1 = Apex.Legacy.sln
		SccProjectName1 = Core/Apex.WinForms
		SccLocalPath1 = Core\\Apex.WinForms
		SccProjectUniqueName2 = Legacy\\Apex\\Apex\u0020WPF\u0020.NET\u00203.5.csproj
		SccProjectTopLevelParentUniqueName2 = Apex.Legacy.sln
		SccProjectName2 = Legacy/Apex
		SccLocalPath2 = Legacy\\Apex
		SccProjectUniqueName3 = Legacy\\Apex.WinForms\\Apex.WinForms\u0020.NET\u00203.5.csproj
		SccProjectTopLevelParentUniqueName3 = Apex.Legacy.sln
		SccProjectName3 = Legacy/Apex.WinForms
		SccLocalPath3 = Legacy\\Apex.WinForms
		SccProjectUniqueName4 = Core\\Apex\\Apex.csproj
		SccProjectTopLevelParentUniqueName4 = Apex.Legacy.sln
		SccProjectName4 = Core/Apex
		SccLocalPath4 = Core\\Apex
		SccProjectUniqueName5 = Core\\Apex.WP7\\Apex.WP7.csproj
		SccProjectTopLevelParentUniqueName5 = Apex.Legacy.sln
		SccProjectName5 = Core/Apex.WP7
		SccLocalPath5 = Core\\Apex.WP7
		SccProjectUniqueName6 = Legacy\\Apex.WP7\\Apex.WP7\u0020Windows\u0020Phone\u00207.0.csproj
		SccProjectTopLevelParentUniqueName6 = Apex.Legacy.sln
		SccProjectName6 = Legacy/Apex.WP7
		SccLocalPath6 = Legacy\\Apex.WP7
		SccProjectUniqueName7 = Core\\Apex.Silverlight\\Apex.Silverlight.csproj
		SccProjectTopLevelParentUniqueName7 = Apex.Legacy.sln
		SccProjectName7 = Core/Apex.Silverlight
		SccLocalPath7 = Core\\Apex.Silverlight
		SccProjectUniqueName8 = Legacy\\Apex.Silverlight4\\Apex.Silverlight4.csproj
		SccProjectTopLevelParentUniqueName8 = Apex.Legacy.sln
		SccProjectName8 = Legacy/Apex.Silverlight4
		SccLocalPath8 = Legacy\\Apex.Silverlight4
	EndGlobalSection
	GlobalSection(TestCaseManagementSettings) = postSolution
		CategoryFile = Apex.vsmdi
	EndGlobalSection
	GlobalSection(SolutionConfigurationPlatforms) = preSolution
		Debug|Any CPU = Debug|Any CPU
		Debug|ARM = Debug|ARM
		Debug|Mixed Platforms = Debug|Mixed Platforms
		Debug|x64 = Debug|x64
		Debug|x86 = Debug|x86
		Release|Any CPU = Release|Any CPU
		Release|ARM = Release|ARM
		Release|Mixed Platforms = Release|Mixed Platforms
		Release|x64 = Release|x64
		Release|x86 = Release|x86
	EndGlobalSection
	GlobalSection(ProjectConfigurationPlatforms) = postSolution
		{67D54A68-A287-4797-9667-ACCBF9683119}.Debug|Any CPU.ActiveCfg = Debug|Any CPU
		{67D54A68-A287-4797-9667-ACCBF9683119}.Debug|Any CPU.Build.0 = Debug|Any CPU
		{67D54A68-A287-4797-9667-ACCBF9683119}.Debug|ARM.ActiveCfg = Debug|Any CPU
		{67D54A68-A287-4797-9667-ACCBF9683119}.Debug|Mixed Platforms.ActiveCfg = Debug|Any CPU
		{67D54A68-A287-4797-9667-ACCBF9683119}.Debug|Mixed Platforms.Build.0 = Debug|Any CPU
		{67D54A68-A287-4797-9667-ACCBF9683119}.Debug|x64.ActiveCfg = Debug|Any CPU
		{67D54A68-A287-4797-9667-ACCBF9683119}.Debug|x86.ActiveCfg = Debug|Any CPU
		{67D54A68-A287-4797-9667-ACCBF9683119}.Release|Any CPU.ActiveCfg = Release|Any CPU
		{67D54A68-A287-4797-9667-ACCBF9683119}.Release|Any CPU.Build.0 = Release|Any CPU
		{67D54A68-A287-4797-9667-ACCBF9683119}.Release|ARM.ActiveCfg = Release|Any CPU
		{67D54A68-A287-4797-9667-ACCBF9683119}.Release|Mixed Platforms.ActiveCfg = Release|Any CPU
		{67D54A68-A287-4797-9667-ACCBF9683119}.Release|Mixed Platforms.Build.0 = Release|Any CPU
		{67D54A68-A287-4797-9667-ACCBF9683119}.Release|x64.ActiveCfg = Release|Any CPU
		{67D54A68-A287-4797-9667-ACCBF9683119}.Release|x86.ActiveCfg = Release|Any CPU
		{A479105C-717B-4500-8FFC-B3D12BEEF13E}.Debug|Any CPU.ActiveCfg = Debug|Any CPU
		{A479105C-717B-4500-8FFC-B3D12BEEF13E}.Debug|Any CPU.Build.0 = Debug|Any CPU
		{A479105C-717B-4500-8FFC-B3D12BEEF13E}.Debug|ARM.ActiveCfg = Debug|Any CPU
		{A479105C-717B-4500-8FFC-B3D12BEEF13E}.Debug|Mixed Platforms.ActiveCfg = Debug|Any CPU
		{A479105C-717B-4500-8FFC-B3D12BEEF13E}.Debug|Mixed Platforms.Build.0 = Debug|Any CPU
		{A479105C-717B-4500-8FFC-B3D12BEEF13E}.Debug|x64.ActiveCfg = Debug|Any CPU
		{A479105C-717B-4500-8FFC-B3D12BEEF13E}.Debug|x86.ActiveCfg = Debug|Any CPU
		{A479105C-717B-4500-8FFC-B3D12BEEF13E}.Release|Any CPU.ActiveCfg = Release|Any CPU
		{A479105C-717B-4500-8FFC-B3D12BEEF13E}.Release|Any CPU.Build.0 = Release|Any CPU
		{A479105C-717B-4500-8FFC-B3D12BEEF13E}.Release|ARM.ActiveCfg = Release|Any CPU
		{A479105C-717B-4500-8FFC-B3D12BEEF13E}.Release|Mixed Platforms.ActiveCfg = Release|Any CPU
		{A479105C-717B-4500-8FFC-B3D12BEEF13E}.Release|Mixed Platforms.Build.0 = Release|Any CPU
		{A479105C-717B-4500-8FFC-B3D12BEEF13E}.Release|x64.ActiveCfg = Release|Any CPU
		{A479105C-717B-4500-8FFC-B3D12BEEF13E}.Release|x86.ActiveCfg = Release|Any CPU
		{ECCD3814-F5C6-411F-8F3E-FCC2FC346E29}.Debug|Any CPU.ActiveCfg = Debug|Any CPU
		{ECCD3814-F5C6-411F-8F3E-FCC2FC346E29}.Debug|Any CPU.Build.0 = Debug|Any CPU
		{ECCD3814-F5C6-411F-8F3E-FCC2FC346E29}.Debug|ARM.ActiveCfg = Debug|Any CPU
		{ECCD3814-F5C6-411F-8F3E-FCC2FC346E29}.Debug|Mixed Platforms.ActiveCfg = Debug|Any CPU
		{ECCD3814-F5C6-411F-8F3E-FCC2FC346E29}.Debug|Mixed Platforms.Build.0 = Debug|Any CPU
		{ECCD3814-F5C6-411F-8F3E-FCC2FC346E29}.Debug|x64.ActiveCfg = Debug|Any CPU
		{ECCD3814-F5C6-411F-8F3E-FCC2FC346E29}.Debug|x86.ActiveCfg = Debug|Any CPU
		{ECCD3814-F5C6-411F-8F3E-FCC2FC346E29}.Release|Any CPU.ActiveCfg = Release|Any CPU
		{ECCD3814-F5C6-411F-8F3E-FCC2FC346E29}.Release|Any CPU.Build.0 = Release|Any CPU
		{ECCD3814-F5C6-411F-8F3E-FCC2FC346E29}.Release|ARM.ActiveCfg = Release|Any CPU
		{ECCD3814-F5C6-411F-8F3E-FCC2FC346E29}.Release|Mixed Platforms.ActiveCfg = Release|Any CPU
		{ECCD3814-F5C6-411F-8F3E-FCC2FC346E29}.Release|Mixed Platforms.Build.0 = Release|Any CPU
		{ECCD3814-F5C6-411F-8F3E-FCC2FC346E29}.Release|x64.ActiveCfg = Release|Any CPU
		{ECCD3814-F5C6-411F-8F3E-FCC2FC346E29}.Release|x86.ActiveCfg = Release|Any CPU
		{045F9F82-B22A-4083-A978-51552906E813}.Debug|Any CPU.ActiveCfg = Debug|Any CPU
		{045F9F82-B22A-4083-A978-51552906E813}.Debug|Any CPU.Build.0 = Debug|Any CPU
		{045F9F82-B22A-4083-A978-51552906E813}.Debug|ARM.ActiveCfg = Debug|Any CPU
		{045F9F82-B22A-4083-A978-51552906E813}.Debug|Mixed Platforms.ActiveCfg = Debug|Any CPU
		{045F9F82-B22A-4083-A978-51552906E813}.Debug|Mixed Platforms.Build.0 = Debug|Any CPU
		{045F9F82-B22A-4083-A978-51552906E813}.Debug|x64.ActiveCfg = Debug|Any CPU
		{045F9F82-B22A-4083-A978-51552906E813}.Debug|x86.ActiveCfg = Debug|Any CPU
		{045F9F82-B22A-4083-A978-51552906E813}.Release|Any CPU.ActiveCfg = Release|Any CPU
		{045F9F82-B22A-4083-A978-51552906E813}.Release|Any CPU.Build.0 = Release|Any CPU
		{045F9F82-B22A-4083-A978-51552906E813}.Release|ARM.ActiveCfg = Release|Any CPU
		{045F9F82-B22A-4083-A978-51552906E813}.Release|Mixed Platforms.ActiveCfg = Release|Any CPU
		{045F9F82-B22A-4083-A978-51552906E813}.Release|Mixed Platforms.Build.0 = Release|Any CPU
		{045F9F82-B22A-4083-A978-51552906E813}.Release|x64.ActiveCfg = Release|Any CPU
		{045F9F82-B22A-4083-A978-51552906E813}.Release|x86.ActiveCfg = Release|Any CPU
		{9BC524A0-83F9-4864-A1E5-F93EB7DDAF8A}.Debug|Any CPU.ActiveCfg = Debug|Any CPU
		{9BC524A0-83F9-4864-A1E5-F93EB7DDAF8A}.Debug|Any CPU.Build.0 = Debug|Any CPU
		{9BC524A0-83F9-4864-A1E5-F93EB7DDAF8A}.Debug|ARM.ActiveCfg = Debug|Any CPU
		{9BC524A0-83F9-4864-A1E5-F93EB7DDAF8A}.Debug|Mixed Platforms.ActiveCfg = Debug|Any CPU
		{9BC524A0-83F9-4864-A1E5-F93EB7DDAF8A}.Debug|Mixed Platforms.Build.0 = Debug|Any CPU
		{9BC524A0-83F9-4864-A1E5-F93EB7DDAF8A}.Debug|x64.ActiveCfg = Debug|Any CPU
		{9BC524A0-83F9-4864-A1E5-F93EB7DDAF8A}.Debug|x86.ActiveCfg = Debug|Any CPU
		{9BC524A0-83F9-4864-A1E5-F93EB7DDAF8A}.Release|Any CPU.ActiveCfg = Release|Any CPU
		{9BC524A0-83F9-4864-A1E5-F93EB7DDAF8A}.Release|Any CPU.Build.0 = Release|Any CPU
		{9BC524A0-83F9-4864-A1E5-F93EB7DDAF8A}.Release|ARM.ActiveCfg = Release|Any CPU
		{9BC524A0-83F9-4864-A1E5-F93EB7DDAF8A}.Release|Mixed Platforms.ActiveCfg = Release|Any CPU
		{9BC524A0-83F9-4864-A1E5-F93EB7DDAF8A}.Release|Mixed Platforms.Build.0 = Release|Any CPU
		{9BC524A0-83F9-4864-A1E5-F93EB7DDAF8A}.Release|x64.ActiveCfg = Release|Any CPU
		{9BC524A0-83F9-4864-A1E5-F93EB7DDAF8A}.Release|x86.ActiveCfg = Release|Any CPU
		{5CA8754C-8D71-420A-BA16-A795F11D317D}.Debug|Any CPU.ActiveCfg = Debug|Any CPU
		{5CA8754C-8D71-420A-BA16-A795F11D317D}.Debug|Any CPU.Build.0 = Debug|Any CPU
		{5CA8754C-8D71-420A-BA16-A795F11D317D}.Debug|ARM.ActiveCfg = Debug|Any CPU
		{5CA8754C-8D71-420A-BA16-A795F11D317D}.Debug|Mixed Platforms.ActiveCfg = Debug|Any CPU
		{5CA8754C-8D71-420A-BA16-A795F11D317D}.Debug|Mixed Platforms.Build.0 = Debug|Any CPU
		{5CA8754C-8D71-420A-BA16-A795F11D317D}.Debug|x64.ActiveCfg = Debug|Any CPU
		{5CA8754C-8D71-420A-BA16-A795F11D317D}.Debug|x86.ActiveCfg = Debug|Any CPU
		{5CA8754C-8D71-420A-BA16-A795F11D317D}.Release|Any CPU.ActiveCfg = Release|Any CPU
		{5CA8754C-8D71-420A-BA16-A795F11D317D}.Release|Any CPU.Build.0 = Release|Any CPU
		{5CA8754C-8D71-420A-BA16-A795F11D317D}.Release|ARM.ActiveCfg = Release|Any CPU
		{5CA8754C-8D71-420A-BA16-A795F11D317D}.Release|Mixed Platforms.ActiveCfg = Release|Any CPU
		{5CA8754C-8D71-420A-BA16-A795F11D317D}.Release|Mixed Platforms.Build.0 = Release|Any CPU
		{5CA8754C-8D71-420A-BA16-A795F11D317D}.Release|x64.ActiveCfg = Release|Any CPU
		{5CA8754C-8D71-420A-BA16-A795F11D317D}.Release|x86.ActiveCfg = Release|Any CPU
		{A9132C33-99DE-4780-BD39-99D7CF1E2345}.Debug|Any CPU.ActiveCfg = Debug|Any CPU
		{A9132C33-99DE-4780-BD39-99D7CF1E2345}.Debug|Any CPU.Build.0 = Debug|Any CPU
		{A9132C33-99DE-4780-BD39-99D7CF1E2345}.Debug|ARM.ActiveCfg = Debug|Any CPU
		{A9132C33-99DE-4780-BD39-99D7CF1E2345}.Debug|Mixed Platforms.ActiveCfg = Debug|Any CPU
		{A9132C33-99DE-4780-BD39-99D7CF1E2345}.Debug|Mixed Platforms.Build.0 = Debug|Any CPU
		{A9132C33-99DE-4780-BD39-99D7CF1E2345}.Debug|x64.ActiveCfg = Debug|Any CPU
		{A9132C33-99DE-4780-BD39-99D7CF1E2345}.Debug|x86.ActiveCfg = Debug|Any CPU
		{A9132C33-99DE-4780-BD39-99D7CF1E2345}.Release|Any CPU.ActiveCfg = Release|Any CPU
		{A9132C33-99DE-4780-BD39-99D7CF1E2345}.Release|Any CPU.Build.0 = Release|Any CPU
		{A9132C33-99DE-4780-BD39-99D7CF1E2345}.Release|ARM.ActiveCfg = Release|Any CPU
		{A9132C33-99DE-4780-BD39-99D7CF1E2345}.Release|Mixed Platforms.ActiveCfg = Release|Any CPU
		{A9132C33-99DE-4780-BD39-99D7CF1E2345}.Release|Mixed Platforms.Build.0 = Release|Any CPU
		{A9132C33-99DE-4780-BD39-99D7CF1E2345}.Release|x64.ActiveCfg = Release|Any CPU
		{A9132C33-99DE-4780-BD39-99D7CF1E2345}.Release|x86.ActiveCfg = Release|Any CPU
		{B751E60A-2285-4337-87DB-B68220C1F798}.Debug|Any CPU.ActiveCfg = Debug|Any CPU
		{B751E60A-2285-4337-87DB-B68220C1F798}.Debug|Any CPU.Build.0 = Debug|Any CPU
		{B751E60A-2285-4337-87DB-B68220C1F798}.Debug|ARM.ActiveCfg = Debug|Any CPU
		{B751E60A-2285-4337-87DB-B68220C1F798}.Debug|Mixed Platforms.ActiveCfg = Debug|Any CPU
		{B751E60A-2285-4337-87DB-B68220C1F798}.Debug|Mixed Platforms.Build.0 = Debug|Any CPU
		{B751E60A-2285-4337-87DB-B68220C1F798}.Debug|x64.ActiveCfg = Debug|Any CPU
		{B751E60A-2285-4337-87DB-B68220C1F798}.Debug|x86.ActiveCfg = Debug|Any CPU
		{B751E60A-2285-4337-87DB-B68220C1F798}.Release|Any CPU.ActiveCfg = Release|Any CPU
		{B751E60A-2285-4337-87DB-B68220C1F798}.Release|Any CPU.Build.0 = Release|Any CPU
		{B751E60A-2285-4337-87DB-B68220C1F798}.Release|ARM.ActiveCfg = Release|Any CPU
		{B751E60A-2285-4337-87DB-B68220C1F798}.Release|Mixed Platforms.ActiveCfg = Release|Any CPU
		{B751E60A-2285-4337-87DB-B68220C1F798}.Release|Mixed Platforms.Build.0 = Release|Any CPU
		{B751E60A-2285-4337-87DB-B68220C1F798}.Release|x64.ActiveCfg = Release|Any CPU
		{B751E60A-2285-4337-87DB-B68220C1F798}.Release|x86.ActiveCfg = Release|Any CPU
	EndGlobalSection
	GlobalSection(SolutionProperties) = preSolution
		HideSolutionNode = FALSE
	EndGlobalSection
	GlobalSection(NestedProjects) = preSolution
		{67D54A68-A287-4797-9667-ACCBF9683119} = {6685A8B7-9331-4950-A189-8D4CAD5B00FB}
		{A479105C-717B-4500-8FFC-B3D12BEEF13E} = {6685A8B7-9331-4950-A189-8D4CAD5B00FB}
		{9BC524A0-83F9-4864-A1E5-F93EB7DDAF8A} = {6685A8B7-9331-4950-A189-8D4CAD5B00FB}
		{A9132C33-99DE-4780-BD39-99D7CF1E2345} = {6685A8B7-9331-4950-A189-8D4CAD5B00FB}
		{ECCD3814-F5C6-411F-8F3E-FCC2FC346E29} = {C0329934-0922-4B83-8C9F-B573CA14B8A1}
		{045F9F82-B22A-4083-A978-51552906E813} = {C0329934-0922-4B83-8C9F-B573CA14B8A1}
		{5CA8754C-8D71-420A-BA16-A795F11D317D} = {C0329934-0922-4B83-8C9F-B573CA14B8A1}
		{B751E60A-2285-4337-87DB-B68220C1F798} = {C0329934-0922-4B83-8C9F-B573CA14B8A1}
	EndGlobalSection
EndGlobal
