
Microsoft Visual Studio Solution File, Format Version 11.00
# Visual Studio 2010
Project("{2150E333-8FDC-42A3-9474-1A3956D46DE8}") = "WPF", "WPF", "{4F160DAC-B7B7-42CD-87A2-844BA6157CAB}"
EndProject
Project("{2150E333-8FDC-42A3-9474-1A3956D46DE8}") = "Silverlight", "Silverlight", "{8C1BF32D-B8C8-4BED-9171-7E01FB460490}"
EndProject
Project("{2150E333-8FDC-42A3-9474-1A3956D46DE8}") = "WP7", "WP7", "{6701A4FD-CF4D-4DE4-B51B-56E7AF3F8347}"
EndProject
Project("{FAE04EC0-301F-11D3-BF4B-00C04F79EFBC}") = "Apex.WP7", "WP7\Apex.WP7\Apex.WP7.csproj", "{316AF189-94F7-4F15-A93A-3B34E8A523B2}"
EndProject
Project("{FAE04EC0-301F-11D3-BF4B-00C04F79EFBC}") = "Apex", "WPF\.NET 4.0\Apex\Apex.csproj", "{67D54A68-A287-4797-9667-ACCBF9683119}"
EndProject
Project("{2150E333-8FDC-42A3-9474-1A3956D46DE8}") = "Samples", "Samples", "{92E46CAC-42EF-4F9D-9E3D-037CA3187EB2}"
EndProject
Project("{FAE04EC0-301F-11D3-BF4B-00C04F79EFBC}") = "MVVMSample", "WPF\Samples\MVVMSample\MVVMSample.csproj", "{479D5D9F-394D-4635-953D-DA0078211320}"
EndProject
Project("{2150E333-8FDC-42A3-9474-1A3956D46DE8}") = "Samples", "Samples", "{19B4056B-BFD6-4467-A047-35F6C4D8A8A3}"
EndProject
Project("{FAE04EC0-301F-11D3-BF4B-00C04F79EFBC}") = "MVVMSample", "WP7\Samples\MVVMSample\MVVMSample.csproj", "{E94096B6-36C3-49EA-B580-06DB182C9F7D}"
EndProject
Project("{2150E333-8FDC-42A3-9474-1A3956D46DE8}") = "Samples", "Samples", "{5D667BCA-10C9-4C42-B42E-DD273B3EC042}"
EndProject
Project("{FAE04EC0-301F-11D3-BF4B-00C04F79EFBC}") = "MVVMSample", "Silverlight\Samples\MVVMSample\MVVMSample.csproj", "{F5A06B77-A59B-4449-862C-907A1085B59D}"
EndProject
Project("{FAE04EC0-301F-11D3-BF4B-00C04F79EFBC}") = "ControlsSample", "WPF\Samples\ControlsSample\ControlsSample.csproj", "{A6533E15-A64B-44E9-87B4-7B1372302FF9}"
EndProject
Project("{FAE04EC0-301F-11D3-BF4B-00C04F79EFBC}") = "ControlsSample", "Silverlight\Samples\ControlsSample\ControlsSample.csproj", "{A2C1DAA3-81A0-4555-8F6E-495C25B754E5}"
EndProject
Project("{FAE04EC0-301F-11D3-BF4B-00C04F79EFBC}") = "ControlsSample", "WP7\Samples\ControlsSample\ControlsSample.csproj", "{8550269A-AC03-4D05-91F3-043973FA56DE}"
EndProject
Project("{FAE04EC0-301F-11D3-BF4B-00C04F79EFBC}") = "DragAndDropSample", "WPF\Samples\DragAndDropSample\DragAndDropSample.csproj", "{EB143A15-9C0F-43CA-9419-BEC75C6D3A4D}"
EndProject
Project("{FAE04EC0-301F-11D3-BF4B-00C04F79EFBC}") = "DragAndDropSample", "Silverlight\Samples\DragAndDropSample\DragAndDropSample.csproj", "{12704CED-DA46-418B-BF4C-81D6FC14BDCA}"
EndProject
Project("{FAE04EC0-301F-11D3-BF4B-00C04F79EFBC}") = "CommandingSample", "WPF\Samples\CommandingExample\CommandingSample.csproj", "{A26B8CED-AA72-4C70-96BC-4A068FE55FB5}"
EndProject
Project("{FAE04EC0-301F-11D3-BF4B-00C04F79EFBC}") = "CommandingSample", "Silverlight\Samples\CommandingSample\CommandingSample.csproj", "{521E3997-5583-4848-80FB-F0095B27E288}"
EndProject
Project("{FAE04EC0-301F-11D3-BF4B-00C04F79EFBC}") = "CommandingSample", "WP7\Samples\CommandingSample\CommandingSample.csproj", "{072EFBD3-E6F1-4471-89E8-C0BA5F77C050}"
EndProject
Project("{2150E333-8FDC-42A3-9474-1A3956D46DE8}") = "Extensions", "Extensions", "{E70E7B68-B67E-4A6B-AA43-5C8DD38686DC}"
EndProject
Project("{FAE04EC0-301F-11D3-BF4B-00C04F79EFBC}") = "Snippets", "Extensions\Snippets\Snippets.csproj", "{F8C6FFCD-C814-46D3-AC79-7D36C4D614DE}"
EndProject
Project("{2150E333-8FDC-42A3-9474-1A3956D46DE8}") = "WinForms", "WinForms", "{BE012C6B-5299-4C00-B47B-16656BD82E32}"
EndProject
Project("{FAE04EC0-301F-11D3-BF4B-00C04F79EFBC}") = "Apex.WinForms", "WinForms\Apex.WinForms\Apex.WinForms.csproj", "{D0C8993B-4802-4019-90B1-84965241E7FB}"
EndProject
Project("{2150E333-8FDC-42A3-9474-1A3956D46DE8}") = "Samples", "Samples", "{C6B0C858-9F62-4778-A4C7-36635947E3E4}"
EndProject
Project("{FAE04EC0-301F-11D3-BF4B-00C04F79EFBC}") = "ControlsSample", "WinForms\Samples\ControlsSample\ControlsSample.csproj", "{3754DC54-5B50-4F1D-9F0F-5B9132287E52}"
EndProject
Project("{2150E333-8FDC-42A3-9474-1A3956D46DE8}") = ".NET 3.5", ".NET 3.5", "{16AB1467-AE89-45EF-87CC-9F2CDC82248D}"
EndProject
Project("{2150E333-8FDC-42A3-9474-1A3956D46DE8}") = ".NET 4.0", ".NET 4.0", "{A068B70D-3E2D-434F-8AF3-74D6CE6B2025}"
EndProject
Project("{FAE04EC0-301F-11D3-BF4B-00C04F79EFBC}") = "Apex", "WPF\.NET 3.5\Apex\Apex.csproj", "{ECCD3814-F5C6-411F-8F3E-FCC2FC346E29}"
EndProject
Project("{2150E333-8FDC-42A3-9474-1A3956D46DE8}") = ".NET 4.0", ".NET 4.0", "{06B58D1F-DD01-4867-BBD4-B7F56E7AD313}"
EndProject
Project("{FAE04EC0-301F-11D3-BF4B-00C04F79EFBC}") = "Apex.Silverlight", "Silverlight\.NET 4.0\Apex.Silverlight\Apex.Silverlight.csproj", "{A68B362C-73EC-4AC7-844F-CC3AB38BDD7A}"
EndProject
Project("{2150E333-8FDC-42A3-9474-1A3956D46DE8}") = ".NET 3.5", ".NET 3.5", "{1FDAB146-3EF3-4B09-84E7-CB8EE1F43CB7}"
EndProject
Project("{FAE04EC0-301F-11D3-BF4B-00C04F79EFBC}") = "Apex.Silverlight", "Silverlight\.NET 3.5\Apex.Silverlight\Apex.Silverlight.csproj", "{13FE4D78-23FA-4B5D-875B-5B71640F132B}"
EndProject
Global
	GlobalSection(TeamFoundationVersionControl) = preSolution
		SccNumberOfProjects = 20
		SccEnterpriseProvider = {4CA58AB2-18FA-4F8D-95D4-32DDF27D184C}
		SccTeamFoundationServer = https://tfs.codeplex.com/tfs/tfs33
		SccLocalPath0 = .
		SccProjectUniqueName1 = WPF\\Samples\\ControlsSample\\ControlsSample.csproj
		SccProjectTopLevelParentUniqueName1 = Apex.sln
		SccProjectName1 = WPF/Samples/ControlsSample
		SccLocalPath1 = WPF\\Samples\\ControlsSample
		SccProjectUniqueName2 = WPF\\Samples\\DragAndDropSample\\DragAndDropSample.csproj
		SccProjectTopLevelParentUniqueName2 = Apex.sln
		SccProjectName2 = WPF/Samples/DragAndDropSample
		SccLocalPath2 = WPF\\Samples\\DragAndDropSample
		SccProjectUniqueName3 = WPF\\Samples\\MVVMSample\\MVVMSample.csproj
		SccProjectTopLevelParentUniqueName3 = Apex.sln
		SccProjectName3 = WPF/Samples/MVVMSample
		SccLocalPath3 = WPF\\Samples\\MVVMSample
		SccProjectUniqueName4 = WP7\\Apex.WP7\\Apex.WP7.csproj
		SccProjectTopLevelParentUniqueName4 = Apex.sln
		SccProjectName4 = WP7/Apex.WP7
		SccLocalPath4 = WP7\\Apex.WP7
		SccProjectUniqueName5 = WP7\\Samples\\MVVMSample\\MVVMSample.csproj
		SccProjectTopLevelParentUniqueName5 = Apex.sln
		SccProjectName5 = WP7/Samples/MVVMSample
		SccLocalPath5 = WP7\\Samples\\MVVMSample
		SccProjectUniqueName6 = WP7\\Samples\\ControlsSample\\ControlsSample.csproj
		SccProjectTopLevelParentUniqueName6 = Apex.sln
		SccProjectName6 = WP7/Samples/ControlsSample
		SccLocalPath6 = WP7\\Samples\\ControlsSample
		SccProjectUniqueName7 = Silverlight\\Samples\\MVVMSample\\MVVMSample.csproj
		SccProjectTopLevelParentUniqueName7 = Apex.sln
		SccProjectName7 = Silverlight/Samples/MVVMSample
		SccLocalPath7 = Silverlight\\Samples\\MVVMSample
		SccProjectUniqueName8 = Silverlight\\Samples\\ControlsSample\\ControlsSample.csproj
		SccProjectTopLevelParentUniqueName8 = Apex.sln
		SccProjectName8 = Silverlight/Samples/ControlsSample
		SccLocalPath8 = Silverlight\\Samples\\ControlsSample
		SccProjectUniqueName9 = Silverlight\\Samples\\DragAndDropSample\\DragAndDropSample.csproj
		SccProjectTopLevelParentUniqueName9 = Apex.sln
		SccProjectName9 = Silverlight/Samples/DragAndDropSample
		SccLocalPath9 = Silverlight\\Samples\\DragAndDropSample
		SccProjectUniqueName10 = Silverlight\\Samples\\CommandingSample\\CommandingSample.csproj
		SccProjectTopLevelParentUniqueName10 = Apex.sln
		SccProjectName10 = Silverlight/Samples/CommandingSample
		SccLocalPath10 = Silverlight\\Samples\\CommandingSample
		SccProjectUniqueName11 = WPF\\Samples\\CommandingExample\\CommandingSample.csproj
		SccProjectTopLevelParentUniqueName11 = Apex.sln
		SccProjectName11 = WPF/Samples/CommandingExample
		SccLocalPath11 = WPF\\Samples\\CommandingExample
		SccProjectUniqueName12 = WP7\\Samples\\CommandingSample\\CommandingSample.csproj
		SccProjectTopLevelParentUniqueName12 = Apex.sln
		SccProjectName12 = WP7/Samples/CommandingSample
		SccLocalPath12 = WP7\\Samples\\CommandingSample
		SccProjectUniqueName13 = Extensions\\Snippets\\Snippets.csproj
		SccProjectTopLevelParentUniqueName13 = Apex.sln
		SccProjectName13 = Extensions/Snippets
		SccLocalPath13 = Extensions\\Snippets
		SccProjectUniqueName14 = WinForms\\Apex.WinForms\\Apex.WinForms.csproj
		SccProjectTopLevelParentUniqueName14 = Apex.sln
		SccProjectName14 = WinForms/Apex.WinForms
		SccLocalPath14 = WinForms\\Apex.WinForms
		SccProjectUniqueName15 = WinForms\\Samples\\ControlsSample\\ControlsSample.csproj
		SccProjectTopLevelParentUniqueName15 = Apex.sln
		SccProjectName15 = WinForms/Samples/ControlsSample
		SccLocalPath15 = WinForms\\Samples\\ControlsSample
		SccProjectUniqueName16 = WPF\\.NET\u00203.5\\Apex\\Apex.csproj
		SccProjectTopLevelParentUniqueName16 = Apex.sln
		SccProjectName16 = WPF/.NET\u00203.5/Apex
		SccLocalPath16 = WPF\\.NET\u00203.5\\Apex
		SccProjectUniqueName17 = WPF\\.NET\u00204.0\\Apex\\Apex.csproj
		SccProjectTopLevelParentUniqueName17 = Apex.sln
		SccProjectName17 = WPF/.NET\u00204.0/Apex
		SccLocalPath17 = WPF\\.NET\u00204.0\\Apex
		SccProjectUniqueName18 = Silverlight\\.NET\u00204.0\\Apex.Silverlight\\Apex.Silverlight.csproj
		SccProjectTopLevelParentUniqueName18 = Apex.sln
		SccProjectName18 = Silverlight/.NET\u00204.0/Apex.Silverlight
		SccLocalPath18 = Silverlight\\.NET\u00204.0\\Apex.Silverlight
		SccProjectUniqueName19 = Silverlight\\.NET\u00203.5\\Apex.Silverlight\\Apex.Silverlight.csproj
		SccProjectTopLevelParentUniqueName19 = Apex.sln
		SccProjectName19 = Silverlight/.NET\u00203.5/Apex.Silverlight
		SccLocalPath19 = Silverlight\\.NET\u00203.5\\Apex.Silverlight
	EndGlobalSection
	GlobalSection(SolutionConfigurationPlatforms) = preSolution
		Debug|Any CPU = Debug|Any CPU
		Debug|Mixed Platforms = Debug|Mixed Platforms
		Debug|x86 = Debug|x86
		Release|Any CPU = Release|Any CPU
		Release|Mixed Platforms = Release|Mixed Platforms
		Release|x86 = Release|x86
	EndGlobalSection
	GlobalSection(ProjectConfigurationPlatforms) = postSolution
		{316AF189-94F7-4F15-A93A-3B34E8A523B2}.Debug|Any CPU.ActiveCfg = Debug|Any CPU
		{316AF189-94F7-4F15-A93A-3B34E8A523B2}.Debug|Any CPU.Build.0 = Debug|Any CPU
		{316AF189-94F7-4F15-A93A-3B34E8A523B2}.Debug|Mixed Platforms.ActiveCfg = Debug|Any CPU
		{316AF189-94F7-4F15-A93A-3B34E8A523B2}.Debug|Mixed Platforms.Build.0 = Debug|Any CPU
		{316AF189-94F7-4F15-A93A-3B34E8A523B2}.Debug|x86.ActiveCfg = Debug|Any CPU
		{316AF189-94F7-4F15-A93A-3B34E8A523B2}.Release|Any CPU.ActiveCfg = Release|Any CPU
		{316AF189-94F7-4F15-A93A-3B34E8A523B2}.Release|Any CPU.Build.0 = Release|Any CPU
		{316AF189-94F7-4F15-A93A-3B34E8A523B2}.Release|Mixed Platforms.ActiveCfg = Release|Any CPU
		{316AF189-94F7-4F15-A93A-3B34E8A523B2}.Release|Mixed Platforms.Build.0 = Release|Any CPU
		{316AF189-94F7-4F15-A93A-3B34E8A523B2}.Release|x86.ActiveCfg = Release|Any CPU
		{67D54A68-A287-4797-9667-ACCBF9683119}.Debug|Any CPU.ActiveCfg = Debug|Any CPU
		{67D54A68-A287-4797-9667-ACCBF9683119}.Debug|Any CPU.Build.0 = Debug|Any CPU
		{67D54A68-A287-4797-9667-ACCBF9683119}.Debug|Mixed Platforms.ActiveCfg = Debug|Any CPU
		{67D54A68-A287-4797-9667-ACCBF9683119}.Debug|Mixed Platforms.Build.0 = Debug|Any CPU
		{67D54A68-A287-4797-9667-ACCBF9683119}.Debug|x86.ActiveCfg = Debug|Any CPU
		{67D54A68-A287-4797-9667-ACCBF9683119}.Release|Any CPU.ActiveCfg = Release|Any CPU
		{67D54A68-A287-4797-9667-ACCBF9683119}.Release|Any CPU.Build.0 = Release|Any CPU
		{67D54A68-A287-4797-9667-ACCBF9683119}.Release|Mixed Platforms.ActiveCfg = Release|Any CPU
		{67D54A68-A287-4797-9667-ACCBF9683119}.Release|Mixed Platforms.Build.0 = Release|Any CPU
		{67D54A68-A287-4797-9667-ACCBF9683119}.Release|x86.ActiveCfg = Release|Any CPU
		{479D5D9F-394D-4635-953D-DA0078211320}.Debug|Any CPU.ActiveCfg = Debug|x86
		{479D5D9F-394D-4635-953D-DA0078211320}.Debug|Mixed Platforms.ActiveCfg = Debug|x86
		{479D5D9F-394D-4635-953D-DA0078211320}.Debug|Mixed Platforms.Build.0 = Debug|x86
		{479D5D9F-394D-4635-953D-DA0078211320}.Debug|x86.ActiveCfg = Debug|x86
		{479D5D9F-394D-4635-953D-DA0078211320}.Debug|x86.Build.0 = Debug|x86
		{479D5D9F-394D-4635-953D-DA0078211320}.Release|Any CPU.ActiveCfg = Release|x86
		{479D5D9F-394D-4635-953D-DA0078211320}.Release|Mixed Platforms.ActiveCfg = Release|x86
		{479D5D9F-394D-4635-953D-DA0078211320}.Release|Mixed Platforms.Build.0 = Release|x86
		{479D5D9F-394D-4635-953D-DA0078211320}.Release|x86.ActiveCfg = Release|x86
		{479D5D9F-394D-4635-953D-DA0078211320}.Release|x86.Build.0 = Release|x86
		{E94096B6-36C3-49EA-B580-06DB182C9F7D}.Debug|Any CPU.ActiveCfg = Debug|Any CPU
		{E94096B6-36C3-49EA-B580-06DB182C9F7D}.Debug|Any CPU.Build.0 = Debug|Any CPU
		{E94096B6-36C3-49EA-B580-06DB182C9F7D}.Debug|Any CPU.Deploy.0 = Debug|Any CPU
		{E94096B6-36C3-49EA-B580-06DB182C9F7D}.Debug|Mixed Platforms.ActiveCfg = Debug|Any CPU
		{E94096B6-36C3-49EA-B580-06DB182C9F7D}.Debug|Mixed Platforms.Build.0 = Debug|Any CPU
		{E94096B6-36C3-49EA-B580-06DB182C9F7D}.Debug|Mixed Platforms.Deploy.0 = Debug|Any CPU
		{E94096B6-36C3-49EA-B580-06DB182C9F7D}.Debug|x86.ActiveCfg = Debug|Any CPU
		{E94096B6-36C3-49EA-B580-06DB182C9F7D}.Release|Any CPU.ActiveCfg = Release|Any CPU
		{E94096B6-36C3-49EA-B580-06DB182C9F7D}.Release|Any CPU.Build.0 = Release|Any CPU
		{E94096B6-36C3-49EA-B580-06DB182C9F7D}.Release|Any CPU.Deploy.0 = Release|Any CPU
		{E94096B6-36C3-49EA-B580-06DB182C9F7D}.Release|Mixed Platforms.ActiveCfg = Release|Any CPU
		{E94096B6-36C3-49EA-B580-06DB182C9F7D}.Release|Mixed Platforms.Build.0 = Release|Any CPU
		{E94096B6-36C3-49EA-B580-06DB182C9F7D}.Release|Mixed Platforms.Deploy.0 = Release|Any CPU
		{E94096B6-36C3-49EA-B580-06DB182C9F7D}.Release|x86.ActiveCfg = Release|Any CPU
		{F5A06B77-A59B-4449-862C-907A1085B59D}.Debug|Any CPU.ActiveCfg = Debug|Any CPU
		{F5A06B77-A59B-4449-862C-907A1085B59D}.Debug|Any CPU.Build.0 = Debug|Any CPU
		{F5A06B77-A59B-4449-862C-907A1085B59D}.Debug|Mixed Platforms.ActiveCfg = Debug|Any CPU
		{F5A06B77-A59B-4449-862C-907A1085B59D}.Debug|Mixed Platforms.Build.0 = Debug|Any CPU
		{F5A06B77-A59B-4449-862C-907A1085B59D}.Debug|x86.ActiveCfg = Debug|Any CPU
		{F5A06B77-A59B-4449-862C-907A1085B59D}.Release|Any CPU.ActiveCfg = Release|Any CPU
		{F5A06B77-A59B-4449-862C-907A1085B59D}.Release|Any CPU.Build.0 = Release|Any CPU
		{F5A06B77-A59B-4449-862C-907A1085B59D}.Release|Mixed Platforms.ActiveCfg = Release|Any CPU
		{F5A06B77-A59B-4449-862C-907A1085B59D}.Release|Mixed Platforms.Build.0 = Release|Any CPU
		{F5A06B77-A59B-4449-862C-907A1085B59D}.Release|x86.ActiveCfg = Release|Any CPU
		{A6533E15-A64B-44E9-87B4-7B1372302FF9}.Debug|Any CPU.ActiveCfg = Debug|x86
		{A6533E15-A64B-44E9-87B4-7B1372302FF9}.Debug|Mixed Platforms.ActiveCfg = Debug|x86
		{A6533E15-A64B-44E9-87B4-7B1372302FF9}.Debug|Mixed Platforms.Build.0 = Debug|x86
		{A6533E15-A64B-44E9-87B4-7B1372302FF9}.Debug|x86.ActiveCfg = Debug|x86
		{A6533E15-A64B-44E9-87B4-7B1372302FF9}.Debug|x86.Build.0 = Debug|x86
		{A6533E15-A64B-44E9-87B4-7B1372302FF9}.Release|Any CPU.ActiveCfg = Release|x86
		{A6533E15-A64B-44E9-87B4-7B1372302FF9}.Release|Mixed Platforms.ActiveCfg = Release|x86
		{A6533E15-A64B-44E9-87B4-7B1372302FF9}.Release|Mixed Platforms.Build.0 = Release|x86
		{A6533E15-A64B-44E9-87B4-7B1372302FF9}.Release|x86.ActiveCfg = Release|x86
		{A6533E15-A64B-44E9-87B4-7B1372302FF9}.Release|x86.Build.0 = Release|x86
		{A2C1DAA3-81A0-4555-8F6E-495C25B754E5}.Debug|Any CPU.ActiveCfg = Debug|Any CPU
		{A2C1DAA3-81A0-4555-8F6E-495C25B754E5}.Debug|Any CPU.Build.0 = Debug|Any CPU
		{A2C1DAA3-81A0-4555-8F6E-495C25B754E5}.Debug|Mixed Platforms.ActiveCfg = Debug|Any CPU
		{A2C1DAA3-81A0-4555-8F6E-495C25B754E5}.Debug|Mixed Platforms.Build.0 = Debug|Any CPU
		{A2C1DAA3-81A0-4555-8F6E-495C25B754E5}.Debug|x86.ActiveCfg = Debug|Any CPU
		{A2C1DAA3-81A0-4555-8F6E-495C25B754E5}.Release|Any CPU.ActiveCfg = Release|Any CPU
		{A2C1DAA3-81A0-4555-8F6E-495C25B754E5}.Release|Any CPU.Build.0 = Release|Any CPU
		{A2C1DAA3-81A0-4555-8F6E-495C25B754E5}.Release|Mixed Platforms.ActiveCfg = Release|Any CPU
		{A2C1DAA3-81A0-4555-8F6E-495C25B754E5}.Release|Mixed Platforms.Build.0 = Release|Any CPU
		{A2C1DAA3-81A0-4555-8F6E-495C25B754E5}.Release|x86.ActiveCfg = Release|Any CPU
		{8550269A-AC03-4D05-91F3-043973FA56DE}.Debug|Any CPU.ActiveCfg = Debug|Any CPU
		{8550269A-AC03-4D05-91F3-043973FA56DE}.Debug|Any CPU.Build.0 = Debug|Any CPU
		{8550269A-AC03-4D05-91F3-043973FA56DE}.Debug|Any CPU.Deploy.0 = Debug|Any CPU
		{8550269A-AC03-4D05-91F3-043973FA56DE}.Debug|Mixed Platforms.ActiveCfg = Debug|Any CPU
		{8550269A-AC03-4D05-91F3-043973FA56DE}.Debug|Mixed Platforms.Build.0 = Debug|Any CPU
		{8550269A-AC03-4D05-91F3-043973FA56DE}.Debug|Mixed Platforms.Deploy.0 = Debug|Any CPU
		{8550269A-AC03-4D05-91F3-043973FA56DE}.Debug|x86.ActiveCfg = Debug|Any CPU
		{8550269A-AC03-4D05-91F3-043973FA56DE}.Release|Any CPU.ActiveCfg = Release|Any CPU
		{8550269A-AC03-4D05-91F3-043973FA56DE}.Release|Any CPU.Build.0 = Release|Any CPU
		{8550269A-AC03-4D05-91F3-043973FA56DE}.Release|Any CPU.Deploy.0 = Release|Any CPU
		{8550269A-AC03-4D05-91F3-043973FA56DE}.Release|Mixed Platforms.ActiveCfg = Release|Any CPU
		{8550269A-AC03-4D05-91F3-043973FA56DE}.Release|Mixed Platforms.Build.0 = Release|Any CPU
		{8550269A-AC03-4D05-91F3-043973FA56DE}.Release|Mixed Platforms.Deploy.0 = Release|Any CPU
		{8550269A-AC03-4D05-91F3-043973FA56DE}.Release|x86.ActiveCfg = Release|Any CPU
		{EB143A15-9C0F-43CA-9419-BEC75C6D3A4D}.Debug|Any CPU.ActiveCfg = Debug|x86
		{EB143A15-9C0F-43CA-9419-BEC75C6D3A4D}.Debug|Mixed Platforms.ActiveCfg = Debug|x86
		{EB143A15-9C0F-43CA-9419-BEC75C6D3A4D}.Debug|Mixed Platforms.Build.0 = Debug|x86
		{EB143A15-9C0F-43CA-9419-BEC75C6D3A4D}.Debug|x86.ActiveCfg = Debug|x86
		{EB143A15-9C0F-43CA-9419-BEC75C6D3A4D}.Debug|x86.Build.0 = Debug|x86
		{EB143A15-9C0F-43CA-9419-BEC75C6D3A4D}.Release|Any CPU.ActiveCfg = Release|x86
		{EB143A15-9C0F-43CA-9419-BEC75C6D3A4D}.Release|Mixed Platforms.ActiveCfg = Release|x86
		{EB143A15-9C0F-43CA-9419-BEC75C6D3A4D}.Release|Mixed Platforms.Build.0 = Release|x86
		{EB143A15-9C0F-43CA-9419-BEC75C6D3A4D}.Release|x86.ActiveCfg = Release|x86
		{EB143A15-9C0F-43CA-9419-BEC75C6D3A4D}.Release|x86.Build.0 = Release|x86
		{12704CED-DA46-418B-BF4C-81D6FC14BDCA}.Debug|Any CPU.ActiveCfg = Debug|Any CPU
		{12704CED-DA46-418B-BF4C-81D6FC14BDCA}.Debug|Any CPU.Build.0 = Debug|Any CPU
		{12704CED-DA46-418B-BF4C-81D6FC14BDCA}.Debug|Mixed Platforms.ActiveCfg = Debug|Any CPU
		{12704CED-DA46-418B-BF4C-81D6FC14BDCA}.Debug|Mixed Platforms.Build.0 = Debug|Any CPU
		{12704CED-DA46-418B-BF4C-81D6FC14BDCA}.Debug|x86.ActiveCfg = Debug|Any CPU
		{12704CED-DA46-418B-BF4C-81D6FC14BDCA}.Release|Any CPU.ActiveCfg = Release|Any CPU
		{12704CED-DA46-418B-BF4C-81D6FC14BDCA}.Release|Any CPU.Build.0 = Release|Any CPU
		{12704CED-DA46-418B-BF4C-81D6FC14BDCA}.Release|Mixed Platforms.ActiveCfg = Release|Any CPU
		{12704CED-DA46-418B-BF4C-81D6FC14BDCA}.Release|Mixed Platforms.Build.0 = Release|Any CPU
		{12704CED-DA46-418B-BF4C-81D6FC14BDCA}.Release|x86.ActiveCfg = Release|Any CPU
		{A26B8CED-AA72-4C70-96BC-4A068FE55FB5}.Debug|Any CPU.ActiveCfg = Debug|x86
		{A26B8CED-AA72-4C70-96BC-4A068FE55FB5}.Debug|Mixed Platforms.ActiveCfg = Debug|x86
		{A26B8CED-AA72-4C70-96BC-4A068FE55FB5}.Debug|Mixed Platforms.Build.0 = Debug|x86
		{A26B8CED-AA72-4C70-96BC-4A068FE55FB5}.Debug|x86.ActiveCfg = Debug|x86
		{A26B8CED-AA72-4C70-96BC-4A068FE55FB5}.Debug|x86.Build.0 = Debug|x86
		{A26B8CED-AA72-4C70-96BC-4A068FE55FB5}.Release|Any CPU.ActiveCfg = Release|x86
		{A26B8CED-AA72-4C70-96BC-4A068FE55FB5}.Release|Mixed Platforms.ActiveCfg = Release|x86
		{A26B8CED-AA72-4C70-96BC-4A068FE55FB5}.Release|Mixed Platforms.Build.0 = Release|x86
		{A26B8CED-AA72-4C70-96BC-4A068FE55FB5}.Release|x86.ActiveCfg = Release|x86
		{A26B8CED-AA72-4C70-96BC-4A068FE55FB5}.Release|x86.Build.0 = Release|x86
		{521E3997-5583-4848-80FB-F0095B27E288}.Debug|Any CPU.ActiveCfg = Debug|Any CPU
		{521E3997-5583-4848-80FB-F0095B27E288}.Debug|Any CPU.Build.0 = Debug|Any CPU
		{521E3997-5583-4848-80FB-F0095B27E288}.Debug|Mixed Platforms.ActiveCfg = Debug|Any CPU
		{521E3997-5583-4848-80FB-F0095B27E288}.Debug|Mixed Platforms.Build.0 = Debug|Any CPU
		{521E3997-5583-4848-80FB-F0095B27E288}.Debug|x86.ActiveCfg = Debug|Any CPU
		{521E3997-5583-4848-80FB-F0095B27E288}.Release|Any CPU.ActiveCfg = Release|Any CPU
		{521E3997-5583-4848-80FB-F0095B27E288}.Release|Any CPU.Build.0 = Release|Any CPU
		{521E3997-5583-4848-80FB-F0095B27E288}.Release|Mixed Platforms.ActiveCfg = Release|Any CPU
		{521E3997-5583-4848-80FB-F0095B27E288}.Release|Mixed Platforms.Build.0 = Release|Any CPU
		{521E3997-5583-4848-80FB-F0095B27E288}.Release|x86.ActiveCfg = Release|Any CPU
		{072EFBD3-E6F1-4471-89E8-C0BA5F77C050}.Debug|Any CPU.ActiveCfg = Debug|Any CPU
		{072EFBD3-E6F1-4471-89E8-C0BA5F77C050}.Debug|Any CPU.Build.0 = Debug|Any CPU
		{072EFBD3-E6F1-4471-89E8-C0BA5F77C050}.Debug|Any CPU.Deploy.0 = Debug|Any CPU
		{072EFBD3-E6F1-4471-89E8-C0BA5F77C050}.Debug|Mixed Platforms.ActiveCfg = Debug|Any CPU
		{072EFBD3-E6F1-4471-89E8-C0BA5F77C050}.Debug|Mixed Platforms.Build.0 = Debug|Any CPU
		{072EFBD3-E6F1-4471-89E8-C0BA5F77C050}.Debug|Mixed Platforms.Deploy.0 = Debug|Any CPU
		{072EFBD3-E6F1-4471-89E8-C0BA5F77C050}.Debug|x86.ActiveCfg = Debug|Any CPU
		{072EFBD3-E6F1-4471-89E8-C0BA5F77C050}.Release|Any CPU.ActiveCfg = Release|Any CPU
		{072EFBD3-E6F1-4471-89E8-C0BA5F77C050}.Release|Any CPU.Build.0 = Release|Any CPU
		{072EFBD3-E6F1-4471-89E8-C0BA5F77C050}.Release|Any CPU.Deploy.0 = Release|Any CPU
		{072EFBD3-E6F1-4471-89E8-C0BA5F77C050}.Release|Mixed Platforms.ActiveCfg = Release|Any CPU
		{072EFBD3-E6F1-4471-89E8-C0BA5F77C050}.Release|Mixed Platforms.Build.0 = Release|Any CPU
		{072EFBD3-E6F1-4471-89E8-C0BA5F77C050}.Release|Mixed Platforms.Deploy.0 = Release|Any CPU
		{072EFBD3-E6F1-4471-89E8-C0BA5F77C050}.Release|x86.ActiveCfg = Release|Any CPU
		{F8C6FFCD-C814-46D3-AC79-7D36C4D614DE}.Debug|Any CPU.ActiveCfg = Debug|x86
		{F8C6FFCD-C814-46D3-AC79-7D36C4D614DE}.Debug|Mixed Platforms.ActiveCfg = Debug|x86
		{F8C6FFCD-C814-46D3-AC79-7D36C4D614DE}.Debug|Mixed Platforms.Build.0 = Debug|x86
		{F8C6FFCD-C814-46D3-AC79-7D36C4D614DE}.Debug|x86.ActiveCfg = Debug|x86
		{F8C6FFCD-C814-46D3-AC79-7D36C4D614DE}.Debug|x86.Build.0 = Debug|x86
		{F8C6FFCD-C814-46D3-AC79-7D36C4D614DE}.Release|Any CPU.ActiveCfg = Release|x86
		{F8C6FFCD-C814-46D3-AC79-7D36C4D614DE}.Release|Mixed Platforms.ActiveCfg = Release|x86
		{F8C6FFCD-C814-46D3-AC79-7D36C4D614DE}.Release|Mixed Platforms.Build.0 = Release|x86
		{F8C6FFCD-C814-46D3-AC79-7D36C4D614DE}.Release|x86.ActiveCfg = Release|x86
		{F8C6FFCD-C814-46D3-AC79-7D36C4D614DE}.Release|x86.Build.0 = Release|x86
		{D0C8993B-4802-4019-90B1-84965241E7FB}.Debug|Any CPU.ActiveCfg = Debug|Any CPU
		{D0C8993B-4802-4019-90B1-84965241E7FB}.Debug|Any CPU.Build.0 = Debug|Any CPU
		{D0C8993B-4802-4019-90B1-84965241E7FB}.Debug|Mixed Platforms.ActiveCfg = Debug|Any CPU
		{D0C8993B-4802-4019-90B1-84965241E7FB}.Debug|Mixed Platforms.Build.0 = Debug|Any CPU
		{D0C8993B-4802-4019-90B1-84965241E7FB}.Debug|x86.ActiveCfg = Debug|Any CPU
		{D0C8993B-4802-4019-90B1-84965241E7FB}.Release|Any CPU.ActiveCfg = Release|Any CPU
		{D0C8993B-4802-4019-90B1-84965241E7FB}.Release|Any CPU.Build.0 = Release|Any CPU
		{D0C8993B-4802-4019-90B1-84965241E7FB}.Release|Mixed Platforms.ActiveCfg = Release|Any CPU
		{D0C8993B-4802-4019-90B1-84965241E7FB}.Release|Mixed Platforms.Build.0 = Release|Any CPU
		{D0C8993B-4802-4019-90B1-84965241E7FB}.Release|x86.ActiveCfg = Release|Any CPU
		{3754DC54-5B50-4F1D-9F0F-5B9132287E52}.Debug|Any CPU.ActiveCfg = Debug|x86
		{3754DC54-5B50-4F1D-9F0F-5B9132287E52}.Debug|Mixed Platforms.ActiveCfg = Debug|x86
		{3754DC54-5B50-4F1D-9F0F-5B9132287E52}.Debug|Mixed Platforms.Build.0 = Debug|x86
		{3754DC54-5B50-4F1D-9F0F-5B9132287E52}.Debug|x86.ActiveCfg = Debug|x86
		{3754DC54-5B50-4F1D-9F0F-5B9132287E52}.Debug|x86.Build.0 = Debug|x86
		{3754DC54-5B50-4F1D-9F0F-5B9132287E52}.Release|Any CPU.ActiveCfg = Release|x86
		{3754DC54-5B50-4F1D-9F0F-5B9132287E52}.Release|Mixed Platforms.ActiveCfg = Release|x86
		{3754DC54-5B50-4F1D-9F0F-5B9132287E52}.Release|Mixed Platforms.Build.0 = Release|x86
		{3754DC54-5B50-4F1D-9F0F-5B9132287E52}.Release|x86.ActiveCfg = Release|x86
		{3754DC54-5B50-4F1D-9F0F-5B9132287E52}.Release|x86.Build.0 = Release|x86
		{ECCD3814-F5C6-411F-8F3E-FCC2FC346E29}.Debug|Any CPU.ActiveCfg = Debug|Any CPU
		{ECCD3814-F5C6-411F-8F3E-FCC2FC346E29}.Debug|Any CPU.Build.0 = Debug|Any CPU
		{ECCD3814-F5C6-411F-8F3E-FCC2FC346E29}.Debug|Mixed Platforms.ActiveCfg = Debug|Any CPU
		{ECCD3814-F5C6-411F-8F3E-FCC2FC346E29}.Debug|Mixed Platforms.Build.0 = Debug|Any CPU
		{ECCD3814-F5C6-411F-8F3E-FCC2FC346E29}.Debug|x86.ActiveCfg = Debug|Any CPU
		{ECCD3814-F5C6-411F-8F3E-FCC2FC346E29}.Release|Any CPU.ActiveCfg = Release|Any CPU
		{ECCD3814-F5C6-411F-8F3E-FCC2FC346E29}.Release|Any CPU.Build.0 = Release|Any CPU
		{ECCD3814-F5C6-411F-8F3E-FCC2FC346E29}.Release|Mixed Platforms.ActiveCfg = Release|Any CPU
		{ECCD3814-F5C6-411F-8F3E-FCC2FC346E29}.Release|Mixed Platforms.Build.0 = Release|Any CPU
		{ECCD3814-F5C6-411F-8F3E-FCC2FC346E29}.Release|x86.ActiveCfg = Release|Any CPU
		{A68B362C-73EC-4AC7-844F-CC3AB38BDD7A}.Debug|Any CPU.ActiveCfg = Debug|Any CPU
		{A68B362C-73EC-4AC7-844F-CC3AB38BDD7A}.Debug|Any CPU.Build.0 = Debug|Any CPU
		{A68B362C-73EC-4AC7-844F-CC3AB38BDD7A}.Debug|Mixed Platforms.ActiveCfg = Debug|Any CPU
		{A68B362C-73EC-4AC7-844F-CC3AB38BDD7A}.Debug|Mixed Platforms.Build.0 = Debug|Any CPU
		{A68B362C-73EC-4AC7-844F-CC3AB38BDD7A}.Debug|x86.ActiveCfg = Debug|Any CPU
		{A68B362C-73EC-4AC7-844F-CC3AB38BDD7A}.Release|Any CPU.ActiveCfg = Release|Any CPU
		{A68B362C-73EC-4AC7-844F-CC3AB38BDD7A}.Release|Any CPU.Build.0 = Release|Any CPU
		{A68B362C-73EC-4AC7-844F-CC3AB38BDD7A}.Release|Mixed Platforms.ActiveCfg = Release|Any CPU
		{A68B362C-73EC-4AC7-844F-CC3AB38BDD7A}.Release|Mixed Platforms.Build.0 = Release|Any CPU
		{A68B362C-73EC-4AC7-844F-CC3AB38BDD7A}.Release|x86.ActiveCfg = Release|Any CPU
		{13FE4D78-23FA-4B5D-875B-5B71640F132B}.Debug|Any CPU.ActiveCfg = Debug|Any CPU
		{13FE4D78-23FA-4B5D-875B-5B71640F132B}.Debug|Any CPU.Build.0 = Debug|Any CPU
		{13FE4D78-23FA-4B5D-875B-5B71640F132B}.Debug|Mixed Platforms.ActiveCfg = Debug|Any CPU
		{13FE4D78-23FA-4B5D-875B-5B71640F132B}.Debug|Mixed Platforms.Build.0 = Debug|Any CPU
		{13FE4D78-23FA-4B5D-875B-5B71640F132B}.Debug|x86.ActiveCfg = Debug|Any CPU
		{13FE4D78-23FA-4B5D-875B-5B71640F132B}.Release|Any CPU.ActiveCfg = Release|Any CPU
		{13FE4D78-23FA-4B5D-875B-5B71640F132B}.Release|Any CPU.Build.0 = Release|Any CPU
		{13FE4D78-23FA-4B5D-875B-5B71640F132B}.Release|Mixed Platforms.ActiveCfg = Release|Any CPU
		{13FE4D78-23FA-4B5D-875B-5B71640F132B}.Release|Mixed Platforms.Build.0 = Release|Any CPU
		{13FE4D78-23FA-4B5D-875B-5B71640F132B}.Release|x86.ActiveCfg = Release|Any CPU
	EndGlobalSection
	GlobalSection(SolutionProperties) = preSolution
		HideSolutionNode = FALSE
	EndGlobalSection
	GlobalSection(NestedProjects) = preSolution
		{A068B70D-3E2D-434F-8AF3-74D6CE6B2025} = {4F160DAC-B7B7-42CD-87A2-844BA6157CAB}
		{92E46CAC-42EF-4F9D-9E3D-037CA3187EB2} = {4F160DAC-B7B7-42CD-87A2-844BA6157CAB}
		{16AB1467-AE89-45EF-87CC-9F2CDC82248D} = {4F160DAC-B7B7-42CD-87A2-844BA6157CAB}
		{5D667BCA-10C9-4C42-B42E-DD273B3EC042} = {8C1BF32D-B8C8-4BED-9171-7E01FB460490}
		{06B58D1F-DD01-4867-BBD4-B7F56E7AD313} = {8C1BF32D-B8C8-4BED-9171-7E01FB460490}
		{1FDAB146-3EF3-4B09-84E7-CB8EE1F43CB7} = {8C1BF32D-B8C8-4BED-9171-7E01FB460490}
		{316AF189-94F7-4F15-A93A-3B34E8A523B2} = {6701A4FD-CF4D-4DE4-B51B-56E7AF3F8347}
		{19B4056B-BFD6-4467-A047-35F6C4D8A8A3} = {6701A4FD-CF4D-4DE4-B51B-56E7AF3F8347}
		{67D54A68-A287-4797-9667-ACCBF9683119} = {A068B70D-3E2D-434F-8AF3-74D6CE6B2025}
		{479D5D9F-394D-4635-953D-DA0078211320} = {92E46CAC-42EF-4F9D-9E3D-037CA3187EB2}
		{A6533E15-A64B-44E9-87B4-7B1372302FF9} = {92E46CAC-42EF-4F9D-9E3D-037CA3187EB2}
		{EB143A15-9C0F-43CA-9419-BEC75C6D3A4D} = {92E46CAC-42EF-4F9D-9E3D-037CA3187EB2}
		{A26B8CED-AA72-4C70-96BC-4A068FE55FB5} = {92E46CAC-42EF-4F9D-9E3D-037CA3187EB2}
		{E94096B6-36C3-49EA-B580-06DB182C9F7D} = {19B4056B-BFD6-4467-A047-35F6C4D8A8A3}
		{8550269A-AC03-4D05-91F3-043973FA56DE} = {19B4056B-BFD6-4467-A047-35F6C4D8A8A3}
		{072EFBD3-E6F1-4471-89E8-C0BA5F77C050} = {19B4056B-BFD6-4467-A047-35F6C4D8A8A3}
		{F5A06B77-A59B-4449-862C-907A1085B59D} = {5D667BCA-10C9-4C42-B42E-DD273B3EC042}
		{A2C1DAA3-81A0-4555-8F6E-495C25B754E5} = {5D667BCA-10C9-4C42-B42E-DD273B3EC042}
		{12704CED-DA46-418B-BF4C-81D6FC14BDCA} = {5D667BCA-10C9-4C42-B42E-DD273B3EC042}
		{521E3997-5583-4848-80FB-F0095B27E288} = {5D667BCA-10C9-4C42-B42E-DD273B3EC042}
		{F8C6FFCD-C814-46D3-AC79-7D36C4D614DE} = {E70E7B68-B67E-4A6B-AA43-5C8DD38686DC}
		{D0C8993B-4802-4019-90B1-84965241E7FB} = {BE012C6B-5299-4C00-B47B-16656BD82E32}
		{C6B0C858-9F62-4778-A4C7-36635947E3E4} = {BE012C6B-5299-4C00-B47B-16656BD82E32}
		{3754DC54-5B50-4F1D-9F0F-5B9132287E52} = {C6B0C858-9F62-4778-A4C7-36635947E3E4}
		{ECCD3814-F5C6-411F-8F3E-FCC2FC346E29} = {16AB1467-AE89-45EF-87CC-9F2CDC82248D}
		{A68B362C-73EC-4AC7-844F-CC3AB38BDD7A} = {06B58D1F-DD01-4867-BBD4-B7F56E7AD313}
		{13FE4D78-23FA-4B5D-875B-5B71640F132B} = {1FDAB146-3EF3-4B09-84E7-CB8EE1F43CB7}
	EndGlobalSection
EndGlobal
