
Microsoft Visual Studio Solution File, Format Version 11.00
# Visual Studio 2010
Project("{2150E333-8FDC-42A3-9474-1A3956D46DE8}") = "1. Core", "1. Core", "{6685A8B7-9331-4950-A189-8D4CAD5B00FB}"
EndProject
Project("{FAE04EC0-301F-11D3-BF4B-00C04F79EFBC}") = "Apex", "Core\Apex\Apex.csproj", "{67D54A68-A287-4797-9667-ACCBF9683119}"
EndProject
Project("{FAE04EC0-301F-11D3-BF4B-00C04F79EFBC}") = "Apex.WinForms", "Core\Apex.WinForms\Apex.WinForms.csproj", "{A479105C-717B-4500-8FFC-B3D12BEEF13E}"
EndProject
Project("{2150E333-8FDC-42A3-9474-1A3956D46DE8}") = "4. Samples", "4. Samples", "{667590DA-FA9C-4B18-9437-89049B7D987A}"
EndProject
Project("{2150E333-8FDC-42A3-9474-1A3956D46DE8}") = "WPF", "WPF", "{B57DB265-7B82-4C9A-AB06-28D2B420F89A}"
EndProject
Project("{2150E333-8FDC-42A3-9474-1A3956D46DE8}") = "Silverlight", "Silverlight", "{353D4028-64A3-4D6D-A32B-89ECD5C85915}"
EndProject
Project("{2150E333-8FDC-42A3-9474-1A3956D46DE8}") = "WP7", "WP7", "{B71DA8DD-EC3F-4408-92F6-02BA6D96253E}"
EndProject
Project("{2150E333-8FDC-42A3-9474-1A3956D46DE8}") = "WinForms", "WinForms", "{C4342C25-B333-4AB8-B8CD-A9541DD83CF1}"
EndProject
Project("{FAE04EC0-301F-11D3-BF4B-00C04F79EFBC}") = "ControlsSample", "Samples\WinForms\ControlsSample\ControlsSample.csproj", "{3754DC54-5B50-4F1D-9F0F-5B9132287E52}"
EndProject
Project("{FAE04EC0-301F-11D3-BF4B-00C04F79EFBC}") = "Apex.WP7", "Core\Apex.WP7\Apex.WP7.csproj", "{9BC524A0-83F9-4864-A1E5-F93EB7DDAF8A}"
EndProject
Project("{2150E333-8FDC-42A3-9474-1A3956D46DE8}") = "5. Tests", "5. Tests", "{A7AAB5CF-4785-4DAF-A77A-94162B40BDD0}"
EndProject
Project("{FAE04EC0-301F-11D3-BF4B-00C04F79EFBC}") = "Apex.Tests", "Tests\Apex.Tests\Apex.Tests.csproj", "{C9F7E022-1B56-47F4-80DF-A33591AD7ED2}"
EndProject
Project("{2150E333-8FDC-42A3-9474-1A3956D46DE8}") = "0. Solution Items", "0. Solution Items", "{145D0D4D-D218-432D-B7DB-9E6094117FF5}"
	ProjectSection(SolutionItems) = preProject
		Local.testsettings = Local.testsettings
		SharedAssemblyInfo.cs = SharedAssemblyInfo.cs
		TraceAndTestImpact.testsettings = TraceAndTestImpact.testsettings
	EndProjectSection
EndProject
Project("{FAE04EC0-301F-11D3-BF4B-00C04F79EFBC}") = "Apex.Silverlight", "Core\Apex.Silverlight\Apex.Silverlight.csproj", "{A9132C33-99DE-4780-BD39-99D7CF1E2345}"
EndProject
Project("{FAE04EC0-301F-11D3-BF4B-00C04F79EFBC}") = "Gallery", "Samples\WPF\Gallery\Gallery.csproj", "{B6DEAE4E-ACDF-43EE-BD7A-24863442F556}"
EndProject
Project("{FAE04EC0-301F-11D3-BF4B-00C04F79EFBC}") = "Gallery", "Samples\Silverlight\Gallery\Gallery.csproj", "{A3D04E18-E4C4-448F-8EB6-0FCD570ED160}"
EndProject
Project("{FAE04EC0-301F-11D3-BF4B-00C04F79EFBC}") = "Gallery", "Samples\WP7\Gallery\Gallery.csproj", "{1169F31C-A9EE-4659-A9FA-0724F6154462}"
EndProject
Global
	GlobalSection(TeamFoundationVersionControl) = preSolution
		SccNumberOfProjects = 10
		SccEnterpriseProvider = {4CA58AB2-18FA-4F8D-95D4-32DDF27D184C}
		SccTeamFoundationServer = https://tfs.codeplex.com/tfs/tfs33
		SccLocalPath0 = .
		SccProjectUniqueName1 = Core\\Apex.WinForms\\Apex.WinForms.csproj
		SccProjectTopLevelParentUniqueName1 = Apex.Core.sln
		SccProjectName1 = Core/Apex.WinForms
		SccLocalPath1 = Core\\Apex.WinForms
		SccProjectUniqueName2 = Samples\\WinForms\\ControlsSample\\ControlsSample.csproj
		SccProjectTopLevelParentUniqueName2 = Apex.Core.sln
		SccProjectName2 = Samples/WinForms/ControlsSample
		SccLocalPath2 = Samples\\WinForms\\ControlsSample
		SccProjectUniqueName3 = Core\\Apex\\Apex.csproj
		SccProjectTopLevelParentUniqueName3 = Apex.Core.sln
		SccProjectName3 = Core/Apex
		SccLocalPath3 = Core\\Apex
		SccProjectUniqueName4 = Core\\Apex.WP7\\Apex.WP7.csproj
		SccProjectTopLevelParentUniqueName4 = Apex.Core.sln
		SccProjectName4 = Core/Apex.WP7
		SccLocalPath4 = Core\\Apex.WP7
		SccProjectUniqueName5 = Tests\\Apex.Tests\\Apex.Tests.csproj
		SccProjectTopLevelParentUniqueName5 = Apex.Core.sln
		SccProjectName5 = Tests/Apex.Tests
		SccLocalPath5 = Tests\\Apex.Tests
		SccProjectUniqueName6 = Core\\Apex.Silverlight\\Apex.Silverlight.csproj
		SccProjectTopLevelParentUniqueName6 = Apex.Core.sln
		SccProjectName6 = Core/Apex.Silverlight
		SccLocalPath6 = Core\\Apex.Silverlight
		SccProjectUniqueName7 = Samples\\WPF\\Gallery\\Gallery.csproj
		SccProjectTopLevelParentUniqueName7 = Apex.Core.sln
		SccProjectName7 = Samples/WPF/Gallery
		SccLocalPath7 = Samples\\WPF\\Gallery
		SccProjectUniqueName8 = Samples\\Silverlight\\Gallery\\Gallery.csproj
		SccProjectTopLevelParentUniqueName8 = Apex.Core.sln
		SccProjectName8 = Samples/Silverlight/Gallery
		SccLocalPath8 = Samples\\Silverlight\\Gallery
		SccProjectUniqueName9 = Samples\\WP7\\Gallery\\Gallery.csproj
		SccProjectTopLevelParentUniqueName9 = Apex.Core.sln
		SccProjectName9 = Samples/WP7/Gallery
		SccLocalPath9 = Samples\\WP7\\Gallery
	EndGlobalSection
	GlobalSection(TestCaseManagementSettings) = postSolution
		CategoryFile = Apex.vsmdi
	EndGlobalSection
	GlobalSection(SolutionConfigurationPlatforms) = preSolution
		Debug|Any CPU = Debug|Any CPU
		Debug|ARM = Debug|ARM
		Debug|Mixed Platforms = Debug|Mixed Platforms
		Debug|x64 = Debug|x64
		Debug|x86 = Debug|x86
		Release|Any CPU = Release|Any CPU
		Release|ARM = Release|ARM
		Release|Mixed Platforms = Release|Mixed Platforms
		Release|x64 = Release|x64
		Release|x86 = Release|x86
	EndGlobalSection
	GlobalSection(ProjectConfigurationPlatforms) = postSolution
		{67D54A68-A287-4797-9667-ACCBF9683119}.Debug|Any CPU.ActiveCfg = Debug|Any CPU
		{67D54A68-A287-4797-9667-ACCBF9683119}.Debug|Any CPU.Build.0 = Debug|Any CPU
		{67D54A68-A287-4797-9667-ACCBF9683119}.Debug|ARM.ActiveCfg = Debug|Any CPU
		{67D54A68-A287-4797-9667-ACCBF9683119}.Debug|Mixed Platforms.ActiveCfg = Debug|Any CPU
		{67D54A68-A287-4797-9667-ACCBF9683119}.Debug|Mixed Platforms.Build.0 = Debug|Any CPU
		{67D54A68-A287-4797-9667-ACCBF9683119}.Debug|x64.ActiveCfg = Debug|Any CPU
		{67D54A68-A287-4797-9667-ACCBF9683119}.Debug|x86.ActiveCfg = Debug|Any CPU
		{67D54A68-A287-4797-9667-ACCBF9683119}.Release|Any CPU.ActiveCfg = Release|Any CPU
		{67D54A68-A287-4797-9667-ACCBF9683119}.Release|Any CPU.Build.0 = Release|Any CPU
		{67D54A68-A287-4797-9667-ACCBF9683119}.Release|ARM.ActiveCfg = Release|Any CPU
		{67D54A68-A287-4797-9667-ACCBF9683119}.Release|Mixed Platforms.ActiveCfg = Release|Any CPU
		{67D54A68-A287-4797-9667-ACCBF9683119}.Release|Mixed Platforms.Build.0 = Release|Any CPU
		{67D54A68-A287-4797-9667-ACCBF9683119}.Release|x64.ActiveCfg = Release|Any CPU
		{67D54A68-A287-4797-9667-ACCBF9683119}.Release|x86.ActiveCfg = Release|Any CPU
		{A479105C-717B-4500-8FFC-B3D12BEEF13E}.Debug|Any CPU.ActiveCfg = Debug|Any CPU
		{A479105C-717B-4500-8FFC-B3D12BEEF13E}.Debug|Any CPU.Build.0 = Debug|Any CPU
		{A479105C-717B-4500-8FFC-B3D12BEEF13E}.Debug|ARM.ActiveCfg = Debug|Any CPU
		{A479105C-717B-4500-8FFC-B3D12BEEF13E}.Debug|Mixed Platforms.ActiveCfg = Debug|Any CPU
		{A479105C-717B-4500-8FFC-B3D12BEEF13E}.Debug|Mixed Platforms.Build.0 = Debug|Any CPU
		{A479105C-717B-4500-8FFC-B3D12BEEF13E}.Debug|x64.ActiveCfg = Debug|Any CPU
		{A479105C-717B-4500-8FFC-B3D12BEEF13E}.Debug|x86.ActiveCfg = Debug|Any CPU
		{A479105C-717B-4500-8FFC-B3D12BEEF13E}.Release|Any CPU.ActiveCfg = Release|Any CPU
		{A479105C-717B-4500-8FFC-B3D12BEEF13E}.Release|Any CPU.Build.0 = Release|Any CPU
		{A479105C-717B-4500-8FFC-B3D12BEEF13E}.Release|ARM.ActiveCfg = Release|Any CPU
		{A479105C-717B-4500-8FFC-B3D12BEEF13E}.Release|Mixed Platforms.ActiveCfg = Release|Any CPU
		{A479105C-717B-4500-8FFC-B3D12BEEF13E}.Release|Mixed Platforms.Build.0 = Release|Any CPU
		{A479105C-717B-4500-8FFC-B3D12BEEF13E}.Release|x64.ActiveCfg = Release|Any CPU
		{A479105C-717B-4500-8FFC-B3D12BEEF13E}.Release|x86.ActiveCfg = Release|Any CPU
		{3754DC54-5B50-4F1D-9F0F-5B9132287E52}.Debug|Any CPU.ActiveCfg = Debug|x86
		{3754DC54-5B50-4F1D-9F0F-5B9132287E52}.Debug|ARM.ActiveCfg = Debug|x86
		{3754DC54-5B50-4F1D-9F0F-5B9132287E52}.Debug|Mixed Platforms.ActiveCfg = Debug|x86
		{3754DC54-5B50-4F1D-9F0F-5B9132287E52}.Debug|Mixed Platforms.Build.0 = Debug|x86
		{3754DC54-5B50-4F1D-9F0F-5B9132287E52}.Debug|x64.ActiveCfg = Debug|x86
		{3754DC54-5B50-4F1D-9F0F-5B9132287E52}.Debug|x86.ActiveCfg = Debug|x86
		{3754DC54-5B50-4F1D-9F0F-5B9132287E52}.Debug|x86.Build.0 = Debug|x86
		{3754DC54-5B50-4F1D-9F0F-5B9132287E52}.Release|Any CPU.ActiveCfg = Release|x86
		{3754DC54-5B50-4F1D-9F0F-5B9132287E52}.Release|ARM.ActiveCfg = Release|x86
		{3754DC54-5B50-4F1D-9F0F-5B9132287E52}.Release|Mixed Platforms.ActiveCfg = Release|x86
		{3754DC54-5B50-4F1D-9F0F-5B9132287E52}.Release|Mixed Platforms.Build.0 = Release|x86
		{3754DC54-5B50-4F1D-9F0F-5B9132287E52}.Release|x64.ActiveCfg = Release|x86
		{3754DC54-5B50-4F1D-9F0F-5B9132287E52}.Release|x86.ActiveCfg = Release|x86
		{3754DC54-5B50-4F1D-9F0F-5B9132287E52}.Release|x86.Build.0 = Release|x86
		{9BC524A0-83F9-4864-A1E5-F93EB7DDAF8A}.Debug|Any CPU.ActiveCfg = Debug|Any CPU
		{9BC524A0-83F9-4864-A1E5-F93EB7DDAF8A}.Debug|Any CPU.Build.0 = Debug|Any CPU
		{9BC524A0-83F9-4864-A1E5-F93EB7DDAF8A}.Debug|ARM.ActiveCfg = Debug|Any CPU
		{9BC524A0-83F9-4864-A1E5-F93EB7DDAF8A}.Debug|Mixed Platforms.ActiveCfg = Debug|Any CPU
		{9BC524A0-83F9-4864-A1E5-F93EB7DDAF8A}.Debug|Mixed Platforms.Build.0 = Debug|Any CPU
		{9BC524A0-83F9-4864-A1E5-F93EB7DDAF8A}.Debug|x64.ActiveCfg = Debug|Any CPU
		{9BC524A0-83F9-4864-A1E5-F93EB7DDAF8A}.Debug|x86.ActiveCfg = Debug|Any CPU
		{9BC524A0-83F9-4864-A1E5-F93EB7DDAF8A}.Release|Any CPU.ActiveCfg = Release|Any CPU
		{9BC524A0-83F9-4864-A1E5-F93EB7DDAF8A}.Release|Any CPU.Build.0 = Release|Any CPU
		{9BC524A0-83F9-4864-A1E5-F93EB7DDAF8A}.Release|ARM.ActiveCfg = Release|Any CPU
		{9BC524A0-83F9-4864-A1E5-F93EB7DDAF8A}.Release|Mixed Platforms.ActiveCfg = Release|Any CPU
		{9BC524A0-83F9-4864-A1E5-F93EB7DDAF8A}.Release|Mixed Platforms.Build.0 = Release|Any CPU
		{9BC524A0-83F9-4864-A1E5-F93EB7DDAF8A}.Release|x64.ActiveCfg = Release|Any CPU
		{9BC524A0-83F9-4864-A1E5-F93EB7DDAF8A}.Release|x86.ActiveCfg = Release|Any CPU
		{C9F7E022-1B56-47F4-80DF-A33591AD7ED2}.Debug|Any CPU.ActiveCfg = Debug|Any CPU
		{C9F7E022-1B56-47F4-80DF-A33591AD7ED2}.Debug|Any CPU.Build.0 = Debug|Any CPU
		{C9F7E022-1B56-47F4-80DF-A33591AD7ED2}.Debug|ARM.ActiveCfg = Debug|Any CPU
		{C9F7E022-1B56-47F4-80DF-A33591AD7ED2}.Debug|Mixed Platforms.ActiveCfg = Debug|Any CPU
		{C9F7E022-1B56-47F4-80DF-A33591AD7ED2}.Debug|Mixed Platforms.Build.0 = Debug|Any CPU
		{C9F7E022-1B56-47F4-80DF-A33591AD7ED2}.Debug|x64.ActiveCfg = Debug|Any CPU
		{C9F7E022-1B56-47F4-80DF-A33591AD7ED2}.Debug|x86.ActiveCfg = Debug|Any CPU
		{C9F7E022-1B56-47F4-80DF-A33591AD7ED2}.Release|Any CPU.ActiveCfg = Release|Any CPU
		{C9F7E022-1B56-47F4-80DF-A33591AD7ED2}.Release|Any CPU.Build.0 = Release|Any CPU
		{C9F7E022-1B56-47F4-80DF-A33591AD7ED2}.Release|ARM.ActiveCfg = Release|Any CPU
		{C9F7E022-1B56-47F4-80DF-A33591AD7ED2}.Release|Mixed Platforms.ActiveCfg = Release|Any CPU
		{C9F7E022-1B56-47F4-80DF-A33591AD7ED2}.Release|Mixed Platforms.Build.0 = Release|Any CPU
		{C9F7E022-1B56-47F4-80DF-A33591AD7ED2}.Release|x64.ActiveCfg = Release|Any CPU
		{C9F7E022-1B56-47F4-80DF-A33591AD7ED2}.Release|x86.ActiveCfg = Release|Any CPU
		{A9132C33-99DE-4780-BD39-99D7CF1E2345}.Debug|Any CPU.ActiveCfg = Debug|Any CPU
		{A9132C33-99DE-4780-BD39-99D7CF1E2345}.Debug|Any CPU.Build.0 = Debug|Any CPU
		{A9132C33-99DE-4780-BD39-99D7CF1E2345}.Debug|ARM.ActiveCfg = Debug|Any CPU
		{A9132C33-99DE-4780-BD39-99D7CF1E2345}.Debug|Mixed Platforms.ActiveCfg = Debug|Any CPU
		{A9132C33-99DE-4780-BD39-99D7CF1E2345}.Debug|Mixed Platforms.Build.0 = Debug|Any CPU
		{A9132C33-99DE-4780-BD39-99D7CF1E2345}.Debug|x64.ActiveCfg = Debug|Any CPU
		{A9132C33-99DE-4780-BD39-99D7CF1E2345}.Debug|x86.ActiveCfg = Debug|Any CPU
		{A9132C33-99DE-4780-BD39-99D7CF1E2345}.Release|Any CPU.ActiveCfg = Release|Any CPU
		{A9132C33-99DE-4780-BD39-99D7CF1E2345}.Release|Any CPU.Build.0 = Release|Any CPU
		{A9132C33-99DE-4780-BD39-99D7CF1E2345}.Release|ARM.ActiveCfg = Release|Any CPU
		{A9132C33-99DE-4780-BD39-99D7CF1E2345}.Release|Mixed Platforms.ActiveCfg = Release|Any CPU
		{A9132C33-99DE-4780-BD39-99D7CF1E2345}.Release|Mixed Platforms.Build.0 = Release|Any CPU
		{A9132C33-99DE-4780-BD39-99D7CF1E2345}.Release|x64.ActiveCfg = Release|Any CPU
		{A9132C33-99DE-4780-BD39-99D7CF1E2345}.Release|x86.ActiveCfg = Release|Any CPU
		{B6DEAE4E-ACDF-43EE-BD7A-24863442F556}.Debug|Any CPU.ActiveCfg = Debug|x86
		{B6DEAE4E-ACDF-43EE-BD7A-24863442F556}.Debug|ARM.ActiveCfg = Debug|x86
		{B6DEAE4E-ACDF-43EE-BD7A-24863442F556}.Debug|Mixed Platforms.ActiveCfg = Debug|x86
		{B6DEAE4E-ACDF-43EE-BD7A-24863442F556}.Debug|Mixed Platforms.Build.0 = Debug|x86
		{B6DEAE4E-ACDF-43EE-BD7A-24863442F556}.Debug|x64.ActiveCfg = Debug|x86
		{B6DEAE4E-ACDF-43EE-BD7A-24863442F556}.Debug|x86.ActiveCfg = Debug|x86
		{B6DEAE4E-ACDF-43EE-BD7A-24863442F556}.Debug|x86.Build.0 = Debug|x86
		{B6DEAE4E-ACDF-43EE-BD7A-24863442F556}.Release|Any CPU.ActiveCfg = Release|x86
		{B6DEAE4E-ACDF-43EE-BD7A-24863442F556}.Release|ARM.ActiveCfg = Release|x86
		{B6DEAE4E-ACDF-43EE-BD7A-24863442F556}.Release|Mixed Platforms.ActiveCfg = Release|x86
		{B6DEAE4E-ACDF-43EE-BD7A-24863442F556}.Release|Mixed Platforms.Build.0 = Release|x86
		{B6DEAE4E-ACDF-43EE-BD7A-24863442F556}.Release|x64.ActiveCfg = Release|x86
		{B6DEAE4E-ACDF-43EE-BD7A-24863442F556}.Release|x86.ActiveCfg = Release|x86
		{B6DEAE4E-ACDF-43EE-BD7A-24863442F556}.Release|x86.Build.0 = Release|x86
		{A3D04E18-E4C4-448F-8EB6-0FCD570ED160}.Debug|Any CPU.ActiveCfg = Debug|Any CPU
		{A3D04E18-E4C4-448F-8EB6-0FCD570ED160}.Debug|Any CPU.Build.0 = Debug|Any CPU
		{A3D04E18-E4C4-448F-8EB6-0FCD570ED160}.Debug|ARM.ActiveCfg = Debug|Any CPU
		{A3D04E18-E4C4-448F-8EB6-0FCD570ED160}.Debug|Mixed Platforms.ActiveCfg = Debug|Any CPU
		{A3D04E18-E4C4-448F-8EB6-0FCD570ED160}.Debug|Mixed Platforms.Build.0 = Debug|Any CPU
		{A3D04E18-E4C4-448F-8EB6-0FCD570ED160}.Debug|x64.ActiveCfg = Debug|Any CPU
		{A3D04E18-E4C4-448F-8EB6-0FCD570ED160}.Debug|x86.ActiveCfg = Debug|Any CPU
		{A3D04E18-E4C4-448F-8EB6-0FCD570ED160}.Release|Any CPU.ActiveCfg = Release|Any CPU
		{A3D04E18-E4C4-448F-8EB6-0FCD570ED160}.Release|Any CPU.Build.0 = Release|Any CPU
		{A3D04E18-E4C4-448F-8EB6-0FCD570ED160}.Release|ARM.ActiveCfg = Release|Any CPU
		{A3D04E18-E4C4-448F-8EB6-0FCD570ED160}.Release|Mixed Platforms.ActiveCfg = Release|Any CPU
		{A3D04E18-E4C4-448F-8EB6-0FCD570ED160}.Release|Mixed Platforms.Build.0 = Release|Any CPU
		{A3D04E18-E4C4-448F-8EB6-0FCD570ED160}.Release|x64.ActiveCfg = Release|Any CPU
		{A3D04E18-E4C4-448F-8EB6-0FCD570ED160}.Release|x86.ActiveCfg = Release|Any CPU
		{1169F31C-A9EE-4659-A9FA-0724F6154462}.Debug|Any CPU.ActiveCfg = Debug|Any CPU
		{1169F31C-A9EE-4659-A9FA-0724F6154462}.Debug|Any CPU.Build.0 = Debug|Any CPU
		{1169F31C-A9EE-4659-A9FA-0724F6154462}.Debug|Any CPU.Deploy.0 = Debug|Any CPU
		{1169F31C-A9EE-4659-A9FA-0724F6154462}.Debug|ARM.ActiveCfg = Debug|Any CPU
		{1169F31C-A9EE-4659-A9FA-0724F6154462}.Debug|Mixed Platforms.ActiveCfg = Debug|Any CPU
		{1169F31C-A9EE-4659-A9FA-0724F6154462}.Debug|Mixed Platforms.Build.0 = Debug|Any CPU
		{1169F31C-A9EE-4659-A9FA-0724F6154462}.Debug|Mixed Platforms.Deploy.0 = Debug|Any CPU
		{1169F31C-A9EE-4659-A9FA-0724F6154462}.Debug|x64.ActiveCfg = Debug|Any CPU
		{1169F31C-A9EE-4659-A9FA-0724F6154462}.Debug|x86.ActiveCfg = Debug|Any CPU
		{1169F31C-A9EE-4659-A9FA-0724F6154462}.Release|Any CPU.ActiveCfg = Release|Any CPU
		{1169F31C-A9EE-4659-A9FA-0724F6154462}.Release|Any CPU.Build.0 = Release|Any CPU
		{1169F31C-A9EE-4659-A9FA-0724F6154462}.Release|Any CPU.Deploy.0 = Release|Any CPU
		{1169F31C-A9EE-4659-A9FA-0724F6154462}.Release|ARM.ActiveCfg = Release|Any CPU
		{1169F31C-A9EE-4659-A9FA-0724F6154462}.Release|Mixed Platforms.ActiveCfg = Release|Any CPU
		{1169F31C-A9EE-4659-A9FA-0724F6154462}.Release|Mixed Platforms.Build.0 = Release|Any CPU
		{1169F31C-A9EE-4659-A9FA-0724F6154462}.Release|Mixed Platforms.Deploy.0 = Release|Any CPU
		{1169F31C-A9EE-4659-A9FA-0724F6154462}.Release|x64.ActiveCfg = Release|Any CPU
		{1169F31C-A9EE-4659-A9FA-0724F6154462}.Release|x86.ActiveCfg = Release|Any CPU
	EndGlobalSection
	GlobalSection(SolutionProperties) = preSolution
		HideSolutionNode = FALSE
	EndGlobalSection
	GlobalSection(NestedProjects) = preSolution
		{67D54A68-A287-4797-9667-ACCBF9683119} = {6685A8B7-9331-4950-A189-8D4CAD5B00FB}
		{A479105C-717B-4500-8FFC-B3D12BEEF13E} = {6685A8B7-9331-4950-A189-8D4CAD5B00FB}
		{9BC524A0-83F9-4864-A1E5-F93EB7DDAF8A} = {6685A8B7-9331-4950-A189-8D4CAD5B00FB}
		{A9132C33-99DE-4780-BD39-99D7CF1E2345} = {6685A8B7-9331-4950-A189-8D4CAD5B00FB}
		{B57DB265-7B82-4C9A-AB06-28D2B420F89A} = {667590DA-FA9C-4B18-9437-89049B7D987A}
		{353D4028-64A3-4D6D-A32B-89ECD5C85915} = {667590DA-FA9C-4B18-9437-89049B7D987A}
		{B71DA8DD-EC3F-4408-92F6-02BA6D96253E} = {667590DA-FA9C-4B18-9437-89049B7D987A}
		{C4342C25-B333-4AB8-B8CD-A9541DD83CF1} = {667590DA-FA9C-4B18-9437-89049B7D987A}
		{B6DEAE4E-ACDF-43EE-BD7A-24863442F556} = {B57DB265-7B82-4C9A-AB06-28D2B420F89A}
		{A3D04E18-E4C4-448F-8EB6-0FCD570ED160} = {353D4028-64A3-4D6D-A32B-89ECD5C85915}
		{1169F31C-A9EE-4659-A9FA-0724F6154462} = {B71DA8DD-EC3F-4408-92F6-02BA6D96253E}
		{3754DC54-5B50-4F1D-9F0F-5B9132287E52} = {C4342C25-B333-4AB8-B8CD-A9541DD83CF1}
		{C9F7E022-1B56-47F4-80DF-A33591AD7ED2} = {A7AAB5CF-4785-4DAF-A77A-94162B40BDD0}
	EndGlobalSection
EndGlobal
