
Microsoft Visual Studio Solution File, Format Version 11.00
# Visual Studio 2010
Project("{2150E333-8FDC-42A3-9474-1A3956D46DE8}") = "Extensions", "Extensions", "{E70E7B68-B67E-4A6B-AA43-5C8DD38686DC}"
EndProject
Project("{FAE04EC0-301F-11D3-BF4B-00C04F79EFBC}") = "Snippets", "Extensions\Snippets\Snippets.csproj", "{F8C6FFCD-C814-46D3-AC79-7D36C4D614DE}"
EndProject
Project("{FAE04EC0-301F-11D3-BF4B-00C04F79EFBC}") = "ApexWizards", "Extensions\ApexWizards\ApexWizards.csproj", "{07F81CED-6B5E-48B2-A935-81C289E995C8}"
EndProject
Project("{FAE04EC0-301F-11D3-BF4B-00C04F79EFBC}") = "ApexVsix", "Extensions\ApexVsix\ApexVsix.csproj", "{33CCC542-0C41-4230-BEEC-9A09B4B2267A}"
EndProject
Project("{2150E333-8FDC-42A3-9474-1A3956D46DE8}") = "Core", "Core", "{6685A8B7-9331-4950-A189-8D4CAD5B00FB}"
EndProject
Project("{FAE04EC0-301F-11D3-BF4B-00C04F79EFBC}") = "Apex", "Core\Apex\Apex.csproj", "{67D54A68-A287-4797-9667-ACCBF9683119}"
EndProject
Project("{FAE04EC0-301F-11D3-BF4B-00C04F79EFBC}") = "Apex.WinForms", "Core\Apex.WinForms\Apex.WinForms.csproj", "{A479105C-717B-4500-8FFC-B3D12BEEF13E}"
EndProject
Project("{2150E333-8FDC-42A3-9474-1A3956D46DE8}") = "Legacy", "Legacy", "{C0329934-0922-4B83-8C9F-B573CA14B8A1}"
EndProject
Project("{FAE04EC0-301F-11D3-BF4B-00C04F79EFBC}") = "Apex WPF .NET 3.5", "Legacy\Apex\Apex WPF .NET 3.5.csproj", "{ECCD3814-F5C6-411F-8F3E-FCC2FC346E29}"
EndProject
Project("{FAE04EC0-301F-11D3-BF4B-00C04F79EFBC}") = "Apex.WinForms .NET 3.5", "Legacy\Apex.WinForms\Apex.WinForms .NET 3.5.csproj", "{045F9F82-B22A-4083-A978-51552906E813}"
EndProject
Project("{2150E333-8FDC-42A3-9474-1A3956D46DE8}") = "Samples", "Samples", "{667590DA-FA9C-4B18-9437-89049B7D987A}"
EndProject
Project("{2150E333-8FDC-42A3-9474-1A3956D46DE8}") = "WPF", "WPF", "{B57DB265-7B82-4C9A-AB06-28D2B420F89A}"
EndProject
Project("{2150E333-8FDC-42A3-9474-1A3956D46DE8}") = "Silverlight", "Silverlight", "{353D4028-64A3-4D6D-A32B-89ECD5C85915}"
EndProject
Project("{2150E333-8FDC-42A3-9474-1A3956D46DE8}") = "WP7", "WP7", "{B71DA8DD-EC3F-4408-92F6-02BA6D96253E}"
EndProject
Project("{2150E333-8FDC-42A3-9474-1A3956D46DE8}") = "WinForms", "WinForms", "{C4342C25-B333-4AB8-B8CD-A9541DD83CF1}"
EndProject
Project("{FAE04EC0-301F-11D3-BF4B-00C04F79EFBC}") = "ControlsSample", "Samples\WPF\ControlsSample\ControlsSample.csproj", "{A6533E15-A64B-44E9-87B4-7B1372302FF9}"
EndProject
Project("{FAE04EC0-301F-11D3-BF4B-00C04F79EFBC}") = "DragAndDropSample", "Samples\WPF\DragAndDropSample\DragAndDropSample.csproj", "{EB143A15-9C0F-43CA-9419-BEC75C6D3A4D}"
EndProject
Project("{FAE04EC0-301F-11D3-BF4B-00C04F79EFBC}") = "MVVMSample", "Samples\WPF\MVVMSample\MVVMSample.csproj", "{479D5D9F-394D-4635-953D-DA0078211320}"
EndProject
Project("{FAE04EC0-301F-11D3-BF4B-00C04F79EFBC}") = "ControlsSample", "Samples\WinForms\ControlsSample\ControlsSample.csproj", "{3754DC54-5B50-4F1D-9F0F-5B9132287E52}"
EndProject
Project("{FAE04EC0-301F-11D3-BF4B-00C04F79EFBC}") = "CommandingSample", "Samples\Silverlight\CommandingSample\CommandingSample.csproj", "{521E3997-5583-4848-80FB-F0095B27E288}"
EndProject
Project("{FAE04EC0-301F-11D3-BF4B-00C04F79EFBC}") = "ControlsSample", "Samples\Silverlight\ControlsSample\ControlsSample.csproj", "{A2C1DAA3-81A0-4555-8F6E-495C25B754E5}"
EndProject
Project("{FAE04EC0-301F-11D3-BF4B-00C04F79EFBC}") = "DragAndDropSample", "Samples\Silverlight\DragAndDropSample\DragAndDropSample.csproj", "{12704CED-DA46-418B-BF4C-81D6FC14BDCA}"
EndProject
Project("{FAE04EC0-301F-11D3-BF4B-00C04F79EFBC}") = "MVVMSample", "Samples\Silverlight\MVVMSample\MVVMSample.csproj", "{F5A06B77-A59B-4449-862C-907A1085B59D}"
EndProject
Project("{2150E333-8FDC-42A3-9474-1A3956D46DE8}") = "Deployment", "Deployment", "{F5DF7EFC-25E2-4E4A-B952-256FA4CD45D7}"
EndProject
Project("{54435603-DBB4-11D2-8724-00A0C9A8B90C}") = "ApexRedistributablesSetup", "Deployment\ApexRedistributableSetup\ApexRedistributableSetup.vdproj", "{7F2B4D5B-884D-4B57-9D8D-AFB64B867869}"
EndProject
Project("{54435603-DBB4-11D2-8724-00A0C9A8B90C}") = "ApexSDKSetup", "Deployment\ApexSDKSetup\ApexSDKSetup.vdproj", "{DE858B80-AD75-491D-9552-0B46E1F7C8EC}"
EndProject
Project("{FAE04EC0-301F-11D3-BF4B-00C04F79EFBC}") = "Apex.WP7", "Core\Apex.WP7\Apex.WP7.csproj", "{9BC524A0-83F9-4864-A1E5-F93EB7DDAF8A}"
EndProject
Project("{FAE04EC0-301F-11D3-BF4B-00C04F79EFBC}") = "Apex.WP7 Windows Phone 7.0", "Legacy\Apex.WP7\Apex.WP7 Windows Phone 7.0.csproj", "{5CA8754C-8D71-420A-BA16-A795F11D317D}"
EndProject
Project("{FAE04EC0-301F-11D3-BF4B-00C04F79EFBC}") = "CommandingSample", "Samples\WP7\CommandingSample\CommandingSample.csproj", "{072EFBD3-E6F1-4471-89E8-C0BA5F77C050}"
EndProject
Project("{FAE04EC0-301F-11D3-BF4B-00C04F79EFBC}") = "ControlsSample", "Samples\WP7\ControlsSample\ControlsSample.csproj", "{8550269A-AC03-4D05-91F3-043973FA56DE}"
EndProject
Project("{FAE04EC0-301F-11D3-BF4B-00C04F79EFBC}") = "MVVMSample", "Samples\WP7\MVVMSample\MVVMSample.csproj", "{E94096B6-36C3-49EA-B580-06DB182C9F7D}"
EndProject
Project("{FAE04EC0-301F-11D3-BF4B-00C04F79EFBC}") = "PopupSample", "Samples\WPF\PopupSample\PopupSample.csproj", "{C097B6AB-F4E6-47E3-BC0C-5153B13AEC26}"
EndProject
Project("{FAE04EC0-301F-11D3-BF4B-00C04F79EFBC}") = "Apex.Silverlight3", "Legacy\Apex.Silverlight3\Apex.Silverlight3.csproj", "{13B41E58-A2ED-4423-B986-EF0EC029932E}"
EndProject
Project("{FAE04EC0-301F-11D3-BF4B-00C04F79EFBC}") = "PopupSample", "Samples\Silverlight\PopupSample\PopupSample.csproj", "{285A1652-0307-49B6-8A22-64B1CBC01661}"
EndProject
Project("{2150E333-8FDC-42A3-9474-1A3956D46DE8}") = "Tests", "Tests", "{A7AAB5CF-4785-4DAF-A77A-94162B40BDD0}"
EndProject
Project("{FAE04EC0-301F-11D3-BF4B-00C04F79EFBC}") = "Apex.Tests", "Tests\Apex.Tests\Apex.Tests.csproj", "{C9F7E022-1B56-47F4-80DF-A33591AD7ED2}"
EndProject
Project("{2150E333-8FDC-42A3-9474-1A3956D46DE8}") = "Solution Items", "Solution Items", "{145D0D4D-D218-432D-B7DB-9E6094117FF5}"
	ProjectSection(SolutionItems) = preProject
		Apex.vsmdi = Apex.vsmdi
		History.txt = History.txt
		Local.testsettings = Local.testsettings
		TraceAndTestImpact.testsettings = TraceAndTestImpact.testsettings
	EndProjectSection
EndProject
Project("{2150E333-8FDC-42A3-9474-1A3956D46DE8}") = "ProjectTemplates", "ProjectTemplates", "{3830FB7B-9AB1-4DCB-816F-4A7CC10ACC3D}"
EndProject
Project("{FAE04EC0-301F-11D3-BF4B-00C04F79EFBC}") = "WpfDialogApplication", "Extensions\ProjectTemplates\WPF\WpfDialogApplication\WpfDialogApplication.csproj", "{44644E74-1118-444E-B337-BEB5FA3F67DB}"
EndProject
Project("{FAE04EC0-301F-11D3-BF4B-00C04F79EFBC}") = "ZuneStyleApplication", "Extensions\ProjectTemplates\WPF\ZuneStyleApplication\ZuneStyleApplication.csproj", "{F9D779D2-A509-4FA7-B399-45215FFBDAD7}"
EndProject
Project("{FAE04EC0-301F-11D3-BF4B-00C04F79EFBC}") = "Apex.Silverlight", "Core\Apex.Silverlight\Apex.Silverlight.csproj", "{A9132C33-99DE-4780-BD39-99D7CF1E2345}"
EndProject
Project("{FAE04EC0-301F-11D3-BF4B-00C04F79EFBC}") = "Apex.Silverlight4", "Legacy\Apex.Silverlight4\Apex.Silverlight4.csproj", "{B751E60A-2285-4337-87DB-B68220C1F798}"
EndProject
Project("{2150E333-8FDC-42A3-9474-1A3956D46DE8}") = "ItemTemplates", "ItemTemplates", "{7A235DAF-F174-4388-80B7-D6A92B4C84E1}"
EndProject
Project("{2150E333-8FDC-42A3-9474-1A3956D46DE8}") = "WPF", "WPF", "{246C6B54-4B69-4A81-B62E-FC4332F8C812}"
EndProject
Project("{FAE04EC0-301F-11D3-BF4B-00C04F79EFBC}") = "ApexModelItemTemplate", "Extensions\ItemTemplates\WPF\ApexModelItemTemplate\ApexModelItemTemplate.csproj", "{65E06D7C-F88B-45BE-8886-F9CFA514EC27}"
EndProject
Project("{FAE04EC0-301F-11D3-BF4B-00C04F79EFBC}") = "ApexViewAndViewModelItemTemplate", "Extensions\ItemTemplates\WPF\ApexViewAndViewModelItemTemplate\ApexViewAndViewModelItemTemplate.csproj", "{781CF2CC-231E-4948-AF40-1B87A46ED559}"
EndProject
Project("{FAE04EC0-301F-11D3-BF4B-00C04F79EFBC}") = "ApexViewItemTemplate", "Extensions\ItemTemplates\WPF\ApexViewItemTemplate\ApexViewItemTemplate.csproj", "{BDE45320-0EDB-4AF6-8782-C3983DD285C7}"
EndProject
Project("{FAE04EC0-301F-11D3-BF4B-00C04F79EFBC}") = "ApexViewModelItemTemplate", "Extensions\ItemTemplates\WPF\ApexViewModelItemTemplate\ApexViewModelItemTemplate.csproj", "{A2D2AA8F-A963-442D-AE52-F6543A375696}"
EndProject
Project("{FAE04EC0-301F-11D3-BF4B-00C04F79EFBC}") = "SingletonItemTemplate", "Extensions\ItemTemplates\WPF\SingletonItemTemplate\SingletonItemTemplate.csproj", "{CC481432-5733-4103-A7C7-CCDC4C7049BB}"
EndProject
Project("{2150E333-8FDC-42A3-9474-1A3956D46DE8}") = "WPF", "WPF", "{74AA33D3-E5E1-470F-A289-05C83540DE7A}"
EndProject
Project("{2150E333-8FDC-42A3-9474-1A3956D46DE8}") = "Silverlight", "Silverlight", "{12691B81-92AC-43B5-BD26-D8ACF28C6130}"
EndProject
Project("{FAE04EC0-301F-11D3-BF4B-00C04F79EFBC}") = "ZuneStyleApplication", "Extensions\ProjectTemplates\Silverlight\ZuneStyleApplication\ZuneStyleApplication.csproj", "{50819296-DB19-4B13-8EA7-8E4B45CB45BF}"
EndProject
Project("{FAE04EC0-301F-11D3-BF4B-00C04F79EFBC}") = "ZuneStyleApplicationTemplate", "Extensions\ProjectTemplates\WPF\ZuneStyleApplicationTemplate\ZuneStyleApplicationTemplate.csproj", "{9595B8A7-722F-4D54-8142-7F64E0AAA5A8}"
EndProject
Project("{FAE04EC0-301F-11D3-BF4B-00C04F79EFBC}") = "ZuneStyleApplicationTemplate", "ZuneStyleApplicationTemplate\ZuneStyleApplicationTemplate.csproj", "{7866F157-5838-4392-A2F5-1C5494B84086}"
EndProject
Global
	GlobalSection(TeamFoundationVersionControl) = preSolution
		SccNumberOfProjects = 39
		SccEnterpriseProvider = {4CA58AB2-18FA-4F8D-95D4-32DDF27D184C}
		SccTeamFoundationServer = https://tfs.codeplex.com/tfs/tfs33
		SccLocalPath0 = .
		SccProjectUniqueName1 = Extensions\\Snippets\\Snippets.csproj
		SccProjectTopLevelParentUniqueName1 = Apex.sln
		SccProjectName1 = Extensions/Snippets
		SccLocalPath1 = Extensions\\Snippets
		SccProjectUniqueName2 = Extensions\\ApexWizards\\ApexWizards.csproj
		SccProjectTopLevelParentUniqueName2 = Apex.sln
		SccProjectName2 = Extensions/ApexWizards
		SccLocalPath2 = Extensions\\ApexWizards
		SccProjectUniqueName3 = Extensions\\ApexVsix\\ApexVsix.csproj
		SccProjectTopLevelParentUniqueName3 = Apex.sln
		SccProjectName3 = Extensions/ApexVsix
		SccLocalPath3 = Extensions\\ApexVsix
		SccProjectUniqueName4 = Core\\Apex.WinForms\\Apex.WinForms.csproj
		SccProjectTopLevelParentUniqueName4 = Apex.sln
		SccProjectName4 = Core/Apex.WinForms
		SccLocalPath4 = Core\\Apex.WinForms
		SccProjectUniqueName5 = Legacy\\Apex\\Apex\u0020WPF\u0020.NET\u00203.5.csproj
		SccProjectTopLevelParentUniqueName5 = Apex.sln
		SccProjectName5 = Legacy/Apex
		SccLocalPath5 = Legacy\\Apex
		SccProjectUniqueName6 = Legacy\\Apex.WinForms\\Apex.WinForms\u0020.NET\u00203.5.csproj
		SccProjectTopLevelParentUniqueName6 = Apex.sln
		SccProjectName6 = Legacy/Apex.WinForms
		SccLocalPath6 = Legacy\\Apex.WinForms
		SccProjectUniqueName7 = Samples\\WPF\\DragAndDropSample\\DragAndDropSample.csproj
		SccProjectTopLevelParentUniqueName7 = Apex.sln
		SccProjectName7 = Samples/WPF/DragAndDropSample
		SccLocalPath7 = Samples\\WPF\\DragAndDropSample
		SccProjectUniqueName8 = Samples\\WPF\\MVVMSample\\MVVMSample.csproj
		SccProjectTopLevelParentUniqueName8 = Apex.sln
		SccProjectName8 = Samples/WPF/MVVMSample
		SccLocalPath8 = Samples\\WPF\\MVVMSample
		SccProjectUniqueName9 = Samples\\WinForms\\ControlsSample\\ControlsSample.csproj
		SccProjectTopLevelParentUniqueName9 = Apex.sln
		SccProjectName9 = Samples/WinForms/ControlsSample
		SccLocalPath9 = Samples\\WinForms\\ControlsSample
		SccProjectUniqueName10 = Samples\\Silverlight\\CommandingSample\\CommandingSample.csproj
		SccProjectTopLevelParentUniqueName10 = Apex.sln
		SccProjectName10 = Samples/Silverlight/CommandingSample
		SccLocalPath10 = Samples\\Silverlight\\CommandingSample
		SccProjectUniqueName11 = Samples\\Silverlight\\ControlsSample\\ControlsSample.csproj
		SccProjectTopLevelParentUniqueName11 = Apex.sln
		SccProjectName11 = Samples/Silverlight/ControlsSample
		SccLocalPath11 = Samples\\Silverlight\\ControlsSample
		SccProjectUniqueName12 = Samples\\Silverlight\\DragAndDropSample\\DragAndDropSample.csproj
		SccProjectTopLevelParentUniqueName12 = Apex.sln
		SccProjectName12 = Samples/Silverlight/DragAndDropSample
		SccLocalPath12 = Samples\\Silverlight\\DragAndDropSample
		SccProjectUniqueName13 = Samples\\Silverlight\\MVVMSample\\MVVMSample.csproj
		SccProjectTopLevelParentUniqueName13 = Apex.sln
		SccProjectName13 = Samples/Silverlight/MVVMSample
		SccLocalPath13 = Samples\\Silverlight\\MVVMSample
		SccProjectUniqueName14 = Deployment\\ApexRedistributableSetup\\ApexRedistributableSetup.vdproj
		SccProjectTopLevelParentUniqueName14 = Apex.sln
		SccProjectName14 = Deployment/ApexRedistributableSetup
		SccLocalPath14 = Deployment\\ApexRedistributableSetup
		SccProjectUniqueName15 = Deployment\\ApexSDKSetup\\ApexSDKSetup.vdproj
		SccProjectTopLevelParentUniqueName15 = Apex.sln
		SccProjectName15 = Deployment/ApexSDKSetup
		SccLocalPath15 = Deployment\\ApexSDKSetup
		SccProjectUniqueName16 = Core\\Apex\\Apex.csproj
		SccProjectTopLevelParentUniqueName16 = Apex.sln
		SccProjectName16 = Core/Apex
		SccLocalPath16 = Core\\Apex
		SccProjectUniqueName17 = Samples\\WPF\\ControlsSample\\ControlsSample.csproj
		SccProjectTopLevelParentUniqueName17 = Apex.sln
		SccProjectName17 = Samples/WPF/ControlsSample
		SccLocalPath17 = Samples\\WPF\\ControlsSample
		SccProjectUniqueName18 = Core\\Apex.WP7\\Apex.WP7.csproj
		SccProjectTopLevelParentUniqueName18 = Apex.sln
		SccProjectName18 = Core/Apex.WP7
		SccLocalPath18 = Core\\Apex.WP7
		SccProjectUniqueName19 = Samples\\WP7\\CommandingSample\\CommandingSample.csproj
		SccProjectTopLevelParentUniqueName19 = Apex.sln
		SccProjectName19 = Samples/WP7/CommandingSample
		SccLocalPath19 = Samples\\WP7\\CommandingSample
		SccProjectUniqueName20 = Samples\\WP7\\ControlsSample\\ControlsSample.csproj
		SccProjectTopLevelParentUniqueName20 = Apex.sln
		SccProjectName20 = Samples/WP7/ControlsSample
		SccLocalPath20 = Samples\\WP7\\ControlsSample
		SccProjectUniqueName21 = Samples\\WP7\\MVVMSample\\MVVMSample.csproj
		SccProjectTopLevelParentUniqueName21 = Apex.sln
		SccProjectName21 = Samples/WP7/MVVMSample
		SccLocalPath21 = Samples\\WP7\\MVVMSample
		SccProjectUniqueName22 = Legacy\\Apex.WP7\\Apex.WP7\u0020Windows\u0020Phone\u00207.0.csproj
		SccProjectTopLevelParentUniqueName22 = Apex.sln
		SccProjectName22 = Legacy/Apex.WP7
		SccLocalPath22 = Legacy\\Apex.WP7
		SccProjectUniqueName23 = Samples\\WPF\\PopupSample\\PopupSample.csproj
		SccProjectTopLevelParentUniqueName23 = Apex.sln
		SccProjectName23 = Samples/WPF/PopupSample
		SccLocalPath23 = Samples\\WPF\\PopupSample
		SccProjectUniqueName24 = Legacy\\Apex.Silverlight3\\Apex.Silverlight3.csproj
		SccProjectTopLevelParentUniqueName24 = Apex.sln
		SccProjectName24 = Legacy/Apex.Silverlight3
		SccLocalPath24 = Legacy\\Apex.Silverlight3
		SccProjectUniqueName25 = Samples\\Silverlight\\PopupSample\\PopupSample.csproj
		SccProjectTopLevelParentUniqueName25 = Apex.sln
		SccProjectName25 = Samples/Silverlight/PopupSample
		SccLocalPath25 = Samples\\Silverlight\\PopupSample
		SccProjectUniqueName26 = Tests\\Apex.Tests\\Apex.Tests.csproj
		SccProjectTopLevelParentUniqueName26 = Apex.sln
		SccProjectName26 = Tests/Apex.Tests
		SccLocalPath26 = Tests\\Apex.Tests
		SccProjectUniqueName27 = Core\\Apex.Silverlight\\Apex.Silverlight.csproj
		SccProjectTopLevelParentUniqueName27 = Apex.sln
		SccProjectName27 = Core/Apex.Silverlight
		SccLocalPath27 = Core\\Apex.Silverlight
		SccProjectUniqueName28 = Legacy\\Apex.Silverlight4\\Apex.Silverlight4.csproj
		SccProjectTopLevelParentUniqueName28 = Apex.sln
		SccProjectName28 = Legacy/Apex.Silverlight4
		SccLocalPath28 = Legacy\\Apex.Silverlight4
		SccProjectUniqueName29 = Extensions\\ItemTemplates\\WPF\\ApexModelItemTemplate\\ApexModelItemTemplate.csproj
		SccProjectTopLevelParentUniqueName29 = Apex.sln
		SccProjectName29 = Extensions/ItemTemplates/WPF/ApexModelItemTemplate
		SccLocalPath29 = Extensions\\ItemTemplates\\WPF\\ApexModelItemTemplate
		SccProjectUniqueName30 = Extensions\\ItemTemplates\\WPF\\ApexViewAndViewModelItemTemplate\\ApexViewAndViewModelItemTemplate.csproj
		SccProjectTopLevelParentUniqueName30 = Apex.sln
		SccProjectName30 = Extensions/ItemTemplates/WPF/ApexViewAndViewModelItemTemplate
		SccLocalPath30 = Extensions\\ItemTemplates\\WPF\\ApexViewAndViewModelItemTemplate
		SccProjectUniqueName31 = Extensions\\ItemTemplates\\WPF\\ApexViewItemTemplate\\ApexViewItemTemplate.csproj
		SccProjectTopLevelParentUniqueName31 = Apex.sln
		SccProjectName31 = Extensions/ItemTemplates/WPF/ApexViewItemTemplate
		SccLocalPath31 = Extensions\\ItemTemplates\\WPF\\ApexViewItemTemplate
		SccProjectUniqueName32 = Extensions\\ItemTemplates\\WPF\\ApexViewModelItemTemplate\\ApexViewModelItemTemplate.csproj
		SccProjectTopLevelParentUniqueName32 = Apex.sln
		SccProjectName32 = Extensions/ItemTemplates/WPF/ApexViewModelItemTemplate
		SccLocalPath32 = Extensions\\ItemTemplates\\WPF\\ApexViewModelItemTemplate
		SccProjectUniqueName33 = Extensions\\ItemTemplates\\WPF\\SingletonItemTemplate\\SingletonItemTemplate.csproj
		SccProjectTopLevelParentUniqueName33 = Apex.sln
		SccProjectName33 = Extensions/ItemTemplates/WPF/SingletonItemTemplate
		SccLocalPath33 = Extensions\\ItemTemplates\\WPF\\SingletonItemTemplate
		SccProjectUniqueName34 = Extensions\\ProjectTemplates\\WPF\\ZuneStyleApplication\\ZuneStyleApplication.csproj
		SccProjectTopLevelParentUniqueName34 = Apex.sln
		SccProjectName34 = Extensions/ProjectTemplates/WPF/ZuneStyleApplication
		SccLocalPath34 = Extensions\\ProjectTemplates\\WPF\\ZuneStyleApplication
		SccProjectUniqueName35 = Extensions\\ProjectTemplates\\WPF\\WpfDialogApplication\\WpfDialogApplication.csproj
		SccProjectTopLevelParentUniqueName35 = Apex.sln
		SccProjectName35 = Extensions/ProjectTemplates/WPF/WpfDialogApplication
		SccLocalPath35 = Extensions\\ProjectTemplates\\WPF\\WpfDialogApplication
		SccProjectUniqueName36 = Extensions\\ProjectTemplates\\Silverlight\\ZuneStyleApplication\\ZuneStyleApplication.csproj
		SccProjectTopLevelParentUniqueName36 = Apex.sln
		SccProjectName36 = Extensions/ProjectTemplates/Silverlight/ZuneStyleApplication
		SccLocalPath36 = Extensions\\ProjectTemplates\\Silverlight\\ZuneStyleApplication
		SccProjectUniqueName37 = Extensions\\ProjectTemplates\\WPF\\ZuneStyleApplicationTemplate\\ZuneStyleApplicationTemplate.csproj
		SccProjectTopLevelParentUniqueName37 = Apex.sln
		SccProjectName37 = Extensions/ProjectTemplates/WPF/ZuneStyleApplicationTemplate
		SccLocalPath37 = Extensions\\ProjectTemplates\\WPF\\ZuneStyleApplicationTemplate
		SccProjectUniqueName38 = ZuneStyleApplicationTemplate\\ZuneStyleApplicationTemplate.csproj
		SccProjectTopLevelParentUniqueName38 = Apex.sln
		SccProjectName38 = ZuneStyleApplicationTemplate
		SccLocalPath38 = ZuneStyleApplicationTemplate
	EndGlobalSection
	GlobalSection(TestCaseManagementSettings) = postSolution
		CategoryFile = Apex.vsmdi
	EndGlobalSection
	GlobalSection(SolutionConfigurationPlatforms) = preSolution
		Debug|Any CPU = Debug|Any CPU
		Debug|Mixed Platforms = Debug|Mixed Platforms
		Debug|x86 = Debug|x86
		Release|Any CPU = Release|Any CPU
		Release|Mixed Platforms = Release|Mixed Platforms
		Release|x86 = Release|x86
	EndGlobalSection
	GlobalSection(ProjectConfigurationPlatforms) = postSolution
		{F8C6FFCD-C814-46D3-AC79-7D36C4D614DE}.Debug|Any CPU.ActiveCfg = Debug|x86
		{F8C6FFCD-C814-46D3-AC79-7D36C4D614DE}.Debug|Mixed Platforms.ActiveCfg = Debug|x86
		{F8C6FFCD-C814-46D3-AC79-7D36C4D614DE}.Debug|Mixed Platforms.Build.0 = Debug|x86
		{F8C6FFCD-C814-46D3-AC79-7D36C4D614DE}.Debug|x86.ActiveCfg = Debug|x86
		{F8C6FFCD-C814-46D3-AC79-7D36C4D614DE}.Debug|x86.Build.0 = Debug|x86
		{F8C6FFCD-C814-46D3-AC79-7D36C4D614DE}.Release|Any CPU.ActiveCfg = Release|x86
		{F8C6FFCD-C814-46D3-AC79-7D36C4D614DE}.Release|Mixed Platforms.ActiveCfg = Release|x86
		{F8C6FFCD-C814-46D3-AC79-7D36C4D614DE}.Release|Mixed Platforms.Build.0 = Release|x86
		{F8C6FFCD-C814-46D3-AC79-7D36C4D614DE}.Release|x86.ActiveCfg = Release|x86
		{F8C6FFCD-C814-46D3-AC79-7D36C4D614DE}.Release|x86.Build.0 = Release|x86
		{07F81CED-6B5E-48B2-A935-81C289E995C8}.Debug|Any CPU.ActiveCfg = Debug|x86
		{07F81CED-6B5E-48B2-A935-81C289E995C8}.Debug|Mixed Platforms.ActiveCfg = Debug|x86
		{07F81CED-6B5E-48B2-A935-81C289E995C8}.Debug|x86.ActiveCfg = Debug|x86
		{07F81CED-6B5E-48B2-A935-81C289E995C8}.Debug|x86.Build.0 = Debug|x86
		{07F81CED-6B5E-48B2-A935-81C289E995C8}.Release|Any CPU.ActiveCfg = Release|x86
		{07F81CED-6B5E-48B2-A935-81C289E995C8}.Release|Mixed Platforms.ActiveCfg = Release|x86
		{07F81CED-6B5E-48B2-A935-81C289E995C8}.Release|Mixed Platforms.Build.0 = Release|x86
		{07F81CED-6B5E-48B2-A935-81C289E995C8}.Release|x86.ActiveCfg = Release|x86
		{07F81CED-6B5E-48B2-A935-81C289E995C8}.Release|x86.Build.0 = Release|x86
		{33CCC542-0C41-4230-BEEC-9A09B4B2267A}.Debug|Any CPU.ActiveCfg = Debug|Any CPU
		{33CCC542-0C41-4230-BEEC-9A09B4B2267A}.Debug|Any CPU.Build.0 = Debug|Any CPU
		{33CCC542-0C41-4230-BEEC-9A09B4B2267A}.Debug|Mixed Platforms.ActiveCfg = Debug|Any CPU
		{33CCC542-0C41-4230-BEEC-9A09B4B2267A}.Debug|x86.ActiveCfg = Debug|Any CPU
		{33CCC542-0C41-4230-BEEC-9A09B4B2267A}.Release|Any CPU.ActiveCfg = Release|Any CPU
		{33CCC542-0C41-4230-BEEC-9A09B4B2267A}.Release|Any CPU.Build.0 = Release|Any CPU
		{33CCC542-0C41-4230-BEEC-9A09B4B2267A}.Release|Mixed Platforms.ActiveCfg = Release|Any CPU
		{33CCC542-0C41-4230-BEEC-9A09B4B2267A}.Release|Mixed Platforms.Build.0 = Release|Any CPU
		{33CCC542-0C41-4230-BEEC-9A09B4B2267A}.Release|x86.ActiveCfg = Release|Any CPU
		{67D54A68-A287-4797-9667-ACCBF9683119}.Debug|Any CPU.ActiveCfg = Debug|Any CPU
		{67D54A68-A287-4797-9667-ACCBF9683119}.Debug|Any CPU.Build.0 = Debug|Any CPU
		{67D54A68-A287-4797-9667-ACCBF9683119}.Debug|Mixed Platforms.ActiveCfg = Debug|Any CPU
		{67D54A68-A287-4797-9667-ACCBF9683119}.Debug|Mixed Platforms.Build.0 = Debug|Any CPU
		{67D54A68-A287-4797-9667-ACCBF9683119}.Debug|x86.ActiveCfg = Debug|Any CPU
		{67D54A68-A287-4797-9667-ACCBF9683119}.Release|Any CPU.ActiveCfg = Release|Any CPU
		{67D54A68-A287-4797-9667-ACCBF9683119}.Release|Any CPU.Build.0 = Release|Any CPU
		{67D54A68-A287-4797-9667-ACCBF9683119}.Release|Mixed Platforms.ActiveCfg = Release|Any CPU
		{67D54A68-A287-4797-9667-ACCBF9683119}.Release|Mixed Platforms.Build.0 = Release|Any CPU
		{67D54A68-A287-4797-9667-ACCBF9683119}.Release|x86.ActiveCfg = Release|Any CPU
		{A479105C-717B-4500-8FFC-B3D12BEEF13E}.Debug|Any CPU.ActiveCfg = Debug|Any CPU
		{A479105C-717B-4500-8FFC-B3D12BEEF13E}.Debug|Any CPU.Build.0 = Debug|Any CPU
		{A479105C-717B-4500-8FFC-B3D12BEEF13E}.Debug|Mixed Platforms.ActiveCfg = Debug|Any CPU
		{A479105C-717B-4500-8FFC-B3D12BEEF13E}.Debug|Mixed Platforms.Build.0 = Debug|Any CPU
		{A479105C-717B-4500-8FFC-B3D12BEEF13E}.Debug|x86.ActiveCfg = Debug|Any CPU
		{A479105C-717B-4500-8FFC-B3D12BEEF13E}.Release|Any CPU.ActiveCfg = Release|Any CPU
		{A479105C-717B-4500-8FFC-B3D12BEEF13E}.Release|Any CPU.Build.0 = Release|Any CPU
		{A479105C-717B-4500-8FFC-B3D12BEEF13E}.Release|Mixed Platforms.ActiveCfg = Release|Any CPU
		{A479105C-717B-4500-8FFC-B3D12BEEF13E}.Release|Mixed Platforms.Build.0 = Release|Any CPU
		{A479105C-717B-4500-8FFC-B3D12BEEF13E}.Release|x86.ActiveCfg = Release|Any CPU
		{ECCD3814-F5C6-411F-8F3E-FCC2FC346E29}.Debug|Any CPU.ActiveCfg = Debug|Any CPU
		{ECCD3814-F5C6-411F-8F3E-FCC2FC346E29}.Debug|Any CPU.Build.0 = Debug|Any CPU
		{ECCD3814-F5C6-411F-8F3E-FCC2FC346E29}.Debug|Mixed Platforms.ActiveCfg = Debug|Any CPU
		{ECCD3814-F5C6-411F-8F3E-FCC2FC346E29}.Debug|Mixed Platforms.Build.0 = Debug|Any CPU
		{ECCD3814-F5C6-411F-8F3E-FCC2FC346E29}.Debug|x86.ActiveCfg = Debug|Any CPU
		{ECCD3814-F5C6-411F-8F3E-FCC2FC346E29}.Release|Any CPU.ActiveCfg = Release|Any CPU
		{ECCD3814-F5C6-411F-8F3E-FCC2FC346E29}.Release|Any CPU.Build.0 = Release|Any CPU
		{ECCD3814-F5C6-411F-8F3E-FCC2FC346E29}.Release|Mixed Platforms.ActiveCfg = Release|Any CPU
		{ECCD3814-F5C6-411F-8F3E-FCC2FC346E29}.Release|Mixed Platforms.Build.0 = Release|Any CPU
		{ECCD3814-F5C6-411F-8F3E-FCC2FC346E29}.Release|x86.ActiveCfg = Release|Any CPU
		{045F9F82-B22A-4083-A978-51552906E813}.Debug|Any CPU.ActiveCfg = Debug|Any CPU
		{045F9F82-B22A-4083-A978-51552906E813}.Debug|Any CPU.Build.0 = Debug|Any CPU
		{045F9F82-B22A-4083-A978-51552906E813}.Debug|Mixed Platforms.ActiveCfg = Debug|Any CPU
		{045F9F82-B22A-4083-A978-51552906E813}.Debug|Mixed Platforms.Build.0 = Debug|Any CPU
		{045F9F82-B22A-4083-A978-51552906E813}.Debug|x86.ActiveCfg = Debug|Any CPU
		{045F9F82-B22A-4083-A978-51552906E813}.Release|Any CPU.ActiveCfg = Release|Any CPU
		{045F9F82-B22A-4083-A978-51552906E813}.Release|Any CPU.Build.0 = Release|Any CPU
		{045F9F82-B22A-4083-A978-51552906E813}.Release|Mixed Platforms.ActiveCfg = Release|Any CPU
		{045F9F82-B22A-4083-A978-51552906E813}.Release|Mixed Platforms.Build.0 = Release|Any CPU
		{045F9F82-B22A-4083-A978-51552906E813}.Release|x86.ActiveCfg = Release|Any CPU
		{A6533E15-A64B-44E9-87B4-7B1372302FF9}.Debug|Any CPU.ActiveCfg = Debug|x86
		{A6533E15-A64B-44E9-87B4-7B1372302FF9}.Debug|Mixed Platforms.ActiveCfg = Debug|x86
		{A6533E15-A64B-44E9-87B4-7B1372302FF9}.Debug|Mixed Platforms.Build.0 = Debug|x86
		{A6533E15-A64B-44E9-87B4-7B1372302FF9}.Debug|x86.ActiveCfg = Debug|x86
		{A6533E15-A64B-44E9-87B4-7B1372302FF9}.Debug|x86.Build.0 = Debug|x86
		{A6533E15-A64B-44E9-87B4-7B1372302FF9}.Release|Any CPU.ActiveCfg = Release|x86
		{A6533E15-A64B-44E9-87B4-7B1372302FF9}.Release|Mixed Platforms.ActiveCfg = Release|x86
		{A6533E15-A64B-44E9-87B4-7B1372302FF9}.Release|Mixed Platforms.Build.0 = Release|x86
		{A6533E15-A64B-44E9-87B4-7B1372302FF9}.Release|x86.ActiveCfg = Release|x86
		{A6533E15-A64B-44E9-87B4-7B1372302FF9}.Release|x86.Build.0 = Release|x86
		{EB143A15-9C0F-43CA-9419-BEC75C6D3A4D}.Debug|Any CPU.ActiveCfg = Debug|x86
		{EB143A15-9C0F-43CA-9419-BEC75C6D3A4D}.Debug|Mixed Platforms.ActiveCfg = Debug|x86
		{EB143A15-9C0F-43CA-9419-BEC75C6D3A4D}.Debug|Mixed Platforms.Build.0 = Debug|x86
		{EB143A15-9C0F-43CA-9419-BEC75C6D3A4D}.Debug|x86.ActiveCfg = Debug|x86
		{EB143A15-9C0F-43CA-9419-BEC75C6D3A4D}.Debug|x86.Build.0 = Debug|x86
		{EB143A15-9C0F-43CA-9419-BEC75C6D3A4D}.Release|Any CPU.ActiveCfg = Release|x86
		{EB143A15-9C0F-43CA-9419-BEC75C6D3A4D}.Release|Mixed Platforms.ActiveCfg = Release|x86
		{EB143A15-9C0F-43CA-9419-BEC75C6D3A4D}.Release|Mixed Platforms.Build.0 = Release|x86
		{EB143A15-9C0F-43CA-9419-BEC75C6D3A4D}.Release|x86.ActiveCfg = Release|x86
		{EB143A15-9C0F-43CA-9419-BEC75C6D3A4D}.Release|x86.Build.0 = Release|x86
		{479D5D9F-394D-4635-953D-DA0078211320}.Debug|Any CPU.ActiveCfg = Debug|x86
		{479D5D9F-394D-4635-953D-DA0078211320}.Debug|Mixed Platforms.ActiveCfg = Debug|x86
		{479D5D9F-394D-4635-953D-DA0078211320}.Debug|Mixed Platforms.Build.0 = Debug|x86
		{479D5D9F-394D-4635-953D-DA0078211320}.Debug|x86.ActiveCfg = Debug|x86
		{479D5D9F-394D-4635-953D-DA0078211320}.Debug|x86.Build.0 = Debug|x86
		{479D5D9F-394D-4635-953D-DA0078211320}.Release|Any CPU.ActiveCfg = Release|x86
		{479D5D9F-394D-4635-953D-DA0078211320}.Release|Mixed Platforms.ActiveCfg = Release|x86
		{479D5D9F-394D-4635-953D-DA0078211320}.Release|Mixed Platforms.Build.0 = Release|x86
		{479D5D9F-394D-4635-953D-DA0078211320}.Release|x86.ActiveCfg = Release|x86
		{479D5D9F-394D-4635-953D-DA0078211320}.Release|x86.Build.0 = Release|x86
		{3754DC54-5B50-4F1D-9F0F-5B9132287E52}.Debug|Any CPU.ActiveCfg = Debug|x86
		{3754DC54-5B50-4F1D-9F0F-5B9132287E52}.Debug|Mixed Platforms.ActiveCfg = Debug|x86
		{3754DC54-5B50-4F1D-9F0F-5B9132287E52}.Debug|Mixed Platforms.Build.0 = Debug|x86
		{3754DC54-5B50-4F1D-9F0F-5B9132287E52}.Debug|x86.ActiveCfg = Debug|x86
		{3754DC54-5B50-4F1D-9F0F-5B9132287E52}.Debug|x86.Build.0 = Debug|x86
		{3754DC54-5B50-4F1D-9F0F-5B9132287E52}.Release|Any CPU.ActiveCfg = Release|x86
		{3754DC54-5B50-4F1D-9F0F-5B9132287E52}.Release|Mixed Platforms.ActiveCfg = Release|x86
		{3754DC54-5B50-4F1D-9F0F-5B9132287E52}.Release|Mixed Platforms.Build.0 = Release|x86
		{3754DC54-5B50-4F1D-9F0F-5B9132287E52}.Release|x86.ActiveCfg = Release|x86
		{3754DC54-5B50-4F1D-9F0F-5B9132287E52}.Release|x86.Build.0 = Release|x86
		{521E3997-5583-4848-80FB-F0095B27E288}.Debug|Any CPU.ActiveCfg = Debug|Any CPU
		{521E3997-5583-4848-80FB-F0095B27E288}.Debug|Any CPU.Build.0 = Debug|Any CPU
		{521E3997-5583-4848-80FB-F0095B27E288}.Debug|Mixed Platforms.ActiveCfg = Debug|Any CPU
		{521E3997-5583-4848-80FB-F0095B27E288}.Debug|Mixed Platforms.Build.0 = Debug|Any CPU
		{521E3997-5583-4848-80FB-F0095B27E288}.Debug|x86.ActiveCfg = Debug|Any CPU
		{521E3997-5583-4848-80FB-F0095B27E288}.Release|Any CPU.ActiveCfg = Release|Any CPU
		{521E3997-5583-4848-80FB-F0095B27E288}.Release|Any CPU.Build.0 = Release|Any CPU
		{521E3997-5583-4848-80FB-F0095B27E288}.Release|Mixed Platforms.ActiveCfg = Release|Any CPU
		{521E3997-5583-4848-80FB-F0095B27E288}.Release|Mixed Platforms.Build.0 = Release|Any CPU
		{521E3997-5583-4848-80FB-F0095B27E288}.Release|x86.ActiveCfg = Release|Any CPU
		{A2C1DAA3-81A0-4555-8F6E-495C25B754E5}.Debug|Any CPU.ActiveCfg = Debug|Any CPU
		{A2C1DAA3-81A0-4555-8F6E-495C25B754E5}.Debug|Any CPU.Build.0 = Debug|Any CPU
		{A2C1DAA3-81A0-4555-8F6E-495C25B754E5}.Debug|Mixed Platforms.ActiveCfg = Debug|Any CPU
		{A2C1DAA3-81A0-4555-8F6E-495C25B754E5}.Debug|Mixed Platforms.Build.0 = Debug|Any CPU
		{A2C1DAA3-81A0-4555-8F6E-495C25B754E5}.Debug|x86.ActiveCfg = Debug|Any CPU
		{A2C1DAA3-81A0-4555-8F6E-495C25B754E5}.Release|Any CPU.ActiveCfg = Release|Any CPU
		{A2C1DAA3-81A0-4555-8F6E-495C25B754E5}.Release|Any CPU.Build.0 = Release|Any CPU
		{A2C1DAA3-81A0-4555-8F6E-495C25B754E5}.Release|Mixed Platforms.ActiveCfg = Release|Any CPU
		{A2C1DAA3-81A0-4555-8F6E-495C25B754E5}.Release|Mixed Platforms.Build.0 = Release|Any CPU
		{A2C1DAA3-81A0-4555-8F6E-495C25B754E5}.Release|x86.ActiveCfg = Release|Any CPU
		{12704CED-DA46-418B-BF4C-81D6FC14BDCA}.Debug|Any CPU.ActiveCfg = Debug|Any CPU
		{12704CED-DA46-418B-BF4C-81D6FC14BDCA}.Debug|Any CPU.Build.0 = Debug|Any CPU
		{12704CED-DA46-418B-BF4C-81D6FC14BDCA}.Debug|Mixed Platforms.ActiveCfg = Debug|Any CPU
		{12704CED-DA46-418B-BF4C-81D6FC14BDCA}.Debug|Mixed Platforms.Build.0 = Debug|Any CPU
		{12704CED-DA46-418B-BF4C-81D6FC14BDCA}.Debug|x86.ActiveCfg = Debug|Any CPU
		{12704CED-DA46-418B-BF4C-81D6FC14BDCA}.Release|Any CPU.ActiveCfg = Release|Any CPU
		{12704CED-DA46-418B-BF4C-81D6FC14BDCA}.Release|Any CPU.Build.0 = Release|Any CPU
		{12704CED-DA46-418B-BF4C-81D6FC14BDCA}.Release|Mixed Platforms.ActiveCfg = Release|Any CPU
		{12704CED-DA46-418B-BF4C-81D6FC14BDCA}.Release|Mixed Platforms.Build.0 = Release|Any CPU
		{12704CED-DA46-418B-BF4C-81D6FC14BDCA}.Release|x86.ActiveCfg = Release|Any CPU
		{F5A06B77-A59B-4449-862C-907A1085B59D}.Debug|Any CPU.ActiveCfg = Debug|Any CPU
		{F5A06B77-A59B-4449-862C-907A1085B59D}.Debug|Any CPU.Build.0 = Debug|Any CPU
		{F5A06B77-A59B-4449-862C-907A1085B59D}.Debug|Mixed Platforms.ActiveCfg = Debug|Any CPU
		{F5A06B77-A59B-4449-862C-907A1085B59D}.Debug|Mixed Platforms.Build.0 = Debug|Any CPU
		{F5A06B77-A59B-4449-862C-907A1085B59D}.Debug|x86.ActiveCfg = Debug|Any CPU
		{F5A06B77-A59B-4449-862C-907A1085B59D}.Release|Any CPU.ActiveCfg = Release|Any CPU
		{F5A06B77-A59B-4449-862C-907A1085B59D}.Release|Any CPU.Build.0 = Release|Any CPU
		{F5A06B77-A59B-4449-862C-907A1085B59D}.Release|Mixed Platforms.ActiveCfg = Release|Any CPU
		{F5A06B77-A59B-4449-862C-907A1085B59D}.Release|Mixed Platforms.Build.0 = Release|Any CPU
		{F5A06B77-A59B-4449-862C-907A1085B59D}.Release|x86.ActiveCfg = Release|Any CPU
		{7F2B4D5B-884D-4B57-9D8D-AFB64B867869}.Debug|Any CPU.ActiveCfg = Debug
		{7F2B4D5B-884D-4B57-9D8D-AFB64B867869}.Debug|Mixed Platforms.ActiveCfg = Debug
		{7F2B4D5B-884D-4B57-9D8D-AFB64B867869}.Debug|x86.ActiveCfg = Debug
		{7F2B4D5B-884D-4B57-9D8D-AFB64B867869}.Release|Any CPU.ActiveCfg = Release
		{7F2B4D5B-884D-4B57-9D8D-AFB64B867869}.Release|Mixed Platforms.ActiveCfg = Release
		{7F2B4D5B-884D-4B57-9D8D-AFB64B867869}.Release|Mixed Platforms.Build.0 = Release
		{7F2B4D5B-884D-4B57-9D8D-AFB64B867869}.Release|x86.ActiveCfg = Release
		{DE858B80-AD75-491D-9552-0B46E1F7C8EC}.Debug|Any CPU.ActiveCfg = Debug
		{DE858B80-AD75-491D-9552-0B46E1F7C8EC}.Debug|Mixed Platforms.ActiveCfg = Debug
		{DE858B80-AD75-491D-9552-0B46E1F7C8EC}.Debug|x86.ActiveCfg = Debug
		{DE858B80-AD75-491D-9552-0B46E1F7C8EC}.Release|Any CPU.ActiveCfg = Release
		{DE858B80-AD75-491D-9552-0B46E1F7C8EC}.Release|Mixed Platforms.ActiveCfg = Release
		{DE858B80-AD75-491D-9552-0B46E1F7C8EC}.Release|Mixed Platforms.Build.0 = Release
		{DE858B80-AD75-491D-9552-0B46E1F7C8EC}.Release|x86.ActiveCfg = Release
		{9BC524A0-83F9-4864-A1E5-F93EB7DDAF8A}.Debug|Any CPU.ActiveCfg = Debug|Any CPU
		{9BC524A0-83F9-4864-A1E5-F93EB7DDAF8A}.Debug|Any CPU.Build.0 = Debug|Any CPU
		{9BC524A0-83F9-4864-A1E5-F93EB7DDAF8A}.Debug|Mixed Platforms.ActiveCfg = Debug|Any CPU
		{9BC524A0-83F9-4864-A1E5-F93EB7DDAF8A}.Debug|Mixed Platforms.Build.0 = Debug|Any CPU
		{9BC524A0-83F9-4864-A1E5-F93EB7DDAF8A}.Debug|x86.ActiveCfg = Debug|Any CPU
		{9BC524A0-83F9-4864-A1E5-F93EB7DDAF8A}.Release|Any CPU.ActiveCfg = Release|Any CPU
		{9BC524A0-83F9-4864-A1E5-F93EB7DDAF8A}.Release|Any CPU.Build.0 = Release|Any CPU
		{9BC524A0-83F9-4864-A1E5-F93EB7DDAF8A}.Release|Mixed Platforms.ActiveCfg = Release|Any CPU
		{9BC524A0-83F9-4864-A1E5-F93EB7DDAF8A}.Release|Mixed Platforms.Build.0 = Release|Any CPU
		{9BC524A0-83F9-4864-A1E5-F93EB7DDAF8A}.Release|x86.ActiveCfg = Release|Any CPU
		{5CA8754C-8D71-420A-BA16-A795F11D317D}.Debug|Any CPU.ActiveCfg = Debug|Any CPU
		{5CA8754C-8D71-420A-BA16-A795F11D317D}.Debug|Any CPU.Build.0 = Debug|Any CPU
		{5CA8754C-8D71-420A-BA16-A795F11D317D}.Debug|Mixed Platforms.ActiveCfg = Debug|Any CPU
		{5CA8754C-8D71-420A-BA16-A795F11D317D}.Debug|Mixed Platforms.Build.0 = Debug|Any CPU
		{5CA8754C-8D71-420A-BA16-A795F11D317D}.Debug|x86.ActiveCfg = Debug|Any CPU
		{5CA8754C-8D71-420A-BA16-A795F11D317D}.Release|Any CPU.ActiveCfg = Release|Any CPU
		{5CA8754C-8D71-420A-BA16-A795F11D317D}.Release|Any CPU.Build.0 = Release|Any CPU
		{5CA8754C-8D71-420A-BA16-A795F11D317D}.Release|Mixed Platforms.ActiveCfg = Release|Any CPU
		{5CA8754C-8D71-420A-BA16-A795F11D317D}.Release|Mixed Platforms.Build.0 = Release|Any CPU
		{5CA8754C-8D71-420A-BA16-A795F11D317D}.Release|x86.ActiveCfg = Release|Any CPU
		{072EFBD3-E6F1-4471-89E8-C0BA5F77C050}.Debug|Any CPU.ActiveCfg = Debug|Any CPU
		{072EFBD3-E6F1-4471-89E8-C0BA5F77C050}.Debug|Any CPU.Build.0 = Debug|Any CPU
		{072EFBD3-E6F1-4471-89E8-C0BA5F77C050}.Debug|Any CPU.Deploy.0 = Debug|Any CPU
		{072EFBD3-E6F1-4471-89E8-C0BA5F77C050}.Debug|Mixed Platforms.ActiveCfg = Debug|Any CPU
		{072EFBD3-E6F1-4471-89E8-C0BA5F77C050}.Debug|Mixed Platforms.Build.0 = Debug|Any CPU
		{072EFBD3-E6F1-4471-89E8-C0BA5F77C050}.Debug|Mixed Platforms.Deploy.0 = Debug|Any CPU
		{072EFBD3-E6F1-4471-89E8-C0BA5F77C050}.Debug|x86.ActiveCfg = Debug|Any CPU
		{072EFBD3-E6F1-4471-89E8-C0BA5F77C050}.Release|Any CPU.ActiveCfg = Release|Any CPU
		{072EFBD3-E6F1-4471-89E8-C0BA5F77C050}.Release|Any CPU.Build.0 = Release|Any CPU
		{072EFBD3-E6F1-4471-89E8-C0BA5F77C050}.Release|Any CPU.Deploy.0 = Release|Any CPU
		{072EFBD3-E6F1-4471-89E8-C0BA5F77C050}.Release|Mixed Platforms.ActiveCfg = Release|Any CPU
		{072EFBD3-E6F1-4471-89E8-C0BA5F77C050}.Release|Mixed Platforms.Build.0 = Release|Any CPU
		{072EFBD3-E6F1-4471-89E8-C0BA5F77C050}.Release|Mixed Platforms.Deploy.0 = Release|Any CPU
		{072EFBD3-E6F1-4471-89E8-C0BA5F77C050}.Release|x86.ActiveCfg = Release|Any CPU
		{8550269A-AC03-4D05-91F3-043973FA56DE}.Debug|Any CPU.ActiveCfg = Debug|Any CPU
		{8550269A-AC03-4D05-91F3-043973FA56DE}.Debug|Any CPU.Build.0 = Debug|Any CPU
		{8550269A-AC03-4D05-91F3-043973FA56DE}.Debug|Any CPU.Deploy.0 = Debug|Any CPU
		{8550269A-AC03-4D05-91F3-043973FA56DE}.Debug|Mixed Platforms.ActiveCfg = Debug|Any CPU
		{8550269A-AC03-4D05-91F3-043973FA56DE}.Debug|Mixed Platforms.Build.0 = Debug|Any CPU
		{8550269A-AC03-4D05-91F3-043973FA56DE}.Debug|Mixed Platforms.Deploy.0 = Debug|Any CPU
		{8550269A-AC03-4D05-91F3-043973FA56DE}.Debug|x86.ActiveCfg = Debug|Any CPU
		{8550269A-AC03-4D05-91F3-043973FA56DE}.Release|Any CPU.ActiveCfg = Release|Any CPU
		{8550269A-AC03-4D05-91F3-043973FA56DE}.Release|Any CPU.Build.0 = Release|Any CPU
		{8550269A-AC03-4D05-91F3-043973FA56DE}.Release|Any CPU.Deploy.0 = Release|Any CPU
		{8550269A-AC03-4D05-91F3-043973FA56DE}.Release|Mixed Platforms.ActiveCfg = Release|Any CPU
		{8550269A-AC03-4D05-91F3-043973FA56DE}.Release|Mixed Platforms.Build.0 = Release|Any CPU
		{8550269A-AC03-4D05-91F3-043973FA56DE}.Release|Mixed Platforms.Deploy.0 = Release|Any CPU
		{8550269A-AC03-4D05-91F3-043973FA56DE}.Release|x86.ActiveCfg = Release|Any CPU
		{E94096B6-36C3-49EA-B580-06DB182C9F7D}.Debug|Any CPU.ActiveCfg = Debug|Any CPU
		{E94096B6-36C3-49EA-B580-06DB182C9F7D}.Debug|Any CPU.Build.0 = Debug|Any CPU
		{E94096B6-36C3-49EA-B580-06DB182C9F7D}.Debug|Any CPU.Deploy.0 = Debug|Any CPU
		{E94096B6-36C3-49EA-B580-06DB182C9F7D}.Debug|Mixed Platforms.ActiveCfg = Debug|Any CPU
		{E94096B6-36C3-49EA-B580-06DB182C9F7D}.Debug|Mixed Platforms.Build.0 = Debug|Any CPU
		{E94096B6-36C3-49EA-B580-06DB182C9F7D}.Debug|Mixed Platforms.Deploy.0 = Debug|Any CPU
		{E94096B6-36C3-49EA-B580-06DB182C9F7D}.Debug|x86.ActiveCfg = Debug|Any CPU
		{E94096B6-36C3-49EA-B580-06DB182C9F7D}.Release|Any CPU.ActiveCfg = Release|Any CPU
		{E94096B6-36C3-49EA-B580-06DB182C9F7D}.Release|Any CPU.Build.0 = Release|Any CPU
		{E94096B6-36C3-49EA-B580-06DB182C9F7D}.Release|Any CPU.Deploy.0 = Release|Any CPU
		{E94096B6-36C3-49EA-B580-06DB182C9F7D}.Release|Mixed Platforms.ActiveCfg = Release|Any CPU
		{E94096B6-36C3-49EA-B580-06DB182C9F7D}.Release|Mixed Platforms.Build.0 = Release|Any CPU
		{E94096B6-36C3-49EA-B580-06DB182C9F7D}.Release|Mixed Platforms.Deploy.0 = Release|Any CPU
		{E94096B6-36C3-49EA-B580-06DB182C9F7D}.Release|x86.ActiveCfg = Release|Any CPU
		{C097B6AB-F4E6-47E3-BC0C-5153B13AEC26}.Debug|Any CPU.ActiveCfg = Debug|x86
		{C097B6AB-F4E6-47E3-BC0C-5153B13AEC26}.Debug|Mixed Platforms.ActiveCfg = Debug|x86
		{C097B6AB-F4E6-47E3-BC0C-5153B13AEC26}.Debug|Mixed Platforms.Build.0 = Debug|x86
		{C097B6AB-F4E6-47E3-BC0C-5153B13AEC26}.Debug|x86.ActiveCfg = Debug|x86
		{C097B6AB-F4E6-47E3-BC0C-5153B13AEC26}.Debug|x86.Build.0 = Debug|x86
		{C097B6AB-F4E6-47E3-BC0C-5153B13AEC26}.Release|Any CPU.ActiveCfg = Release|x86
		{C097B6AB-F4E6-47E3-BC0C-5153B13AEC26}.Release|Mixed Platforms.ActiveCfg = Release|x86
		{C097B6AB-F4E6-47E3-BC0C-5153B13AEC26}.Release|Mixed Platforms.Build.0 = Release|x86
		{C097B6AB-F4E6-47E3-BC0C-5153B13AEC26}.Release|x86.ActiveCfg = Release|x86
		{C097B6AB-F4E6-47E3-BC0C-5153B13AEC26}.Release|x86.Build.0 = Release|x86
		{13B41E58-A2ED-4423-B986-EF0EC029932E}.Debug|Any CPU.ActiveCfg = Debug|Any CPU
		{13B41E58-A2ED-4423-B986-EF0EC029932E}.Debug|Any CPU.Build.0 = Debug|Any CPU
		{13B41E58-A2ED-4423-B986-EF0EC029932E}.Debug|Mixed Platforms.ActiveCfg = Debug|Any CPU
		{13B41E58-A2ED-4423-B986-EF0EC029932E}.Debug|Mixed Platforms.Build.0 = Debug|Any CPU
		{13B41E58-A2ED-4423-B986-EF0EC029932E}.Debug|x86.ActiveCfg = Debug|Any CPU
		{13B41E58-A2ED-4423-B986-EF0EC029932E}.Release|Any CPU.ActiveCfg = Release|Any CPU
		{13B41E58-A2ED-4423-B986-EF0EC029932E}.Release|Any CPU.Build.0 = Release|Any CPU
		{13B41E58-A2ED-4423-B986-EF0EC029932E}.Release|Mixed Platforms.ActiveCfg = Release|Any CPU
		{13B41E58-A2ED-4423-B986-EF0EC029932E}.Release|Mixed Platforms.Build.0 = Release|Any CPU
		{13B41E58-A2ED-4423-B986-EF0EC029932E}.Release|x86.ActiveCfg = Release|Any CPU
		{285A1652-0307-49B6-8A22-64B1CBC01661}.Debug|Any CPU.ActiveCfg = Debug|Any CPU
		{285A1652-0307-49B6-8A22-64B1CBC01661}.Debug|Any CPU.Build.0 = Debug|Any CPU
		{285A1652-0307-49B6-8A22-64B1CBC01661}.Debug|Mixed Platforms.ActiveCfg = Debug|Any CPU
		{285A1652-0307-49B6-8A22-64B1CBC01661}.Debug|Mixed Platforms.Build.0 = Debug|Any CPU
		{285A1652-0307-49B6-8A22-64B1CBC01661}.Debug|x86.ActiveCfg = Debug|Any CPU
		{285A1652-0307-49B6-8A22-64B1CBC01661}.Release|Any CPU.ActiveCfg = Release|Any CPU
		{285A1652-0307-49B6-8A22-64B1CBC01661}.Release|Any CPU.Build.0 = Release|Any CPU
		{285A1652-0307-49B6-8A22-64B1CBC01661}.Release|Mixed Platforms.ActiveCfg = Release|Any CPU
		{285A1652-0307-49B6-8A22-64B1CBC01661}.Release|Mixed Platforms.Build.0 = Release|Any CPU
		{285A1652-0307-49B6-8A22-64B1CBC01661}.Release|x86.ActiveCfg = Release|Any CPU
		{C9F7E022-1B56-47F4-80DF-A33591AD7ED2}.Debug|Any CPU.ActiveCfg = Debug|Any CPU
		{C9F7E022-1B56-47F4-80DF-A33591AD7ED2}.Debug|Any CPU.Build.0 = Debug|Any CPU
		{C9F7E022-1B56-47F4-80DF-A33591AD7ED2}.Debug|Mixed Platforms.ActiveCfg = Debug|Any CPU
		{C9F7E022-1B56-47F4-80DF-A33591AD7ED2}.Debug|Mixed Platforms.Build.0 = Debug|Any CPU
		{C9F7E022-1B56-47F4-80DF-A33591AD7ED2}.Debug|x86.ActiveCfg = Debug|Any CPU
		{C9F7E022-1B56-47F4-80DF-A33591AD7ED2}.Release|Any CPU.ActiveCfg = Release|Any CPU
		{C9F7E022-1B56-47F4-80DF-A33591AD7ED2}.Release|Any CPU.Build.0 = Release|Any CPU
		{C9F7E022-1B56-47F4-80DF-A33591AD7ED2}.Release|Mixed Platforms.ActiveCfg = Release|Any CPU
		{C9F7E022-1B56-47F4-80DF-A33591AD7ED2}.Release|Mixed Platforms.Build.0 = Release|Any CPU
		{C9F7E022-1B56-47F4-80DF-A33591AD7ED2}.Release|x86.ActiveCfg = Release|Any CPU
		{44644E74-1118-444E-B337-BEB5FA3F67DB}.Debug|Any CPU.ActiveCfg = Debug|x86
		{44644E74-1118-444E-B337-BEB5FA3F67DB}.Debug|Mixed Platforms.ActiveCfg = Debug|x86
		{44644E74-1118-444E-B337-BEB5FA3F67DB}.Debug|Mixed Platforms.Build.0 = Debug|x86
		{44644E74-1118-444E-B337-BEB5FA3F67DB}.Debug|x86.ActiveCfg = Debug|x86
		{44644E74-1118-444E-B337-BEB5FA3F67DB}.Debug|x86.Build.0 = Debug|x86
		{44644E74-1118-444E-B337-BEB5FA3F67DB}.Release|Any CPU.ActiveCfg = Release|x86
		{44644E74-1118-444E-B337-BEB5FA3F67DB}.Release|Mixed Platforms.ActiveCfg = Release|x86
		{44644E74-1118-444E-B337-BEB5FA3F67DB}.Release|Mixed Platforms.Build.0 = Release|x86
		{44644E74-1118-444E-B337-BEB5FA3F67DB}.Release|x86.ActiveCfg = Release|x86
		{44644E74-1118-444E-B337-BEB5FA3F67DB}.Release|x86.Build.0 = Release|x86
		{F9D779D2-A509-4FA7-B399-45215FFBDAD7}.Debug|Any CPU.ActiveCfg = Debug|x86
		{F9D779D2-A509-4FA7-B399-45215FFBDAD7}.Debug|Mixed Platforms.ActiveCfg = Debug|x86
		{F9D779D2-A509-4FA7-B399-45215FFBDAD7}.Debug|Mixed Platforms.Build.0 = Debug|x86
		{F9D779D2-A509-4FA7-B399-45215FFBDAD7}.Debug|x86.ActiveCfg = Debug|x86
		{F9D779D2-A509-4FA7-B399-45215FFBDAD7}.Debug|x86.Build.0 = Debug|x86
		{F9D779D2-A509-4FA7-B399-45215FFBDAD7}.Release|Any CPU.ActiveCfg = Release|x86
		{F9D779D2-A509-4FA7-B399-45215FFBDAD7}.Release|Mixed Platforms.ActiveCfg = Release|x86
		{F9D779D2-A509-4FA7-B399-45215FFBDAD7}.Release|Mixed Platforms.Build.0 = Release|x86
		{F9D779D2-A509-4FA7-B399-45215FFBDAD7}.Release|x86.ActiveCfg = Release|x86
		{F9D779D2-A509-4FA7-B399-45215FFBDAD7}.Release|x86.Build.0 = Release|x86
		{A9132C33-99DE-4780-BD39-99D7CF1E2345}.Debug|Any CPU.ActiveCfg = Debug|Any CPU
		{A9132C33-99DE-4780-BD39-99D7CF1E2345}.Debug|Any CPU.Build.0 = Debug|Any CPU
		{A9132C33-99DE-4780-BD39-99D7CF1E2345}.Debug|Mixed Platforms.ActiveCfg = Debug|Any CPU
		{A9132C33-99DE-4780-BD39-99D7CF1E2345}.Debug|Mixed Platforms.Build.0 = Debug|Any CPU
		{A9132C33-99DE-4780-BD39-99D7CF1E2345}.Debug|x86.ActiveCfg = Debug|Any CPU
		{A9132C33-99DE-4780-BD39-99D7CF1E2345}.Release|Any CPU.ActiveCfg = Release|Any CPU
		{A9132C33-99DE-4780-BD39-99D7CF1E2345}.Release|Any CPU.Build.0 = Release|Any CPU
		{A9132C33-99DE-4780-BD39-99D7CF1E2345}.Release|Mixed Platforms.ActiveCfg = Release|Any CPU
		{A9132C33-99DE-4780-BD39-99D7CF1E2345}.Release|Mixed Platforms.Build.0 = Release|Any CPU
		{A9132C33-99DE-4780-BD39-99D7CF1E2345}.Release|x86.ActiveCfg = Release|Any CPU
		{B751E60A-2285-4337-87DB-B68220C1F798}.Debug|Any CPU.ActiveCfg = Debug|Any CPU
		{B751E60A-2285-4337-87DB-B68220C1F798}.Debug|Any CPU.Build.0 = Debug|Any CPU
		{B751E60A-2285-4337-87DB-B68220C1F798}.Debug|Mixed Platforms.ActiveCfg = Debug|Any CPU
		{B751E60A-2285-4337-87DB-B68220C1F798}.Debug|Mixed Platforms.Build.0 = Debug|Any CPU
		{B751E60A-2285-4337-87DB-B68220C1F798}.Debug|x86.ActiveCfg = Debug|Any CPU
		{B751E60A-2285-4337-87DB-B68220C1F798}.Release|Any CPU.ActiveCfg = Release|Any CPU
		{B751E60A-2285-4337-87DB-B68220C1F798}.Release|Any CPU.Build.0 = Release|Any CPU
		{B751E60A-2285-4337-87DB-B68220C1F798}.Release|Mixed Platforms.ActiveCfg = Release|Any CPU
		{B751E60A-2285-4337-87DB-B68220C1F798}.Release|Mixed Platforms.Build.0 = Release|Any CPU
		{B751E60A-2285-4337-87DB-B68220C1F798}.Release|x86.ActiveCfg = Release|Any CPU
		{65E06D7C-F88B-45BE-8886-F9CFA514EC27}.Debug|Any CPU.ActiveCfg = Debug|Any CPU
		{65E06D7C-F88B-45BE-8886-F9CFA514EC27}.Debug|Any CPU.Build.0 = Debug|Any CPU
		{65E06D7C-F88B-45BE-8886-F9CFA514EC27}.Debug|Mixed Platforms.ActiveCfg = Debug|Any CPU
		{65E06D7C-F88B-45BE-8886-F9CFA514EC27}.Debug|Mixed Platforms.Build.0 = Debug|Any CPU
		{65E06D7C-F88B-45BE-8886-F9CFA514EC27}.Debug|x86.ActiveCfg = Debug|Any CPU
		{65E06D7C-F88B-45BE-8886-F9CFA514EC27}.Release|Any CPU.ActiveCfg = Release|Any CPU
		{65E06D7C-F88B-45BE-8886-F9CFA514EC27}.Release|Any CPU.Build.0 = Release|Any CPU
		{65E06D7C-F88B-45BE-8886-F9CFA514EC27}.Release|Mixed Platforms.ActiveCfg = Release|Any CPU
		{65E06D7C-F88B-45BE-8886-F9CFA514EC27}.Release|Mixed Platforms.Build.0 = Release|Any CPU
		{65E06D7C-F88B-45BE-8886-F9CFA514EC27}.Release|x86.ActiveCfg = Release|Any CPU
		{781CF2CC-231E-4948-AF40-1B87A46ED559}.Debug|Any CPU.ActiveCfg = Debug|Any CPU
		{781CF2CC-231E-4948-AF40-1B87A46ED559}.Debug|Any CPU.Build.0 = Debug|Any CPU
		{781CF2CC-231E-4948-AF40-1B87A46ED559}.Debug|Mixed Platforms.ActiveCfg = Debug|Any CPU
		{781CF2CC-231E-4948-AF40-1B87A46ED559}.Debug|Mixed Platforms.Build.0 = Debug|Any CPU
		{781CF2CC-231E-4948-AF40-1B87A46ED559}.Debug|x86.ActiveCfg = Debug|Any CPU
		{781CF2CC-231E-4948-AF40-1B87A46ED559}.Release|Any CPU.ActiveCfg = Release|Any CPU
		{781CF2CC-231E-4948-AF40-1B87A46ED559}.Release|Any CPU.Build.0 = Release|Any CPU
		{781CF2CC-231E-4948-AF40-1B87A46ED559}.Release|Mixed Platforms.ActiveCfg = Release|Any CPU
		{781CF2CC-231E-4948-AF40-1B87A46ED559}.Release|Mixed Platforms.Build.0 = Release|Any CPU
		{781CF2CC-231E-4948-AF40-1B87A46ED559}.Release|x86.ActiveCfg = Release|Any CPU
		{BDE45320-0EDB-4AF6-8782-C3983DD285C7}.Debug|Any CPU.ActiveCfg = Debug|Any CPU
		{BDE45320-0EDB-4AF6-8782-C3983DD285C7}.Debug|Any CPU.Build.0 = Debug|Any CPU
		{BDE45320-0EDB-4AF6-8782-C3983DD285C7}.Debug|Mixed Platforms.ActiveCfg = Debug|Any CPU
		{BDE45320-0EDB-4AF6-8782-C3983DD285C7}.Debug|Mixed Platforms.Build.0 = Debug|Any CPU
		{BDE45320-0EDB-4AF6-8782-C3983DD285C7}.Debug|x86.ActiveCfg = Debug|Any CPU
		{BDE45320-0EDB-4AF6-8782-C3983DD285C7}.Release|Any CPU.ActiveCfg = Release|Any CPU
		{BDE45320-0EDB-4AF6-8782-C3983DD285C7}.Release|Any CPU.Build.0 = Release|Any CPU
		{BDE45320-0EDB-4AF6-8782-C3983DD285C7}.Release|Mixed Platforms.ActiveCfg = Release|Any CPU
		{BDE45320-0EDB-4AF6-8782-C3983DD285C7}.Release|Mixed Platforms.Build.0 = Release|Any CPU
		{BDE45320-0EDB-4AF6-8782-C3983DD285C7}.Release|x86.ActiveCfg = Release|Any CPU
		{A2D2AA8F-A963-442D-AE52-F6543A375696}.Debug|Any CPU.ActiveCfg = Debug|Any CPU
		{A2D2AA8F-A963-442D-AE52-F6543A375696}.Debug|Any CPU.Build.0 = Debug|Any CPU
		{A2D2AA8F-A963-442D-AE52-F6543A375696}.Debug|Mixed Platforms.ActiveCfg = Debug|Any CPU
		{A2D2AA8F-A963-442D-AE52-F6543A375696}.Debug|Mixed Platforms.Build.0 = Debug|Any CPU
		{A2D2AA8F-A963-442D-AE52-F6543A375696}.Debug|x86.ActiveCfg = Debug|Any CPU
		{A2D2AA8F-A963-442D-AE52-F6543A375696}.Release|Any CPU.ActiveCfg = Release|Any CPU
		{A2D2AA8F-A963-442D-AE52-F6543A375696}.Release|Any CPU.Build.0 = Release|Any CPU
		{A2D2AA8F-A963-442D-AE52-F6543A375696}.Release|Mixed Platforms.ActiveCfg = Release|Any CPU
		{A2D2AA8F-A963-442D-AE52-F6543A375696}.Release|Mixed Platforms.Build.0 = Release|Any CPU
		{A2D2AA8F-A963-442D-AE52-F6543A375696}.Release|x86.ActiveCfg = Release|Any CPU
		{CC481432-5733-4103-A7C7-CCDC4C7049BB}.Debug|Any CPU.ActiveCfg = Debug|Any CPU
		{CC481432-5733-4103-A7C7-CCDC4C7049BB}.Debug|Any CPU.Build.0 = Debug|Any CPU
		{CC481432-5733-4103-A7C7-CCDC4C7049BB}.Debug|Mixed Platforms.ActiveCfg = Debug|Any CPU
		{CC481432-5733-4103-A7C7-CCDC4C7049BB}.Debug|Mixed Platforms.Build.0 = Debug|Any CPU
		{CC481432-5733-4103-A7C7-CCDC4C7049BB}.Debug|x86.ActiveCfg = Debug|Any CPU
		{CC481432-5733-4103-A7C7-CCDC4C7049BB}.Release|Any CPU.ActiveCfg = Release|Any CPU
		{CC481432-5733-4103-A7C7-CCDC4C7049BB}.Release|Any CPU.Build.0 = Release|Any CPU
		{CC481432-5733-4103-A7C7-CCDC4C7049BB}.Release|Mixed Platforms.ActiveCfg = Release|Any CPU
		{CC481432-5733-4103-A7C7-CCDC4C7049BB}.Release|Mixed Platforms.Build.0 = Release|Any CPU
		{CC481432-5733-4103-A7C7-CCDC4C7049BB}.Release|x86.ActiveCfg = Release|Any CPU
		{50819296-DB19-4B13-8EA7-8E4B45CB45BF}.Debug|Any CPU.ActiveCfg = Debug|Any CPU
		{50819296-DB19-4B13-8EA7-8E4B45CB45BF}.Debug|Any CPU.Build.0 = Debug|Any CPU
		{50819296-DB19-4B13-8EA7-8E4B45CB45BF}.Debug|Mixed Platforms.ActiveCfg = Debug|Any CPU
		{50819296-DB19-4B13-8EA7-8E4B45CB45BF}.Debug|Mixed Platforms.Build.0 = Debug|Any CPU
		{50819296-DB19-4B13-8EA7-8E4B45CB45BF}.Debug|x86.ActiveCfg = Debug|Any CPU
		{50819296-DB19-4B13-8EA7-8E4B45CB45BF}.Release|Any CPU.ActiveCfg = Release|Any CPU
		{50819296-DB19-4B13-8EA7-8E4B45CB45BF}.Release|Any CPU.Build.0 = Release|Any CPU
		{50819296-DB19-4B13-8EA7-8E4B45CB45BF}.Release|Mixed Platforms.ActiveCfg = Release|Any CPU
		{50819296-DB19-4B13-8EA7-8E4B45CB45BF}.Release|Mixed Platforms.Build.0 = Release|Any CPU
		{50819296-DB19-4B13-8EA7-8E4B45CB45BF}.Release|x86.ActiveCfg = Release|Any CPU
		{9595B8A7-722F-4D54-8142-7F64E0AAA5A8}.Debug|Any CPU.ActiveCfg = Debug|Any CPU
		{9595B8A7-722F-4D54-8142-7F64E0AAA5A8}.Debug|Any CPU.Build.0 = Debug|Any CPU
		{9595B8A7-722F-4D54-8142-7F64E0AAA5A8}.Debug|Mixed Platforms.ActiveCfg = Debug|Any CPU
		{9595B8A7-722F-4D54-8142-7F64E0AAA5A8}.Debug|Mixed Platforms.Build.0 = Debug|Any CPU
		{9595B8A7-722F-4D54-8142-7F64E0AAA5A8}.Debug|x86.ActiveCfg = Debug|Any CPU
		{9595B8A7-722F-4D54-8142-7F64E0AAA5A8}.Release|Any CPU.ActiveCfg = Release|Any CPU
		{9595B8A7-722F-4D54-8142-7F64E0AAA5A8}.Release|Any CPU.Build.0 = Release|Any CPU
		{9595B8A7-722F-4D54-8142-7F64E0AAA5A8}.Release|Mixed Platforms.ActiveCfg = Release|Any CPU
		{9595B8A7-722F-4D54-8142-7F64E0AAA5A8}.Release|Mixed Platforms.Build.0 = Release|Any CPU
		{9595B8A7-722F-4D54-8142-7F64E0AAA5A8}.Release|x86.ActiveCfg = Release|Any CPU
		{7866F157-5838-4392-A2F5-1C5494B84086}.Debug|Any CPU.ActiveCfg = Debug|Any CPU
		{7866F157-5838-4392-A2F5-1C5494B84086}.Debug|Any CPU.Build.0 = Debug|Any CPU
		{7866F157-5838-4392-A2F5-1C5494B84086}.Debug|Mixed Platforms.ActiveCfg = Debug|Any CPU
		{7866F157-5838-4392-A2F5-1C5494B84086}.Debug|Mixed Platforms.Build.0 = Debug|Any CPU
		{7866F157-5838-4392-A2F5-1C5494B84086}.Debug|x86.ActiveCfg = Debug|Any CPU
		{7866F157-5838-4392-A2F5-1C5494B84086}.Release|Any CPU.ActiveCfg = Release|Any CPU
		{7866F157-5838-4392-A2F5-1C5494B84086}.Release|Any CPU.Build.0 = Release|Any CPU
		{7866F157-5838-4392-A2F5-1C5494B84086}.Release|Mixed Platforms.ActiveCfg = Release|Any CPU
		{7866F157-5838-4392-A2F5-1C5494B84086}.Release|Mixed Platforms.Build.0 = Release|Any CPU
		{7866F157-5838-4392-A2F5-1C5494B84086}.Release|x86.ActiveCfg = Release|Any CPU
	EndGlobalSection
	GlobalSection(SolutionProperties) = preSolution
		HideSolutionNode = FALSE
	EndGlobalSection
	GlobalSection(NestedProjects) = preSolution
		{F8C6FFCD-C814-46D3-AC79-7D36C4D614DE} = {E70E7B68-B67E-4A6B-AA43-5C8DD38686DC}
		{07F81CED-6B5E-48B2-A935-81C289E995C8} = {E70E7B68-B67E-4A6B-AA43-5C8DD38686DC}
		{33CCC542-0C41-4230-BEEC-9A09B4B2267A} = {E70E7B68-B67E-4A6B-AA43-5C8DD38686DC}
		{3830FB7B-9AB1-4DCB-816F-4A7CC10ACC3D} = {E70E7B68-B67E-4A6B-AA43-5C8DD38686DC}
		{7A235DAF-F174-4388-80B7-D6A92B4C84E1} = {E70E7B68-B67E-4A6B-AA43-5C8DD38686DC}
		{67D54A68-A287-4797-9667-ACCBF9683119} = {6685A8B7-9331-4950-A189-8D4CAD5B00FB}
		{A479105C-717B-4500-8FFC-B3D12BEEF13E} = {6685A8B7-9331-4950-A189-8D4CAD5B00FB}
		{9BC524A0-83F9-4864-A1E5-F93EB7DDAF8A} = {6685A8B7-9331-4950-A189-8D4CAD5B00FB}
		{A9132C33-99DE-4780-BD39-99D7CF1E2345} = {6685A8B7-9331-4950-A189-8D4CAD5B00FB}
		{ECCD3814-F5C6-411F-8F3E-FCC2FC346E29} = {C0329934-0922-4B83-8C9F-B573CA14B8A1}
		{045F9F82-B22A-4083-A978-51552906E813} = {C0329934-0922-4B83-8C9F-B573CA14B8A1}
		{5CA8754C-8D71-420A-BA16-A795F11D317D} = {C0329934-0922-4B83-8C9F-B573CA14B8A1}
		{13B41E58-A2ED-4423-B986-EF0EC029932E} = {C0329934-0922-4B83-8C9F-B573CA14B8A1}
		{B751E60A-2285-4337-87DB-B68220C1F798} = {C0329934-0922-4B83-8C9F-B573CA14B8A1}
		{B57DB265-7B82-4C9A-AB06-28D2B420F89A} = {667590DA-FA9C-4B18-9437-89049B7D987A}
		{353D4028-64A3-4D6D-A32B-89ECD5C85915} = {667590DA-FA9C-4B18-9437-89049B7D987A}
		{B71DA8DD-EC3F-4408-92F6-02BA6D96253E} = {667590DA-FA9C-4B18-9437-89049B7D987A}
		{C4342C25-B333-4AB8-B8CD-A9541DD83CF1} = {667590DA-FA9C-4B18-9437-89049B7D987A}
		{A6533E15-A64B-44E9-87B4-7B1372302FF9} = {B57DB265-7B82-4C9A-AB06-28D2B420F89A}
		{EB143A15-9C0F-43CA-9419-BEC75C6D3A4D} = {B57DB265-7B82-4C9A-AB06-28D2B420F89A}
		{479D5D9F-394D-4635-953D-DA0078211320} = {B57DB265-7B82-4C9A-AB06-28D2B420F89A}
		{C097B6AB-F4E6-47E3-BC0C-5153B13AEC26} = {B57DB265-7B82-4C9A-AB06-28D2B420F89A}
		{521E3997-5583-4848-80FB-F0095B27E288} = {353D4028-64A3-4D6D-A32B-89ECD5C85915}
		{A2C1DAA3-81A0-4555-8F6E-495C25B754E5} = {353D4028-64A3-4D6D-A32B-89ECD5C85915}
		{12704CED-DA46-418B-BF4C-81D6FC14BDCA} = {353D4028-64A3-4D6D-A32B-89ECD5C85915}
		{F5A06B77-A59B-4449-862C-907A1085B59D} = {353D4028-64A3-4D6D-A32B-89ECD5C85915}
		{285A1652-0307-49B6-8A22-64B1CBC01661} = {353D4028-64A3-4D6D-A32B-89ECD5C85915}
		{072EFBD3-E6F1-4471-89E8-C0BA5F77C050} = {B71DA8DD-EC3F-4408-92F6-02BA6D96253E}
		{8550269A-AC03-4D05-91F3-043973FA56DE} = {B71DA8DD-EC3F-4408-92F6-02BA6D96253E}
		{E94096B6-36C3-49EA-B580-06DB182C9F7D} = {B71DA8DD-EC3F-4408-92F6-02BA6D96253E}
		{3754DC54-5B50-4F1D-9F0F-5B9132287E52} = {C4342C25-B333-4AB8-B8CD-A9541DD83CF1}
		{7F2B4D5B-884D-4B57-9D8D-AFB64B867869} = {F5DF7EFC-25E2-4E4A-B952-256FA4CD45D7}
		{DE858B80-AD75-491D-9552-0B46E1F7C8EC} = {F5DF7EFC-25E2-4E4A-B952-256FA4CD45D7}
		{C9F7E022-1B56-47F4-80DF-A33591AD7ED2} = {A7AAB5CF-4785-4DAF-A77A-94162B40BDD0}
		{74AA33D3-E5E1-470F-A289-05C83540DE7A} = {3830FB7B-9AB1-4DCB-816F-4A7CC10ACC3D}
		{12691B81-92AC-43B5-BD26-D8ACF28C6130} = {3830FB7B-9AB1-4DCB-816F-4A7CC10ACC3D}
		{F9D779D2-A509-4FA7-B399-45215FFBDAD7} = {74AA33D3-E5E1-470F-A289-05C83540DE7A}
		{44644E74-1118-444E-B337-BEB5FA3F67DB} = {74AA33D3-E5E1-470F-A289-05C83540DE7A}
		{9595B8A7-722F-4D54-8142-7F64E0AAA5A8} = {74AA33D3-E5E1-470F-A289-05C83540DE7A}
		{246C6B54-4B69-4A81-B62E-FC4332F8C812} = {7A235DAF-F174-4388-80B7-D6A92B4C84E1}
		{65E06D7C-F88B-45BE-8886-F9CFA514EC27} = {246C6B54-4B69-4A81-B62E-FC4332F8C812}
		{781CF2CC-231E-4948-AF40-1B87A46ED559} = {246C6B54-4B69-4A81-B62E-FC4332F8C812}
		{BDE45320-0EDB-4AF6-8782-C3983DD285C7} = {246C6B54-4B69-4A81-B62E-FC4332F8C812}
		{A2D2AA8F-A963-442D-AE52-F6543A375696} = {246C6B54-4B69-4A81-B62E-FC4332F8C812}
		{CC481432-5733-4103-A7C7-CCDC4C7049BB} = {246C6B54-4B69-4A81-B62E-FC4332F8C812}
		{50819296-DB19-4B13-8EA7-8E4B45CB45BF} = {12691B81-92AC-43B5-BD26-D8ACF28C6130}
		{7866F157-5838-4392-A2F5-1C5494B84086} = {12691B81-92AC-43B5-BD26-D8ACF28C6130}
	EndGlobalSection
EndGlobal
