
Microsoft Visual Studio Solution File, Format Version 11.00
# Visual Studio 2010
Project("{2150E333-8FDC-42A3-9474-1A3956D46DE8}") = "Core", "Core", "{19C4F33E-D073-4F0C-A9EC-EC3B1E47B068}"
EndProject
Project("{FAE04EC0-301F-11D3-BF4B-00C04F79EFBC}") = "Apex", "..\Core\Apex\Apex.csproj", "{67D54A68-A287-4797-9667-ACCBF9683119}"
EndProject
Project("{FAE04EC0-301F-11D3-BF4B-00C04F79EFBC}") = "Apex.Silverlight", "..\Core\Apex.Silverlight\Apex.Silverlight.csproj", "{A68B362C-73EC-4AC7-844F-CC3AB38BDD7A}"
EndProject
Project("{FAE04EC0-301F-11D3-BF4B-00C04F79EFBC}") = "Apex.WinForms", "..\Core\Apex.WinForms\Apex.WinForms.csproj", "{A479105C-717B-4500-8FFC-B3D12BEEF13E}"
EndProject
Project("{2150E333-8FDC-42A3-9474-1A3956D46DE8}") = "WPF", "WPF", "{056BF666-277C-4CC0-85FA-F1C4FED65FED}"
EndProject
Project("{FAE04EC0-301F-11D3-BF4B-00C04F79EFBC}") = "MVVMSample", "WPF\MVVMSample\MVVMSample.csproj", "{479D5D9F-394D-4635-953D-DA0078211320}"
EndProject
Project("{FAE04EC0-301F-11D3-BF4B-00C04F79EFBC}") = "ControlsSample", "WPF\ControlsSample\ControlsSample.csproj", "{A6533E15-A64B-44E9-87B4-7B1372302FF9}"
EndProject
Project("{FAE04EC0-301F-11D3-BF4B-00C04F79EFBC}") = "DragAndDropSample", "WPF\DragAndDropSample\DragAndDropSample.csproj", "{EB143A15-9C0F-43CA-9419-BEC75C6D3A4D}"
EndProject
Global
	GlobalSection(TeamFoundationVersionControl) = preSolution
		SccNumberOfProjects = 7
		SccEnterpriseProvider = {4CA58AB2-18FA-4F8D-95D4-32DDF27D184C}
		SccTeamFoundationServer = https://tfs.codeplex.com/tfs/tfs33
		SccLocalPath0 = .
		SccProjectUniqueName1 = ..\\Core\\Apex\\Apex.csproj
		SccProjectTopLevelParentUniqueName1 = Samples.sln
		SccProjectName1 = ../Core/Apex
		SccLocalPath1 = ..\\Core\\Apex
		SccProjectUniqueName2 = ..\\Core\\Apex.Silverlight\\Apex.Silverlight.csproj
		SccProjectTopLevelParentUniqueName2 = Samples.sln
		SccProjectName2 = ../Core/Apex.Silverlight
		SccLocalPath2 = ..\\Core\\Apex.Silverlight
		SccProjectUniqueName3 = ..\\Core\\Apex.WinForms\\Apex.WinForms.csproj
		SccProjectTopLevelParentUniqueName3 = Samples.sln
		SccProjectName3 = ../Core/Apex.WinForms
		SccLocalPath3 = ..\\Core\\Apex.WinForms
		SccProjectUniqueName4 = WPF\\MVVMSample\\MVVMSample.csproj
		SccProjectTopLevelParentUniqueName4 = Samples.sln
		SccProjectName4 = WPF/MVVMSample
		SccLocalPath4 = WPF\\MVVMSample
		SccProjectUniqueName5 = WPF\\ControlsSample\\ControlsSample.csproj
		SccProjectTopLevelParentUniqueName5 = Samples.sln
		SccProjectName5 = WPF/ControlsSample
		SccLocalPath5 = WPF\\ControlsSample
		SccProjectUniqueName6 = WPF\\DragAndDropSample\\DragAndDropSample.csproj
		SccProjectTopLevelParentUniqueName6 = Samples.sln
		SccProjectName6 = WPF/DragAndDropSample
		SccLocalPath6 = WPF\\DragAndDropSample
	EndGlobalSection
	GlobalSection(SolutionConfigurationPlatforms) = preSolution
		Debug|Any CPU = Debug|Any CPU
		Debug|Mixed Platforms = Debug|Mixed Platforms
		Debug|x86 = Debug|x86
		Release|Any CPU = Release|Any CPU
		Release|Mixed Platforms = Release|Mixed Platforms
		Release|x86 = Release|x86
	EndGlobalSection
	GlobalSection(ProjectConfigurationPlatforms) = postSolution
		{67D54A68-A287-4797-9667-ACCBF9683119}.Debug|Any CPU.ActiveCfg = Debug|Any CPU
		{67D54A68-A287-4797-9667-ACCBF9683119}.Debug|Any CPU.Build.0 = Debug|Any CPU
		{67D54A68-A287-4797-9667-ACCBF9683119}.Debug|Mixed Platforms.ActiveCfg = Debug|Any CPU
		{67D54A68-A287-4797-9667-ACCBF9683119}.Debug|Mixed Platforms.Build.0 = Debug|Any CPU
		{67D54A68-A287-4797-9667-ACCBF9683119}.Debug|x86.ActiveCfg = Debug|Any CPU
		{67D54A68-A287-4797-9667-ACCBF9683119}.Release|Any CPU.ActiveCfg = Release|Any CPU
		{67D54A68-A287-4797-9667-ACCBF9683119}.Release|Any CPU.Build.0 = Release|Any CPU
		{67D54A68-A287-4797-9667-ACCBF9683119}.Release|Mixed Platforms.ActiveCfg = Release|Any CPU
		{67D54A68-A287-4797-9667-ACCBF9683119}.Release|Mixed Platforms.Build.0 = Release|Any CPU
		{67D54A68-A287-4797-9667-ACCBF9683119}.Release|x86.ActiveCfg = Release|Any CPU
		{A68B362C-73EC-4AC7-844F-CC3AB38BDD7A}.Debug|Any CPU.ActiveCfg = Debug|Any CPU
		{A68B362C-73EC-4AC7-844F-CC3AB38BDD7A}.Debug|Any CPU.Build.0 = Debug|Any CPU
		{A68B362C-73EC-4AC7-844F-CC3AB38BDD7A}.Debug|Mixed Platforms.ActiveCfg = Debug|Any CPU
		{A68B362C-73EC-4AC7-844F-CC3AB38BDD7A}.Debug|Mixed Platforms.Build.0 = Debug|Any CPU
		{A68B362C-73EC-4AC7-844F-CC3AB38BDD7A}.Debug|x86.ActiveCfg = Debug|Any CPU
		{A68B362C-73EC-4AC7-844F-CC3AB38BDD7A}.Release|Any CPU.ActiveCfg = Release|Any CPU
		{A68B362C-73EC-4AC7-844F-CC3AB38BDD7A}.Release|Any CPU.Build.0 = Release|Any CPU
		{A68B362C-73EC-4AC7-844F-CC3AB38BDD7A}.Release|Mixed Platforms.ActiveCfg = Release|Any CPU
		{A68B362C-73EC-4AC7-844F-CC3AB38BDD7A}.Release|Mixed Platforms.Build.0 = Release|Any CPU
		{A68B362C-73EC-4AC7-844F-CC3AB38BDD7A}.Release|x86.ActiveCfg = Release|Any CPU
		{A479105C-717B-4500-8FFC-B3D12BEEF13E}.Debug|Any CPU.ActiveCfg = Debug|Any CPU
		{A479105C-717B-4500-8FFC-B3D12BEEF13E}.Debug|Any CPU.Build.0 = Debug|Any CPU
		{A479105C-717B-4500-8FFC-B3D12BEEF13E}.Debug|Mixed Platforms.ActiveCfg = Debug|Any CPU
		{A479105C-717B-4500-8FFC-B3D12BEEF13E}.Debug|Mixed Platforms.Build.0 = Debug|Any CPU
		{A479105C-717B-4500-8FFC-B3D12BEEF13E}.Debug|x86.ActiveCfg = Debug|Any CPU
		{A479105C-717B-4500-8FFC-B3D12BEEF13E}.Release|Any CPU.ActiveCfg = Release|Any CPU
		{A479105C-717B-4500-8FFC-B3D12BEEF13E}.Release|Any CPU.Build.0 = Release|Any CPU
		{A479105C-717B-4500-8FFC-B3D12BEEF13E}.Release|Mixed Platforms.ActiveCfg = Release|Any CPU
		{A479105C-717B-4500-8FFC-B3D12BEEF13E}.Release|Mixed Platforms.Build.0 = Release|Any CPU
		{A479105C-717B-4500-8FFC-B3D12BEEF13E}.Release|x86.ActiveCfg = Release|Any CPU
		{479D5D9F-394D-4635-953D-DA0078211320}.Debug|Any CPU.ActiveCfg = Debug|x86
		{479D5D9F-394D-4635-953D-DA0078211320}.Debug|Mixed Platforms.ActiveCfg = Debug|x86
		{479D5D9F-394D-4635-953D-DA0078211320}.Debug|Mixed Platforms.Build.0 = Debug|x86
		{479D5D9F-394D-4635-953D-DA0078211320}.Debug|x86.ActiveCfg = Debug|x86
		{479D5D9F-394D-4635-953D-DA0078211320}.Debug|x86.Build.0 = Debug|x86
		{479D5D9F-394D-4635-953D-DA0078211320}.Release|Any CPU.ActiveCfg = Release|x86
		{479D5D9F-394D-4635-953D-DA0078211320}.Release|Mixed Platforms.ActiveCfg = Release|x86
		{479D5D9F-394D-4635-953D-DA0078211320}.Release|Mixed Platforms.Build.0 = Release|x86
		{479D5D9F-394D-4635-953D-DA0078211320}.Release|x86.ActiveCfg = Release|x86
		{479D5D9F-394D-4635-953D-DA0078211320}.Release|x86.Build.0 = Release|x86
		{A6533E15-A64B-44E9-87B4-7B1372302FF9}.Debug|Any CPU.ActiveCfg = Debug|x86
		{A6533E15-A64B-44E9-87B4-7B1372302FF9}.Debug|Mixed Platforms.ActiveCfg = Debug|x86
		{A6533E15-A64B-44E9-87B4-7B1372302FF9}.Debug|Mixed Platforms.Build.0 = Debug|x86
		{A6533E15-A64B-44E9-87B4-7B1372302FF9}.Debug|x86.ActiveCfg = Debug|x86
		{A6533E15-A64B-44E9-87B4-7B1372302FF9}.Debug|x86.Build.0 = Debug|x86
		{A6533E15-A64B-44E9-87B4-7B1372302FF9}.Release|Any CPU.ActiveCfg = Release|x86
		{A6533E15-A64B-44E9-87B4-7B1372302FF9}.Release|Mixed Platforms.ActiveCfg = Release|x86
		{A6533E15-A64B-44E9-87B4-7B1372302FF9}.Release|Mixed Platforms.Build.0 = Release|x86
		{A6533E15-A64B-44E9-87B4-7B1372302FF9}.Release|x86.ActiveCfg = Release|x86
		{A6533E15-A64B-44E9-87B4-7B1372302FF9}.Release|x86.Build.0 = Release|x86
		{EB143A15-9C0F-43CA-9419-BEC75C6D3A4D}.Debug|Any CPU.ActiveCfg = Debug|x86
		{EB143A15-9C0F-43CA-9419-BEC75C6D3A4D}.Debug|Mixed Platforms.ActiveCfg = Debug|x86
		{EB143A15-9C0F-43CA-9419-BEC75C6D3A4D}.Debug|Mixed Platforms.Build.0 = Debug|x86
		{EB143A15-9C0F-43CA-9419-BEC75C6D3A4D}.Debug|x86.ActiveCfg = Debug|x86
		{EB143A15-9C0F-43CA-9419-BEC75C6D3A4D}.Debug|x86.Build.0 = Debug|x86
		{EB143A15-9C0F-43CA-9419-BEC75C6D3A4D}.Release|Any CPU.ActiveCfg = Release|x86
		{EB143A15-9C0F-43CA-9419-BEC75C6D3A4D}.Release|Mixed Platforms.ActiveCfg = Release|x86
		{EB143A15-9C0F-43CA-9419-BEC75C6D3A4D}.Release|Mixed Platforms.Build.0 = Release|x86
		{EB143A15-9C0F-43CA-9419-BEC75C6D3A4D}.Release|x86.ActiveCfg = Release|x86
		{EB143A15-9C0F-43CA-9419-BEC75C6D3A4D}.Release|x86.Build.0 = Release|x86
	EndGlobalSection
	GlobalSection(SolutionProperties) = preSolution
		HideSolutionNode = FALSE
	EndGlobalSection
	GlobalSection(NestedProjects) = preSolution
		{67D54A68-A287-4797-9667-ACCBF9683119} = {19C4F33E-D073-4F0C-A9EC-EC3B1E47B068}
		{A68B362C-73EC-4AC7-844F-CC3AB38BDD7A} = {19C4F33E-D073-4F0C-A9EC-EC3B1E47B068}
		{A479105C-717B-4500-8FFC-B3D12BEEF13E} = {19C4F33E-D073-4F0C-A9EC-EC3B1E47B068}
		{479D5D9F-394D-4635-953D-DA0078211320} = {056BF666-277C-4CC0-85FA-F1C4FED65FED}
		{A6533E15-A64B-44E9-87B4-7B1372302FF9} = {056BF666-277C-4CC0-85FA-F1C4FED65FED}
		{EB143A15-9C0F-43CA-9419-BEC75C6D3A4D} = {056BF666-277C-4CC0-85FA-F1C4FED65FED}
	EndGlobalSection
EndGlobal
